{
    "version": 3,
    "terraform_version": "0.9.4",
    "serial": 0,
    "lineage": "b68f3138-2d81-485c-9911-6148601fde70",
    "modules": [
        {
            "path": [
                "root"
            ],
            "outputs": {},
            "resources": {
                "azurerm_public_ip.linux.0": {
                    "type": "azurerm_public_ip",
                    "depends_on": [
                        "azurerm_resource_group.global"
                    ],
                    "primary": {
                        "id": "/subscriptions/d5d89bd9-4ef0-4187-a4ed-5de123bd9520/resourceGroups/mike-pa/providers/Microsoft.Network/publicIPAddresses/lin-01-publicip",
                        "attributes": {
                            "domain_name_label": "pa-lin-01",
                            "fqdn": "pa-lin-01.westus2.cloudapp.azure.com",
                            "id": "/subscriptions/d5d89bd9-4ef0-4187-a4ed-5de123bd9520/resourceGroups/mike-pa/providers/Microsoft.Network/publicIPAddresses/lin-01-publicip",
                            "idle_timeout_in_minutes": "30",
                            "location": "westus2",
                            "name": "lin-01-publicip",
                            "public_ip_address_allocation": "dynamic",
                            "resource_group_name": "mike-pa",
                            "tags.%": "0"
                        },
                        "meta": {},
                        "tainted": false
                    },
                    "deposed": [],
                    "provider": ""
                },
                "azurerm_public_ip.linux.1": {
                    "type": "azurerm_public_ip",
                    "depends_on": [
                        "azurerm_resource_group.global"
                    ],
                    "primary": {
                        "id": "/subscriptions/d5d89bd9-4ef0-4187-a4ed-5de123bd9520/resourceGroups/mike-pa/providers/Microsoft.Network/publicIPAddresses/lin-02-publicip",
                        "attributes": {
                            "domain_name_label": "pa-lin-02",
                            "fqdn": "pa-lin-02.westus2.cloudapp.azure.com",
                            "id": "/subscriptions/d5d89bd9-4ef0-4187-a4ed-5de123bd9520/resourceGroups/mike-pa/providers/Microsoft.Network/publicIPAddresses/lin-02-publicip",
                            "idle_timeout_in_minutes": "30",
                            "location": "westus2",
                            "name": "lin-02-publicip",
                            "public_ip_address_allocation": "dynamic",
                            "resource_group_name": "mike-pa",
                            "tags.%": "0"
                        },
                        "meta": {},
                        "tainted": false
                    },
                    "deposed": [],
                    "provider": ""
                },
                "azurerm_public_ip.linux.10": {
                    "type": "azurerm_public_ip",
                    "depends_on": [
                        "azurerm_resource_group.global"
                    ],
                    "primary": {
                        "id": "/subscriptions/d5d89bd9-4ef0-4187-a4ed-5de123bd9520/resourceGroups/mike-pa/providers/Microsoft.Network/publicIPAddresses/lin-11-publicip",
                        "attributes": {
                            "domain_name_label": "pa-lin-11",
                            "fqdn": "pa-lin-11.westus2.cloudapp.azure.com",
                            "id": "/subscriptions/d5d89bd9-4ef0-4187-a4ed-5de123bd9520/resourceGroups/mike-pa/providers/Microsoft.Network/publicIPAddresses/lin-11-publicip",
                            "idle_timeout_in_minutes": "30",
                            "location": "westus2",
                            "name": "lin-11-publicip",
                            "public_ip_address_allocation": "dynamic",
                            "resource_group_name": "mike-pa",
                            "tags.%": "0"
                        },
                        "meta": {},
                        "tainted": false
                    },
                    "deposed": [],
                    "provider": ""
                },
                "azurerm_public_ip.linux.11": {
                    "type": "azurerm_public_ip",
                    "depends_on": [
                        "azurerm_resource_group.global"
                    ],
                    "primary": {
                        "id": "/subscriptions/d5d89bd9-4ef0-4187-a4ed-5de123bd9520/resourceGroups/mike-pa/providers/Microsoft.Network/publicIPAddresses/lin-12-publicip",
                        "attributes": {
                            "domain_name_label": "pa-lin-12",
                            "fqdn": "pa-lin-12.westus2.cloudapp.azure.com",
                            "id": "/subscriptions/d5d89bd9-4ef0-4187-a4ed-5de123bd9520/resourceGroups/mike-pa/providers/Microsoft.Network/publicIPAddresses/lin-12-publicip",
                            "idle_timeout_in_minutes": "30",
                            "location": "westus2",
                            "name": "lin-12-publicip",
                            "public_ip_address_allocation": "dynamic",
                            "resource_group_name": "mike-pa",
                            "tags.%": "0"
                        },
                        "meta": {},
                        "tainted": false
                    },
                    "deposed": [],
                    "provider": ""
                },
                "azurerm_public_ip.linux.12": {
                    "type": "azurerm_public_ip",
                    "depends_on": [
                        "azurerm_resource_group.global"
                    ],
                    "primary": {
                        "id": "/subscriptions/d5d89bd9-4ef0-4187-a4ed-5de123bd9520/resourceGroups/mike-pa/providers/Microsoft.Network/publicIPAddresses/lin-13-publicip",
                        "attributes": {
                            "domain_name_label": "pa-lin-13",
                            "fqdn": "pa-lin-13.westus2.cloudapp.azure.com",
                            "id": "/subscriptions/d5d89bd9-4ef0-4187-a4ed-5de123bd9520/resourceGroups/mike-pa/providers/Microsoft.Network/publicIPAddresses/lin-13-publicip",
                            "idle_timeout_in_minutes": "30",
                            "location": "westus2",
                            "name": "lin-13-publicip",
                            "public_ip_address_allocation": "dynamic",
                            "resource_group_name": "mike-pa",
                            "tags.%": "0"
                        },
                        "meta": {},
                        "tainted": false
                    },
                    "deposed": [],
                    "provider": ""
                },
                "azurerm_public_ip.linux.13": {
                    "type": "azurerm_public_ip",
                    "depends_on": [
                        "azurerm_resource_group.global"
                    ],
                    "primary": {
                        "id": "/subscriptions/d5d89bd9-4ef0-4187-a4ed-5de123bd9520/resourceGroups/mike-pa/providers/Microsoft.Network/publicIPAddresses/lin-14-publicip",
                        "attributes": {
                            "domain_name_label": "pa-lin-14",
                            "fqdn": "pa-lin-14.westus2.cloudapp.azure.com",
                            "id": "/subscriptions/d5d89bd9-4ef0-4187-a4ed-5de123bd9520/resourceGroups/mike-pa/providers/Microsoft.Network/publicIPAddresses/lin-14-publicip",
                            "idle_timeout_in_minutes": "30",
                            "location": "westus2",
                            "name": "lin-14-publicip",
                            "public_ip_address_allocation": "dynamic",
                            "resource_group_name": "mike-pa",
                            "tags.%": "0"
                        },
                        "meta": {},
                        "tainted": false
                    },
                    "deposed": [],
                    "provider": ""
                },
                "azurerm_public_ip.linux.14": {
                    "type": "azurerm_public_ip",
                    "depends_on": [
                        "azurerm_resource_group.global"
                    ],
                    "primary": {
                        "id": "/subscriptions/d5d89bd9-4ef0-4187-a4ed-5de123bd9520/resourceGroups/mike-pa/providers/Microsoft.Network/publicIPAddresses/lin-15-publicip",
                        "attributes": {
                            "domain_name_label": "pa-lin-15",
                            "fqdn": "pa-lin-15.westus2.cloudapp.azure.com",
                            "id": "/subscriptions/d5d89bd9-4ef0-4187-a4ed-5de123bd9520/resourceGroups/mike-pa/providers/Microsoft.Network/publicIPAddresses/lin-15-publicip",
                            "idle_timeout_in_minutes": "30",
                            "location": "westus2",
                            "name": "lin-15-publicip",
                            "public_ip_address_allocation": "dynamic",
                            "resource_group_name": "mike-pa",
                            "tags.%": "0"
                        },
                        "meta": {},
                        "tainted": false
                    },
                    "deposed": [],
                    "provider": ""
                },
                "azurerm_public_ip.linux.15": {
                    "type": "azurerm_public_ip",
                    "depends_on": [
                        "azurerm_resource_group.global"
                    ],
                    "primary": {
                        "id": "/subscriptions/d5d89bd9-4ef0-4187-a4ed-5de123bd9520/resourceGroups/mike-pa/providers/Microsoft.Network/publicIPAddresses/lin-16-publicip",
                        "attributes": {
                            "domain_name_label": "pa-lin-16",
                            "fqdn": "pa-lin-16.westus2.cloudapp.azure.com",
                            "id": "/subscriptions/d5d89bd9-4ef0-4187-a4ed-5de123bd9520/resourceGroups/mike-pa/providers/Microsoft.Network/publicIPAddresses/lin-16-publicip",
                            "idle_timeout_in_minutes": "30",
                            "location": "westus2",
                            "name": "lin-16-publicip",
                            "public_ip_address_allocation": "dynamic",
                            "resource_group_name": "mike-pa",
                            "tags.%": "0"
                        },
                        "meta": {},
                        "tainted": false
                    },
                    "deposed": [],
                    "provider": ""
                },
                "azurerm_public_ip.linux.16": {
                    "type": "azurerm_public_ip",
                    "depends_on": [
                        "azurerm_resource_group.global"
                    ],
                    "primary": {
                        "id": "/subscriptions/d5d89bd9-4ef0-4187-a4ed-5de123bd9520/resourceGroups/mike-pa/providers/Microsoft.Network/publicIPAddresses/lin-17-publicip",
                        "attributes": {
                            "domain_name_label": "pa-lin-17",
                            "fqdn": "pa-lin-17.westus2.cloudapp.azure.com",
                            "id": "/subscriptions/d5d89bd9-4ef0-4187-a4ed-5de123bd9520/resourceGroups/mike-pa/providers/Microsoft.Network/publicIPAddresses/lin-17-publicip",
                            "idle_timeout_in_minutes": "30",
                            "location": "westus2",
                            "name": "lin-17-publicip",
                            "public_ip_address_allocation": "dynamic",
                            "resource_group_name": "mike-pa",
                            "tags.%": "0"
                        },
                        "meta": {},
                        "tainted": false
                    },
                    "deposed": [],
                    "provider": ""
                },
                "azurerm_public_ip.linux.17": {
                    "type": "azurerm_public_ip",
                    "depends_on": [
                        "azurerm_resource_group.global"
                    ],
                    "primary": {
                        "id": "/subscriptions/d5d89bd9-4ef0-4187-a4ed-5de123bd9520/resourceGroups/mike-pa/providers/Microsoft.Network/publicIPAddresses/lin-18-publicip",
                        "attributes": {
                            "domain_name_label": "pa-lin-18",
                            "fqdn": "pa-lin-18.westus2.cloudapp.azure.com",
                            "id": "/subscriptions/d5d89bd9-4ef0-4187-a4ed-5de123bd9520/resourceGroups/mike-pa/providers/Microsoft.Network/publicIPAddresses/lin-18-publicip",
                            "idle_timeout_in_minutes": "30",
                            "location": "westus2",
                            "name": "lin-18-publicip",
                            "public_ip_address_allocation": "dynamic",
                            "resource_group_name": "mike-pa",
                            "tags.%": "0"
                        },
                        "meta": {},
                        "tainted": false
                    },
                    "deposed": [],
                    "provider": ""
                },
                "azurerm_public_ip.linux.18": {
                    "type": "azurerm_public_ip",
                    "depends_on": [
                        "azurerm_resource_group.global"
                    ],
                    "primary": {
                        "id": "/subscriptions/d5d89bd9-4ef0-4187-a4ed-5de123bd9520/resourceGroups/mike-pa/providers/Microsoft.Network/publicIPAddresses/lin-19-publicip",
                        "attributes": {
                            "domain_name_label": "pa-lin-19",
                            "fqdn": "pa-lin-19.westus2.cloudapp.azure.com",
                            "id": "/subscriptions/d5d89bd9-4ef0-4187-a4ed-5de123bd9520/resourceGroups/mike-pa/providers/Microsoft.Network/publicIPAddresses/lin-19-publicip",
                            "idle_timeout_in_minutes": "30",
                            "location": "westus2",
                            "name": "lin-19-publicip",
                            "public_ip_address_allocation": "dynamic",
                            "resource_group_name": "mike-pa",
                            "tags.%": "0"
                        },
                        "meta": {},
                        "tainted": false
                    },
                    "deposed": [],
                    "provider": ""
                },
                "azurerm_public_ip.linux.19": {
                    "type": "azurerm_public_ip",
                    "depends_on": [
                        "azurerm_resource_group.global"
                    ],
                    "primary": {
                        "id": "/subscriptions/d5d89bd9-4ef0-4187-a4ed-5de123bd9520/resourceGroups/mike-pa/providers/Microsoft.Network/publicIPAddresses/lin-20-publicip",
                        "attributes": {
                            "domain_name_label": "pa-lin-20",
                            "fqdn": "pa-lin-20.westus2.cloudapp.azure.com",
                            "id": "/subscriptions/d5d89bd9-4ef0-4187-a4ed-5de123bd9520/resourceGroups/mike-pa/providers/Microsoft.Network/publicIPAddresses/lin-20-publicip",
                            "idle_timeout_in_minutes": "30",
                            "location": "westus2",
                            "name": "lin-20-publicip",
                            "public_ip_address_allocation": "dynamic",
                            "resource_group_name": "mike-pa",
                            "tags.%": "0"
                        },
                        "meta": {},
                        "tainted": false
                    },
                    "deposed": [],
                    "provider": ""
                },
                "azurerm_public_ip.linux.2": {
                    "type": "azurerm_public_ip",
                    "depends_on": [
                        "azurerm_resource_group.global"
                    ],
                    "primary": {
                        "id": "/subscriptions/d5d89bd9-4ef0-4187-a4ed-5de123bd9520/resourceGroups/mike-pa/providers/Microsoft.Network/publicIPAddresses/lin-03-publicip",
                        "attributes": {
                            "domain_name_label": "pa-lin-03",
                            "fqdn": "pa-lin-03.westus2.cloudapp.azure.com",
                            "id": "/subscriptions/d5d89bd9-4ef0-4187-a4ed-5de123bd9520/resourceGroups/mike-pa/providers/Microsoft.Network/publicIPAddresses/lin-03-publicip",
                            "idle_timeout_in_minutes": "30",
                            "location": "westus2",
                            "name": "lin-03-publicip",
                            "public_ip_address_allocation": "dynamic",
                            "resource_group_name": "mike-pa",
                            "tags.%": "0"
                        },
                        "meta": {},
                        "tainted": false
                    },
                    "deposed": [],
                    "provider": ""
                },
                "azurerm_public_ip.linux.21": {
                    "type": "azurerm_public_ip",
                    "depends_on": [
                        "azurerm_resource_group.global"
                    ],
                    "primary": {
                        "id": "/subscriptions/d5d89bd9-4ef0-4187-a4ed-5de123bd9520/resourceGroups/mike-pa/providers/Microsoft.Network/publicIPAddresses/lin-22-publicip",
                        "attributes": {
                            "domain_name_label": "pa-lin-22",
                            "fqdn": "pa-lin-22.westus2.cloudapp.azure.com",
                            "id": "/subscriptions/d5d89bd9-4ef0-4187-a4ed-5de123bd9520/resourceGroups/mike-pa/providers/Microsoft.Network/publicIPAddresses/lin-22-publicip",
                            "idle_timeout_in_minutes": "30",
                            "location": "westus2",
                            "name": "lin-22-publicip",
                            "public_ip_address_allocation": "dynamic",
                            "resource_group_name": "mike-pa",
                            "tags.%": "0"
                        },
                        "meta": {},
                        "tainted": false
                    },
                    "deposed": [],
                    "provider": ""
                },
                "azurerm_public_ip.linux.22": {
                    "type": "azurerm_public_ip",
                    "depends_on": [
                        "azurerm_resource_group.global"
                    ],
                    "primary": {
                        "id": "/subscriptions/d5d89bd9-4ef0-4187-a4ed-5de123bd9520/resourceGroups/mike-pa/providers/Microsoft.Network/publicIPAddresses/lin-23-publicip",
                        "attributes": {
                            "domain_name_label": "pa-lin-23",
                            "fqdn": "pa-lin-23.westus2.cloudapp.azure.com",
                            "id": "/subscriptions/d5d89bd9-4ef0-4187-a4ed-5de123bd9520/resourceGroups/mike-pa/providers/Microsoft.Network/publicIPAddresses/lin-23-publicip",
                            "idle_timeout_in_minutes": "30",
                            "location": "westus2",
                            "name": "lin-23-publicip",
                            "public_ip_address_allocation": "dynamic",
                            "resource_group_name": "mike-pa",
                            "tags.%": "0"
                        },
                        "meta": {},
                        "tainted": false
                    },
                    "deposed": [],
                    "provider": ""
                },
                "azurerm_public_ip.linux.23": {
                    "type": "azurerm_public_ip",
                    "depends_on": [
                        "azurerm_resource_group.global"
                    ],
                    "primary": {
                        "id": "/subscriptions/d5d89bd9-4ef0-4187-a4ed-5de123bd9520/resourceGroups/mike-pa/providers/Microsoft.Network/publicIPAddresses/lin-24-publicip",
                        "attributes": {
                            "domain_name_label": "pa-lin-24",
                            "fqdn": "pa-lin-24.westus2.cloudapp.azure.com",
                            "id": "/subscriptions/d5d89bd9-4ef0-4187-a4ed-5de123bd9520/resourceGroups/mike-pa/providers/Microsoft.Network/publicIPAddresses/lin-24-publicip",
                            "idle_timeout_in_minutes": "30",
                            "location": "westus2",
                            "name": "lin-24-publicip",
                            "public_ip_address_allocation": "dynamic",
                            "resource_group_name": "mike-pa",
                            "tags.%": "0"
                        },
                        "meta": {},
                        "tainted": false
                    },
                    "deposed": [],
                    "provider": ""
                },
                "azurerm_public_ip.linux.24": {
                    "type": "azurerm_public_ip",
                    "depends_on": [
                        "azurerm_resource_group.global"
                    ],
                    "primary": {
                        "id": "/subscriptions/d5d89bd9-4ef0-4187-a4ed-5de123bd9520/resourceGroups/mike-pa/providers/Microsoft.Network/publicIPAddresses/lin-25-publicip",
                        "attributes": {
                            "domain_name_label": "pa-lin-25",
                            "fqdn": "pa-lin-25.westus2.cloudapp.azure.com",
                            "id": "/subscriptions/d5d89bd9-4ef0-4187-a4ed-5de123bd9520/resourceGroups/mike-pa/providers/Microsoft.Network/publicIPAddresses/lin-25-publicip",
                            "idle_timeout_in_minutes": "30",
                            "location": "westus2",
                            "name": "lin-25-publicip",
                            "public_ip_address_allocation": "dynamic",
                            "resource_group_name": "mike-pa",
                            "tags.%": "0"
                        },
                        "meta": {},
                        "tainted": false
                    },
                    "deposed": [],
                    "provider": ""
                },
                "azurerm_public_ip.linux.25": {
                    "type": "azurerm_public_ip",
                    "depends_on": [
                        "azurerm_resource_group.global"
                    ],
                    "primary": {
                        "id": "/subscriptions/d5d89bd9-4ef0-4187-a4ed-5de123bd9520/resourceGroups/mike-pa/providers/Microsoft.Network/publicIPAddresses/lin-26-publicip",
                        "attributes": {
                            "domain_name_label": "pa-lin-26",
                            "fqdn": "pa-lin-26.westus2.cloudapp.azure.com",
                            "id": "/subscriptions/d5d89bd9-4ef0-4187-a4ed-5de123bd9520/resourceGroups/mike-pa/providers/Microsoft.Network/publicIPAddresses/lin-26-publicip",
                            "idle_timeout_in_minutes": "30",
                            "location": "westus2",
                            "name": "lin-26-publicip",
                            "public_ip_address_allocation": "dynamic",
                            "resource_group_name": "mike-pa",
                            "tags.%": "0"
                        },
                        "meta": {},
                        "tainted": false
                    },
                    "deposed": [],
                    "provider": ""
                },
                "azurerm_public_ip.linux.26": {
                    "type": "azurerm_public_ip",
                    "depends_on": [
                        "azurerm_resource_group.global"
                    ],
                    "primary": {
                        "id": "/subscriptions/d5d89bd9-4ef0-4187-a4ed-5de123bd9520/resourceGroups/mike-pa/providers/Microsoft.Network/publicIPAddresses/lin-27-publicip",
                        "attributes": {
                            "domain_name_label": "pa-lin-27",
                            "fqdn": "pa-lin-27.westus2.cloudapp.azure.com",
                            "id": "/subscriptions/d5d89bd9-4ef0-4187-a4ed-5de123bd9520/resourceGroups/mike-pa/providers/Microsoft.Network/publicIPAddresses/lin-27-publicip",
                            "idle_timeout_in_minutes": "30",
                            "location": "westus2",
                            "name": "lin-27-publicip",
                            "public_ip_address_allocation": "dynamic",
                            "resource_group_name": "mike-pa",
                            "tags.%": "0"
                        },
                        "meta": {},
                        "tainted": false
                    },
                    "deposed": [],
                    "provider": ""
                },
                "azurerm_public_ip.linux.27": {
                    "type": "azurerm_public_ip",
                    "depends_on": [
                        "azurerm_resource_group.global"
                    ],
                    "primary": {
                        "id": "/subscriptions/d5d89bd9-4ef0-4187-a4ed-5de123bd9520/resourceGroups/mike-pa/providers/Microsoft.Network/publicIPAddresses/lin-28-publicip",
                        "attributes": {
                            "domain_name_label": "pa-lin-28",
                            "fqdn": "pa-lin-28.westus2.cloudapp.azure.com",
                            "id": "/subscriptions/d5d89bd9-4ef0-4187-a4ed-5de123bd9520/resourceGroups/mike-pa/providers/Microsoft.Network/publicIPAddresses/lin-28-publicip",
                            "idle_timeout_in_minutes": "30",
                            "location": "westus2",
                            "name": "lin-28-publicip",
                            "public_ip_address_allocation": "dynamic",
                            "resource_group_name": "mike-pa",
                            "tags.%": "0"
                        },
                        "meta": {},
                        "tainted": false
                    },
                    "deposed": [],
                    "provider": ""
                },
                "azurerm_public_ip.linux.28": {
                    "type": "azurerm_public_ip",
                    "depends_on": [
                        "azurerm_resource_group.global"
                    ],
                    "primary": {
                        "id": "/subscriptions/d5d89bd9-4ef0-4187-a4ed-5de123bd9520/resourceGroups/mike-pa/providers/Microsoft.Network/publicIPAddresses/lin-29-publicip",
                        "attributes": {
                            "domain_name_label": "pa-lin-29",
                            "fqdn": "pa-lin-29.westus2.cloudapp.azure.com",
                            "id": "/subscriptions/d5d89bd9-4ef0-4187-a4ed-5de123bd9520/resourceGroups/mike-pa/providers/Microsoft.Network/publicIPAddresses/lin-29-publicip",
                            "idle_timeout_in_minutes": "30",
                            "location": "westus2",
                            "name": "lin-29-publicip",
                            "public_ip_address_allocation": "dynamic",
                            "resource_group_name": "mike-pa",
                            "tags.%": "0"
                        },
                        "meta": {},
                        "tainted": false
                    },
                    "deposed": [],
                    "provider": ""
                },
                "azurerm_public_ip.linux.29": {
                    "type": "azurerm_public_ip",
                    "depends_on": [
                        "azurerm_resource_group.global"
                    ],
                    "primary": {
                        "id": "/subscriptions/d5d89bd9-4ef0-4187-a4ed-5de123bd9520/resourceGroups/mike-pa/providers/Microsoft.Network/publicIPAddresses/lin-30-publicip",
                        "attributes": {
                            "domain_name_label": "pa-lin-30",
                            "fqdn": "pa-lin-30.westus2.cloudapp.azure.com",
                            "id": "/subscriptions/d5d89bd9-4ef0-4187-a4ed-5de123bd9520/resourceGroups/mike-pa/providers/Microsoft.Network/publicIPAddresses/lin-30-publicip",
                            "idle_timeout_in_minutes": "30",
                            "location": "westus2",
                            "name": "lin-30-publicip",
                            "public_ip_address_allocation": "dynamic",
                            "resource_group_name": "mike-pa",
                            "tags.%": "0"
                        },
                        "meta": {},
                        "tainted": false
                    },
                    "deposed": [],
                    "provider": ""
                },
                "azurerm_public_ip.linux.3": {
                    "type": "azurerm_public_ip",
                    "depends_on": [
                        "azurerm_resource_group.global"
                    ],
                    "primary": {
                        "id": "/subscriptions/d5d89bd9-4ef0-4187-a4ed-5de123bd9520/resourceGroups/mike-pa/providers/Microsoft.Network/publicIPAddresses/lin-04-publicip",
                        "attributes": {
                            "domain_name_label": "pa-lin-04",
                            "fqdn": "pa-lin-04.westus2.cloudapp.azure.com",
                            "id": "/subscriptions/d5d89bd9-4ef0-4187-a4ed-5de123bd9520/resourceGroups/mike-pa/providers/Microsoft.Network/publicIPAddresses/lin-04-publicip",
                            "idle_timeout_in_minutes": "30",
                            "location": "westus2",
                            "name": "lin-04-publicip",
                            "public_ip_address_allocation": "dynamic",
                            "resource_group_name": "mike-pa",
                            "tags.%": "0"
                        },
                        "meta": {},
                        "tainted": false
                    },
                    "deposed": [],
                    "provider": ""
                },
                "azurerm_public_ip.linux.30": {
                    "type": "azurerm_public_ip",
                    "depends_on": [
                        "azurerm_resource_group.global"
                    ],
                    "primary": {
                        "id": "/subscriptions/d5d89bd9-4ef0-4187-a4ed-5de123bd9520/resourceGroups/mike-pa/providers/Microsoft.Network/publicIPAddresses/lin-31-publicip",
                        "attributes": {
                            "domain_name_label": "pa-lin-31",
                            "fqdn": "pa-lin-31.westus2.cloudapp.azure.com",
                            "id": "/subscriptions/d5d89bd9-4ef0-4187-a4ed-5de123bd9520/resourceGroups/mike-pa/providers/Microsoft.Network/publicIPAddresses/lin-31-publicip",
                            "idle_timeout_in_minutes": "30",
                            "location": "westus2",
                            "name": "lin-31-publicip",
                            "public_ip_address_allocation": "dynamic",
                            "resource_group_name": "mike-pa",
                            "tags.%": "0"
                        },
                        "meta": {},
                        "tainted": false
                    },
                    "deposed": [],
                    "provider": ""
                },
                "azurerm_public_ip.linux.31": {
                    "type": "azurerm_public_ip",
                    "depends_on": [
                        "azurerm_resource_group.global"
                    ],
                    "primary": {
                        "id": "/subscriptions/d5d89bd9-4ef0-4187-a4ed-5de123bd9520/resourceGroups/mike-pa/providers/Microsoft.Network/publicIPAddresses/lin-32-publicip",
                        "attributes": {
                            "domain_name_label": "pa-lin-32",
                            "fqdn": "pa-lin-32.westus2.cloudapp.azure.com",
                            "id": "/subscriptions/d5d89bd9-4ef0-4187-a4ed-5de123bd9520/resourceGroups/mike-pa/providers/Microsoft.Network/publicIPAddresses/lin-32-publicip",
                            "idle_timeout_in_minutes": "30",
                            "location": "westus2",
                            "name": "lin-32-publicip",
                            "public_ip_address_allocation": "dynamic",
                            "resource_group_name": "mike-pa",
                            "tags.%": "0"
                        },
                        "meta": {},
                        "tainted": false
                    },
                    "deposed": [],
                    "provider": ""
                },
                "azurerm_public_ip.linux.32": {
                    "type": "azurerm_public_ip",
                    "depends_on": [
                        "azurerm_resource_group.global"
                    ],
                    "primary": {
                        "id": "/subscriptions/d5d89bd9-4ef0-4187-a4ed-5de123bd9520/resourceGroups/mike-pa/providers/Microsoft.Network/publicIPAddresses/lin-33-publicip",
                        "attributes": {
                            "domain_name_label": "pa-lin-33",
                            "fqdn": "pa-lin-33.westus2.cloudapp.azure.com",
                            "id": "/subscriptions/d5d89bd9-4ef0-4187-a4ed-5de123bd9520/resourceGroups/mike-pa/providers/Microsoft.Network/publicIPAddresses/lin-33-publicip",
                            "idle_timeout_in_minutes": "30",
                            "location": "westus2",
                            "name": "lin-33-publicip",
                            "public_ip_address_allocation": "dynamic",
                            "resource_group_name": "mike-pa",
                            "tags.%": "0"
                        },
                        "meta": {},
                        "tainted": false
                    },
                    "deposed": [],
                    "provider": ""
                },
                "azurerm_public_ip.linux.33": {
                    "type": "azurerm_public_ip",
                    "depends_on": [
                        "azurerm_resource_group.global"
                    ],
                    "primary": {
                        "id": "/subscriptions/d5d89bd9-4ef0-4187-a4ed-5de123bd9520/resourceGroups/mike-pa/providers/Microsoft.Network/publicIPAddresses/lin-34-publicip",
                        "attributes": {
                            "domain_name_label": "pa-lin-34",
                            "fqdn": "pa-lin-34.westus2.cloudapp.azure.com",
                            "id": "/subscriptions/d5d89bd9-4ef0-4187-a4ed-5de123bd9520/resourceGroups/mike-pa/providers/Microsoft.Network/publicIPAddresses/lin-34-publicip",
                            "idle_timeout_in_minutes": "30",
                            "location": "westus2",
                            "name": "lin-34-publicip",
                            "public_ip_address_allocation": "dynamic",
                            "resource_group_name": "mike-pa",
                            "tags.%": "0"
                        },
                        "meta": {},
                        "tainted": false
                    },
                    "deposed": [],
                    "provider": ""
                },
                "azurerm_public_ip.linux.34": {
                    "type": "azurerm_public_ip",
                    "depends_on": [
                        "azurerm_resource_group.global"
                    ],
                    "primary": {
                        "id": "/subscriptions/d5d89bd9-4ef0-4187-a4ed-5de123bd9520/resourceGroups/mike-pa/providers/Microsoft.Network/publicIPAddresses/lin-35-publicip",
                        "attributes": {
                            "domain_name_label": "pa-lin-35",
                            "fqdn": "pa-lin-35.westus2.cloudapp.azure.com",
                            "id": "/subscriptions/d5d89bd9-4ef0-4187-a4ed-5de123bd9520/resourceGroups/mike-pa/providers/Microsoft.Network/publicIPAddresses/lin-35-publicip",
                            "idle_timeout_in_minutes": "30",
                            "location": "westus2",
                            "name": "lin-35-publicip",
                            "public_ip_address_allocation": "dynamic",
                            "resource_group_name": "mike-pa",
                            "tags.%": "0"
                        },
                        "meta": {},
                        "tainted": false
                    },
                    "deposed": [],
                    "provider": ""
                },
                "azurerm_public_ip.linux.35": {
                    "type": "azurerm_public_ip",
                    "depends_on": [
                        "azurerm_resource_group.global"
                    ],
                    "primary": {
                        "id": "/subscriptions/d5d89bd9-4ef0-4187-a4ed-5de123bd9520/resourceGroups/mike-pa/providers/Microsoft.Network/publicIPAddresses/lin-36-publicip",
                        "attributes": {
                            "domain_name_label": "pa-lin-36",
                            "fqdn": "pa-lin-36.westus2.cloudapp.azure.com",
                            "id": "/subscriptions/d5d89bd9-4ef0-4187-a4ed-5de123bd9520/resourceGroups/mike-pa/providers/Microsoft.Network/publicIPAddresses/lin-36-publicip",
                            "idle_timeout_in_minutes": "30",
                            "location": "westus2",
                            "name": "lin-36-publicip",
                            "public_ip_address_allocation": "dynamic",
                            "resource_group_name": "mike-pa",
                            "tags.%": "0"
                        },
                        "meta": {},
                        "tainted": false
                    },
                    "deposed": [],
                    "provider": ""
                },
                "azurerm_public_ip.linux.37": {
                    "type": "azurerm_public_ip",
                    "depends_on": [
                        "azurerm_resource_group.global"
                    ],
                    "primary": {
                        "id": "/subscriptions/d5d89bd9-4ef0-4187-a4ed-5de123bd9520/resourceGroups/mike-pa/providers/Microsoft.Network/publicIPAddresses/lin-38-publicip",
                        "attributes": {
                            "domain_name_label": "pa-lin-38",
                            "fqdn": "pa-lin-38.westus2.cloudapp.azure.com",
                            "id": "/subscriptions/d5d89bd9-4ef0-4187-a4ed-5de123bd9520/resourceGroups/mike-pa/providers/Microsoft.Network/publicIPAddresses/lin-38-publicip",
                            "idle_timeout_in_minutes": "30",
                            "location": "westus2",
                            "name": "lin-38-publicip",
                            "public_ip_address_allocation": "dynamic",
                            "resource_group_name": "mike-pa",
                            "tags.%": "0"
                        },
                        "meta": {},
                        "tainted": false
                    },
                    "deposed": [],
                    "provider": ""
                },
                "azurerm_public_ip.linux.38": {
                    "type": "azurerm_public_ip",
                    "depends_on": [
                        "azurerm_resource_group.global"
                    ],
                    "primary": {
                        "id": "/subscriptions/d5d89bd9-4ef0-4187-a4ed-5de123bd9520/resourceGroups/mike-pa/providers/Microsoft.Network/publicIPAddresses/lin-39-publicip",
                        "attributes": {
                            "domain_name_label": "pa-lin-39",
                            "fqdn": "pa-lin-39.westus2.cloudapp.azure.com",
                            "id": "/subscriptions/d5d89bd9-4ef0-4187-a4ed-5de123bd9520/resourceGroups/mike-pa/providers/Microsoft.Network/publicIPAddresses/lin-39-publicip",
                            "idle_timeout_in_minutes": "30",
                            "location": "westus2",
                            "name": "lin-39-publicip",
                            "public_ip_address_allocation": "dynamic",
                            "resource_group_name": "mike-pa",
                            "tags.%": "0"
                        },
                        "meta": {},
                        "tainted": false
                    },
                    "deposed": [],
                    "provider": ""
                },
                "azurerm_public_ip.linux.39": {
                    "type": "azurerm_public_ip",
                    "depends_on": [
                        "azurerm_resource_group.global"
                    ],
                    "primary": {
                        "id": "/subscriptions/d5d89bd9-4ef0-4187-a4ed-5de123bd9520/resourceGroups/mike-pa/providers/Microsoft.Network/publicIPAddresses/lin-40-publicip",
                        "attributes": {
                            "domain_name_label": "pa-lin-40",
                            "fqdn": "pa-lin-40.westus2.cloudapp.azure.com",
                            "id": "/subscriptions/d5d89bd9-4ef0-4187-a4ed-5de123bd9520/resourceGroups/mike-pa/providers/Microsoft.Network/publicIPAddresses/lin-40-publicip",
                            "idle_timeout_in_minutes": "30",
                            "location": "westus2",
                            "name": "lin-40-publicip",
                            "public_ip_address_allocation": "dynamic",
                            "resource_group_name": "mike-pa",
                            "tags.%": "0"
                        },
                        "meta": {},
                        "tainted": false
                    },
                    "deposed": [],
                    "provider": ""
                },
                "azurerm_public_ip.linux.4": {
                    "type": "azurerm_public_ip",
                    "depends_on": [
                        "azurerm_resource_group.global"
                    ],
                    "primary": {
                        "id": "/subscriptions/d5d89bd9-4ef0-4187-a4ed-5de123bd9520/resourceGroups/mike-pa/providers/Microsoft.Network/publicIPAddresses/lin-05-publicip",
                        "attributes": {
                            "domain_name_label": "pa-lin-05",
                            "fqdn": "pa-lin-05.westus2.cloudapp.azure.com",
                            "id": "/subscriptions/d5d89bd9-4ef0-4187-a4ed-5de123bd9520/resourceGroups/mike-pa/providers/Microsoft.Network/publicIPAddresses/lin-05-publicip",
                            "idle_timeout_in_minutes": "30",
                            "location": "westus2",
                            "name": "lin-05-publicip",
                            "public_ip_address_allocation": "dynamic",
                            "resource_group_name": "mike-pa",
                            "tags.%": "0"
                        },
                        "meta": {},
                        "tainted": false
                    },
                    "deposed": [],
                    "provider": ""
                },
                "azurerm_public_ip.linux.40": {
                    "type": "azurerm_public_ip",
                    "depends_on": [
                        "azurerm_resource_group.global"
                    ],
                    "primary": {
                        "id": "/subscriptions/d5d89bd9-4ef0-4187-a4ed-5de123bd9520/resourceGroups/mike-pa/providers/Microsoft.Network/publicIPAddresses/lin-41-publicip",
                        "attributes": {
                            "domain_name_label": "pa-lin-41",
                            "fqdn": "pa-lin-41.westus2.cloudapp.azure.com",
                            "id": "/subscriptions/d5d89bd9-4ef0-4187-a4ed-5de123bd9520/resourceGroups/mike-pa/providers/Microsoft.Network/publicIPAddresses/lin-41-publicip",
                            "idle_timeout_in_minutes": "30",
                            "location": "westus2",
                            "name": "lin-41-publicip",
                            "public_ip_address_allocation": "dynamic",
                            "resource_group_name": "mike-pa",
                            "tags.%": "0"
                        },
                        "meta": {},
                        "tainted": false
                    },
                    "deposed": [],
                    "provider": ""
                },
                "azurerm_public_ip.linux.41": {
                    "type": "azurerm_public_ip",
                    "depends_on": [
                        "azurerm_resource_group.global"
                    ],
                    "primary": {
                        "id": "/subscriptions/d5d89bd9-4ef0-4187-a4ed-5de123bd9520/resourceGroups/mike-pa/providers/Microsoft.Network/publicIPAddresses/lin-42-publicip",
                        "attributes": {
                            "domain_name_label": "pa-lin-42",
                            "fqdn": "pa-lin-42.westus2.cloudapp.azure.com",
                            "id": "/subscriptions/d5d89bd9-4ef0-4187-a4ed-5de123bd9520/resourceGroups/mike-pa/providers/Microsoft.Network/publicIPAddresses/lin-42-publicip",
                            "idle_timeout_in_minutes": "30",
                            "location": "westus2",
                            "name": "lin-42-publicip",
                            "public_ip_address_allocation": "dynamic",
                            "resource_group_name": "mike-pa",
                            "tags.%": "0"
                        },
                        "meta": {},
                        "tainted": false
                    },
                    "deposed": [],
                    "provider": ""
                },
                "azurerm_public_ip.linux.42": {
                    "type": "azurerm_public_ip",
                    "depends_on": [
                        "azurerm_resource_group.global"
                    ],
                    "primary": {
                        "id": "/subscriptions/d5d89bd9-4ef0-4187-a4ed-5de123bd9520/resourceGroups/mike-pa/providers/Microsoft.Network/publicIPAddresses/lin-43-publicip",
                        "attributes": {
                            "domain_name_label": "pa-lin-43",
                            "fqdn": "pa-lin-43.westus2.cloudapp.azure.com",
                            "id": "/subscriptions/d5d89bd9-4ef0-4187-a4ed-5de123bd9520/resourceGroups/mike-pa/providers/Microsoft.Network/publicIPAddresses/lin-43-publicip",
                            "idle_timeout_in_minutes": "30",
                            "location": "westus2",
                            "name": "lin-43-publicip",
                            "public_ip_address_allocation": "dynamic",
                            "resource_group_name": "mike-pa",
                            "tags.%": "0"
                        },
                        "meta": {},
                        "tainted": false
                    },
                    "deposed": [],
                    "provider": ""
                },
                "azurerm_public_ip.linux.43": {
                    "type": "azurerm_public_ip",
                    "depends_on": [
                        "azurerm_resource_group.global"
                    ],
                    "primary": {
                        "id": "/subscriptions/d5d89bd9-4ef0-4187-a4ed-5de123bd9520/resourceGroups/mike-pa/providers/Microsoft.Network/publicIPAddresses/lin-44-publicip",
                        "attributes": {
                            "domain_name_label": "pa-lin-44",
                            "fqdn": "pa-lin-44.westus2.cloudapp.azure.com",
                            "id": "/subscriptions/d5d89bd9-4ef0-4187-a4ed-5de123bd9520/resourceGroups/mike-pa/providers/Microsoft.Network/publicIPAddresses/lin-44-publicip",
                            "idle_timeout_in_minutes": "30",
                            "location": "westus2",
                            "name": "lin-44-publicip",
                            "public_ip_address_allocation": "dynamic",
                            "resource_group_name": "mike-pa",
                            "tags.%": "0"
                        },
                        "meta": {},
                        "tainted": false
                    },
                    "deposed": [],
                    "provider": ""
                },
                "azurerm_public_ip.linux.44": {
                    "type": "azurerm_public_ip",
                    "depends_on": [
                        "azurerm_resource_group.global"
                    ],
                    "primary": {
                        "id": "/subscriptions/d5d89bd9-4ef0-4187-a4ed-5de123bd9520/resourceGroups/mike-pa/providers/Microsoft.Network/publicIPAddresses/lin-45-publicip",
                        "attributes": {
                            "domain_name_label": "pa-lin-45",
                            "fqdn": "pa-lin-45.westus2.cloudapp.azure.com",
                            "id": "/subscriptions/d5d89bd9-4ef0-4187-a4ed-5de123bd9520/resourceGroups/mike-pa/providers/Microsoft.Network/publicIPAddresses/lin-45-publicip",
                            "idle_timeout_in_minutes": "30",
                            "location": "westus2",
                            "name": "lin-45-publicip",
                            "public_ip_address_allocation": "dynamic",
                            "resource_group_name": "mike-pa",
                            "tags.%": "0"
                        },
                        "meta": {},
                        "tainted": false
                    },
                    "deposed": [],
                    "provider": ""
                },
                "azurerm_public_ip.linux.45": {
                    "type": "azurerm_public_ip",
                    "depends_on": [
                        "azurerm_resource_group.global"
                    ],
                    "primary": {
                        "id": "/subscriptions/d5d89bd9-4ef0-4187-a4ed-5de123bd9520/resourceGroups/mike-pa/providers/Microsoft.Network/publicIPAddresses/lin-46-publicip",
                        "attributes": {
                            "domain_name_label": "pa-lin-46",
                            "fqdn": "pa-lin-46.westus2.cloudapp.azure.com",
                            "id": "/subscriptions/d5d89bd9-4ef0-4187-a4ed-5de123bd9520/resourceGroups/mike-pa/providers/Microsoft.Network/publicIPAddresses/lin-46-publicip",
                            "idle_timeout_in_minutes": "30",
                            "location": "westus2",
                            "name": "lin-46-publicip",
                            "public_ip_address_allocation": "dynamic",
                            "resource_group_name": "mike-pa",
                            "tags.%": "0"
                        },
                        "meta": {},
                        "tainted": false
                    },
                    "deposed": [],
                    "provider": ""
                },
                "azurerm_public_ip.linux.46": {
                    "type": "azurerm_public_ip",
                    "depends_on": [
                        "azurerm_resource_group.global"
                    ],
                    "primary": {
                        "id": "/subscriptions/d5d89bd9-4ef0-4187-a4ed-5de123bd9520/resourceGroups/mike-pa/providers/Microsoft.Network/publicIPAddresses/lin-47-publicip",
                        "attributes": {
                            "domain_name_label": "pa-lin-47",
                            "fqdn": "pa-lin-47.westus2.cloudapp.azure.com",
                            "id": "/subscriptions/d5d89bd9-4ef0-4187-a4ed-5de123bd9520/resourceGroups/mike-pa/providers/Microsoft.Network/publicIPAddresses/lin-47-publicip",
                            "idle_timeout_in_minutes": "30",
                            "location": "westus2",
                            "name": "lin-47-publicip",
                            "public_ip_address_allocation": "dynamic",
                            "resource_group_name": "mike-pa",
                            "tags.%": "0"
                        },
                        "meta": {},
                        "tainted": false
                    },
                    "deposed": [],
                    "provider": ""
                },
                "azurerm_public_ip.linux.47": {
                    "type": "azurerm_public_ip",
                    "depends_on": [
                        "azurerm_resource_group.global"
                    ],
                    "primary": {
                        "id": "/subscriptions/d5d89bd9-4ef0-4187-a4ed-5de123bd9520/resourceGroups/mike-pa/providers/Microsoft.Network/publicIPAddresses/lin-48-publicip",
                        "attributes": {
                            "domain_name_label": "pa-lin-48",
                            "fqdn": "pa-lin-48.westus2.cloudapp.azure.com",
                            "id": "/subscriptions/d5d89bd9-4ef0-4187-a4ed-5de123bd9520/resourceGroups/mike-pa/providers/Microsoft.Network/publicIPAddresses/lin-48-publicip",
                            "idle_timeout_in_minutes": "30",
                            "location": "westus2",
                            "name": "lin-48-publicip",
                            "public_ip_address_allocation": "dynamic",
                            "resource_group_name": "mike-pa",
                            "tags.%": "0"
                        },
                        "meta": {},
                        "tainted": false
                    },
                    "deposed": [],
                    "provider": ""
                },
                "azurerm_public_ip.linux.48": {
                    "type": "azurerm_public_ip",
                    "depends_on": [
                        "azurerm_resource_group.global"
                    ],
                    "primary": {
                        "id": "/subscriptions/d5d89bd9-4ef0-4187-a4ed-5de123bd9520/resourceGroups/mike-pa/providers/Microsoft.Network/publicIPAddresses/lin-49-publicip",
                        "attributes": {
                            "domain_name_label": "pa-lin-49",
                            "fqdn": "pa-lin-49.westus2.cloudapp.azure.com",
                            "id": "/subscriptions/d5d89bd9-4ef0-4187-a4ed-5de123bd9520/resourceGroups/mike-pa/providers/Microsoft.Network/publicIPAddresses/lin-49-publicip",
                            "idle_timeout_in_minutes": "30",
                            "location": "westus2",
                            "name": "lin-49-publicip",
                            "public_ip_address_allocation": "dynamic",
                            "resource_group_name": "mike-pa",
                            "tags.%": "0"
                        },
                        "meta": {},
                        "tainted": false
                    },
                    "deposed": [],
                    "provider": ""
                },
                "azurerm_public_ip.linux.5": {
                    "type": "azurerm_public_ip",
                    "depends_on": [
                        "azurerm_resource_group.global"
                    ],
                    "primary": {
                        "id": "/subscriptions/d5d89bd9-4ef0-4187-a4ed-5de123bd9520/resourceGroups/mike-pa/providers/Microsoft.Network/publicIPAddresses/lin-06-publicip",
                        "attributes": {
                            "domain_name_label": "pa-lin-06",
                            "fqdn": "pa-lin-06.westus2.cloudapp.azure.com",
                            "id": "/subscriptions/d5d89bd9-4ef0-4187-a4ed-5de123bd9520/resourceGroups/mike-pa/providers/Microsoft.Network/publicIPAddresses/lin-06-publicip",
                            "idle_timeout_in_minutes": "30",
                            "location": "westus2",
                            "name": "lin-06-publicip",
                            "public_ip_address_allocation": "dynamic",
                            "resource_group_name": "mike-pa",
                            "tags.%": "0"
                        },
                        "meta": {},
                        "tainted": false
                    },
                    "deposed": [],
                    "provider": ""
                },
                "azurerm_public_ip.linux.50": {
                    "type": "azurerm_public_ip",
                    "depends_on": [
                        "azurerm_resource_group.global"
                    ],
                    "primary": {
                        "id": "/subscriptions/d5d89bd9-4ef0-4187-a4ed-5de123bd9520/resourceGroups/mike-pa/providers/Microsoft.Network/publicIPAddresses/lin-51-publicip",
                        "attributes": {
                            "domain_name_label": "pa-lin-51",
                            "fqdn": "pa-lin-51.westus2.cloudapp.azure.com",
                            "id": "/subscriptions/d5d89bd9-4ef0-4187-a4ed-5de123bd9520/resourceGroups/mike-pa/providers/Microsoft.Network/publicIPAddresses/lin-51-publicip",
                            "idle_timeout_in_minutes": "30",
                            "location": "westus2",
                            "name": "lin-51-publicip",
                            "public_ip_address_allocation": "dynamic",
                            "resource_group_name": "mike-pa",
                            "tags.%": "0"
                        },
                        "meta": {},
                        "tainted": false
                    },
                    "deposed": [],
                    "provider": ""
                },
                "azurerm_public_ip.linux.52": {
                    "type": "azurerm_public_ip",
                    "depends_on": [
                        "azurerm_resource_group.global"
                    ],
                    "primary": {
                        "id": "/subscriptions/d5d89bd9-4ef0-4187-a4ed-5de123bd9520/resourceGroups/mike-pa/providers/Microsoft.Network/publicIPAddresses/lin-53-publicip",
                        "attributes": {
                            "domain_name_label": "pa-lin-53",
                            "fqdn": "pa-lin-53.westus2.cloudapp.azure.com",
                            "id": "/subscriptions/d5d89bd9-4ef0-4187-a4ed-5de123bd9520/resourceGroups/mike-pa/providers/Microsoft.Network/publicIPAddresses/lin-53-publicip",
                            "idle_timeout_in_minutes": "30",
                            "location": "westus2",
                            "name": "lin-53-publicip",
                            "public_ip_address_allocation": "dynamic",
                            "resource_group_name": "mike-pa",
                            "tags.%": "0"
                        },
                        "meta": {},
                        "tainted": false
                    },
                    "deposed": [],
                    "provider": ""
                },
                "azurerm_public_ip.linux.53": {
                    "type": "azurerm_public_ip",
                    "depends_on": [
                        "azurerm_resource_group.global"
                    ],
                    "primary": {
                        "id": "/subscriptions/d5d89bd9-4ef0-4187-a4ed-5de123bd9520/resourceGroups/mike-pa/providers/Microsoft.Network/publicIPAddresses/lin-54-publicip",
                        "attributes": {
                            "domain_name_label": "pa-lin-54",
                            "fqdn": "pa-lin-54.westus2.cloudapp.azure.com",
                            "id": "/subscriptions/d5d89bd9-4ef0-4187-a4ed-5de123bd9520/resourceGroups/mike-pa/providers/Microsoft.Network/publicIPAddresses/lin-54-publicip",
                            "idle_timeout_in_minutes": "30",
                            "location": "westus2",
                            "name": "lin-54-publicip",
                            "public_ip_address_allocation": "dynamic",
                            "resource_group_name": "mike-pa",
                            "tags.%": "0"
                        },
                        "meta": {},
                        "tainted": false
                    },
                    "deposed": [],
                    "provider": ""
                },
                "azurerm_public_ip.linux.55": {
                    "type": "azurerm_public_ip",
                    "depends_on": [
                        "azurerm_resource_group.global"
                    ],
                    "primary": {
                        "id": "/subscriptions/d5d89bd9-4ef0-4187-a4ed-5de123bd9520/resourceGroups/mike-pa/providers/Microsoft.Network/publicIPAddresses/lin-56-publicip",
                        "attributes": {
                            "domain_name_label": "pa-lin-56",
                            "fqdn": "pa-lin-56.westus2.cloudapp.azure.com",
                            "id": "/subscriptions/d5d89bd9-4ef0-4187-a4ed-5de123bd9520/resourceGroups/mike-pa/providers/Microsoft.Network/publicIPAddresses/lin-56-publicip",
                            "idle_timeout_in_minutes": "30",
                            "location": "westus2",
                            "name": "lin-56-publicip",
                            "public_ip_address_allocation": "dynamic",
                            "resource_group_name": "mike-pa",
                            "tags.%": "0"
                        },
                        "meta": {},
                        "tainted": false
                    },
                    "deposed": [],
                    "provider": ""
                },
                "azurerm_public_ip.linux.56": {
                    "type": "azurerm_public_ip",
                    "depends_on": [
                        "azurerm_resource_group.global"
                    ],
                    "primary": {
                        "id": "/subscriptions/d5d89bd9-4ef0-4187-a4ed-5de123bd9520/resourceGroups/mike-pa/providers/Microsoft.Network/publicIPAddresses/lin-57-publicip",
                        "attributes": {
                            "domain_name_label": "pa-lin-57",
                            "fqdn": "pa-lin-57.westus2.cloudapp.azure.com",
                            "id": "/subscriptions/d5d89bd9-4ef0-4187-a4ed-5de123bd9520/resourceGroups/mike-pa/providers/Microsoft.Network/publicIPAddresses/lin-57-publicip",
                            "idle_timeout_in_minutes": "30",
                            "location": "westus2",
                            "name": "lin-57-publicip",
                            "public_ip_address_allocation": "dynamic",
                            "resource_group_name": "mike-pa",
                            "tags.%": "0"
                        },
                        "meta": {},
                        "tainted": false
                    },
                    "deposed": [],
                    "provider": ""
                },
                "azurerm_public_ip.linux.57": {
                    "type": "azurerm_public_ip",
                    "depends_on": [
                        "azurerm_resource_group.global"
                    ],
                    "primary": {
                        "id": "/subscriptions/d5d89bd9-4ef0-4187-a4ed-5de123bd9520/resourceGroups/mike-pa/providers/Microsoft.Network/publicIPAddresses/lin-58-publicip",
                        "attributes": {
                            "domain_name_label": "pa-lin-58",
                            "fqdn": "pa-lin-58.westus2.cloudapp.azure.com",
                            "id": "/subscriptions/d5d89bd9-4ef0-4187-a4ed-5de123bd9520/resourceGroups/mike-pa/providers/Microsoft.Network/publicIPAddresses/lin-58-publicip",
                            "idle_timeout_in_minutes": "30",
                            "location": "westus2",
                            "name": "lin-58-publicip",
                            "public_ip_address_allocation": "dynamic",
                            "resource_group_name": "mike-pa",
                            "tags.%": "0"
                        },
                        "meta": {},
                        "tainted": false
                    },
                    "deposed": [],
                    "provider": ""
                },
                "azurerm_public_ip.linux.58": {
                    "type": "azurerm_public_ip",
                    "depends_on": [
                        "azurerm_resource_group.global"
                    ],
                    "primary": {
                        "id": "/subscriptions/d5d89bd9-4ef0-4187-a4ed-5de123bd9520/resourceGroups/mike-pa/providers/Microsoft.Network/publicIPAddresses/lin-59-publicip",
                        "attributes": {
                            "domain_name_label": "pa-lin-59",
                            "fqdn": "pa-lin-59.westus2.cloudapp.azure.com",
                            "id": "/subscriptions/d5d89bd9-4ef0-4187-a4ed-5de123bd9520/resourceGroups/mike-pa/providers/Microsoft.Network/publicIPAddresses/lin-59-publicip",
                            "idle_timeout_in_minutes": "30",
                            "location": "westus2",
                            "name": "lin-59-publicip",
                            "public_ip_address_allocation": "dynamic",
                            "resource_group_name": "mike-pa",
                            "tags.%": "0"
                        },
                        "meta": {},
                        "tainted": false
                    },
                    "deposed": [],
                    "provider": ""
                },
                "azurerm_public_ip.linux.59": {
                    "type": "azurerm_public_ip",
                    "depends_on": [
                        "azurerm_resource_group.global"
                    ],
                    "primary": {
                        "id": "/subscriptions/d5d89bd9-4ef0-4187-a4ed-5de123bd9520/resourceGroups/mike-pa/providers/Microsoft.Network/publicIPAddresses/lin-60-publicip",
                        "attributes": {
                            "domain_name_label": "pa-lin-60",
                            "fqdn": "pa-lin-60.westus2.cloudapp.azure.com",
                            "id": "/subscriptions/d5d89bd9-4ef0-4187-a4ed-5de123bd9520/resourceGroups/mike-pa/providers/Microsoft.Network/publicIPAddresses/lin-60-publicip",
                            "idle_timeout_in_minutes": "30",
                            "location": "westus2",
                            "name": "lin-60-publicip",
                            "public_ip_address_allocation": "dynamic",
                            "resource_group_name": "mike-pa",
                            "tags.%": "0"
                        },
                        "meta": {},
                        "tainted": false
                    },
                    "deposed": [],
                    "provider": ""
                },
                "azurerm_public_ip.linux.6": {
                    "type": "azurerm_public_ip",
                    "depends_on": [
                        "azurerm_resource_group.global"
                    ],
                    "primary": {
                        "id": "/subscriptions/d5d89bd9-4ef0-4187-a4ed-5de123bd9520/resourceGroups/mike-pa/providers/Microsoft.Network/publicIPAddresses/lin-07-publicip",
                        "attributes": {
                            "domain_name_label": "pa-lin-07",
                            "fqdn": "pa-lin-07.westus2.cloudapp.azure.com",
                            "id": "/subscriptions/d5d89bd9-4ef0-4187-a4ed-5de123bd9520/resourceGroups/mike-pa/providers/Microsoft.Network/publicIPAddresses/lin-07-publicip",
                            "idle_timeout_in_minutes": "30",
                            "location": "westus2",
                            "name": "lin-07-publicip",
                            "public_ip_address_allocation": "dynamic",
                            "resource_group_name": "mike-pa",
                            "tags.%": "0"
                        },
                        "meta": {},
                        "tainted": false
                    },
                    "deposed": [],
                    "provider": ""
                },
                "azurerm_public_ip.linux.60": {
                    "type": "azurerm_public_ip",
                    "depends_on": [
                        "azurerm_resource_group.global"
                    ],
                    "primary": {
                        "id": "/subscriptions/d5d89bd9-4ef0-4187-a4ed-5de123bd9520/resourceGroups/mike-pa/providers/Microsoft.Network/publicIPAddresses/lin-61-publicip",
                        "attributes": {
                            "domain_name_label": "pa-lin-61",
                            "fqdn": "pa-lin-61.westus2.cloudapp.azure.com",
                            "id": "/subscriptions/d5d89bd9-4ef0-4187-a4ed-5de123bd9520/resourceGroups/mike-pa/providers/Microsoft.Network/publicIPAddresses/lin-61-publicip",
                            "idle_timeout_in_minutes": "30",
                            "location": "westus2",
                            "name": "lin-61-publicip",
                            "public_ip_address_allocation": "dynamic",
                            "resource_group_name": "mike-pa",
                            "tags.%": "0"
                        },
                        "meta": {},
                        "tainted": false
                    },
                    "deposed": [],
                    "provider": ""
                },
                "azurerm_public_ip.linux.61": {
                    "type": "azurerm_public_ip",
                    "depends_on": [
                        "azurerm_resource_group.global"
                    ],
                    "primary": {
                        "id": "/subscriptions/d5d89bd9-4ef0-4187-a4ed-5de123bd9520/resourceGroups/mike-pa/providers/Microsoft.Network/publicIPAddresses/lin-62-publicip",
                        "attributes": {
                            "domain_name_label": "pa-lin-62",
                            "fqdn": "pa-lin-62.westus2.cloudapp.azure.com",
                            "id": "/subscriptions/d5d89bd9-4ef0-4187-a4ed-5de123bd9520/resourceGroups/mike-pa/providers/Microsoft.Network/publicIPAddresses/lin-62-publicip",
                            "idle_timeout_in_minutes": "30",
                            "location": "westus2",
                            "name": "lin-62-publicip",
                            "public_ip_address_allocation": "dynamic",
                            "resource_group_name": "mike-pa",
                            "tags.%": "0"
                        },
                        "meta": {},
                        "tainted": false
                    },
                    "deposed": [],
                    "provider": ""
                },
                "azurerm_public_ip.linux.62": {
                    "type": "azurerm_public_ip",
                    "depends_on": [
                        "azurerm_resource_group.global"
                    ],
                    "primary": {
                        "id": "/subscriptions/d5d89bd9-4ef0-4187-a4ed-5de123bd9520/resourceGroups/mike-pa/providers/Microsoft.Network/publicIPAddresses/lin-63-publicip",
                        "attributes": {
                            "domain_name_label": "pa-lin-63",
                            "fqdn": "pa-lin-63.westus2.cloudapp.azure.com",
                            "id": "/subscriptions/d5d89bd9-4ef0-4187-a4ed-5de123bd9520/resourceGroups/mike-pa/providers/Microsoft.Network/publicIPAddresses/lin-63-publicip",
                            "idle_timeout_in_minutes": "30",
                            "location": "westus2",
                            "name": "lin-63-publicip",
                            "public_ip_address_allocation": "dynamic",
                            "resource_group_name": "mike-pa",
                            "tags.%": "0"
                        },
                        "meta": {},
                        "tainted": false
                    },
                    "deposed": [],
                    "provider": ""
                },
                "azurerm_public_ip.linux.63": {
                    "type": "azurerm_public_ip",
                    "depends_on": [
                        "azurerm_resource_group.global"
                    ],
                    "primary": {
                        "id": "/subscriptions/d5d89bd9-4ef0-4187-a4ed-5de123bd9520/resourceGroups/mike-pa/providers/Microsoft.Network/publicIPAddresses/lin-64-publicip",
                        "attributes": {
                            "domain_name_label": "pa-lin-64",
                            "fqdn": "pa-lin-64.westus2.cloudapp.azure.com",
                            "id": "/subscriptions/d5d89bd9-4ef0-4187-a4ed-5de123bd9520/resourceGroups/mike-pa/providers/Microsoft.Network/publicIPAddresses/lin-64-publicip",
                            "idle_timeout_in_minutes": "30",
                            "location": "westus2",
                            "name": "lin-64-publicip",
                            "public_ip_address_allocation": "dynamic",
                            "resource_group_name": "mike-pa",
                            "tags.%": "0"
                        },
                        "meta": {},
                        "tainted": false
                    },
                    "deposed": [],
                    "provider": ""
                },
                "azurerm_public_ip.linux.64": {
                    "type": "azurerm_public_ip",
                    "depends_on": [
                        "azurerm_resource_group.global"
                    ],
                    "primary": {
                        "id": "/subscriptions/d5d89bd9-4ef0-4187-a4ed-5de123bd9520/resourceGroups/mike-pa/providers/Microsoft.Network/publicIPAddresses/lin-65-publicip",
                        "attributes": {
                            "domain_name_label": "pa-lin-65",
                            "fqdn": "pa-lin-65.westus2.cloudapp.azure.com",
                            "id": "/subscriptions/d5d89bd9-4ef0-4187-a4ed-5de123bd9520/resourceGroups/mike-pa/providers/Microsoft.Network/publicIPAddresses/lin-65-publicip",
                            "idle_timeout_in_minutes": "30",
                            "location": "westus2",
                            "name": "lin-65-publicip",
                            "public_ip_address_allocation": "dynamic",
                            "resource_group_name": "mike-pa",
                            "tags.%": "0"
                        },
                        "meta": {},
                        "tainted": false
                    },
                    "deposed": [],
                    "provider": ""
                },
                "azurerm_public_ip.linux.65": {
                    "type": "azurerm_public_ip",
                    "depends_on": [
                        "azurerm_resource_group.global"
                    ],
                    "primary": {
                        "id": "/subscriptions/d5d89bd9-4ef0-4187-a4ed-5de123bd9520/resourceGroups/mike-pa/providers/Microsoft.Network/publicIPAddresses/lin-66-publicip",
                        "attributes": {
                            "domain_name_label": "pa-lin-66",
                            "fqdn": "pa-lin-66.westus2.cloudapp.azure.com",
                            "id": "/subscriptions/d5d89bd9-4ef0-4187-a4ed-5de123bd9520/resourceGroups/mike-pa/providers/Microsoft.Network/publicIPAddresses/lin-66-publicip",
                            "idle_timeout_in_minutes": "30",
                            "location": "westus2",
                            "name": "lin-66-publicip",
                            "public_ip_address_allocation": "dynamic",
                            "resource_group_name": "mike-pa",
                            "tags.%": "0"
                        },
                        "meta": {},
                        "tainted": false
                    },
                    "deposed": [],
                    "provider": ""
                },
                "azurerm_public_ip.linux.66": {
                    "type": "azurerm_public_ip",
                    "depends_on": [
                        "azurerm_resource_group.global"
                    ],
                    "primary": {
                        "id": "/subscriptions/d5d89bd9-4ef0-4187-a4ed-5de123bd9520/resourceGroups/mike-pa/providers/Microsoft.Network/publicIPAddresses/lin-67-publicip",
                        "attributes": {
                            "domain_name_label": "pa-lin-67",
                            "fqdn": "pa-lin-67.westus2.cloudapp.azure.com",
                            "id": "/subscriptions/d5d89bd9-4ef0-4187-a4ed-5de123bd9520/resourceGroups/mike-pa/providers/Microsoft.Network/publicIPAddresses/lin-67-publicip",
                            "idle_timeout_in_minutes": "30",
                            "location": "westus2",
                            "name": "lin-67-publicip",
                            "public_ip_address_allocation": "dynamic",
                            "resource_group_name": "mike-pa",
                            "tags.%": "0"
                        },
                        "meta": {},
                        "tainted": false
                    },
                    "deposed": [],
                    "provider": ""
                },
                "azurerm_public_ip.linux.68": {
                    "type": "azurerm_public_ip",
                    "depends_on": [
                        "azurerm_resource_group.global"
                    ],
                    "primary": {
                        "id": "/subscriptions/d5d89bd9-4ef0-4187-a4ed-5de123bd9520/resourceGroups/mike-pa/providers/Microsoft.Network/publicIPAddresses/lin-69-publicip",
                        "attributes": {
                            "domain_name_label": "pa-lin-69",
                            "fqdn": "pa-lin-69.westus2.cloudapp.azure.com",
                            "id": "/subscriptions/d5d89bd9-4ef0-4187-a4ed-5de123bd9520/resourceGroups/mike-pa/providers/Microsoft.Network/publicIPAddresses/lin-69-publicip",
                            "idle_timeout_in_minutes": "30",
                            "location": "westus2",
                            "name": "lin-69-publicip",
                            "public_ip_address_allocation": "dynamic",
                            "resource_group_name": "mike-pa",
                            "tags.%": "0"
                        },
                        "meta": {},
                        "tainted": false
                    },
                    "deposed": [],
                    "provider": ""
                },
                "azurerm_public_ip.linux.69": {
                    "type": "azurerm_public_ip",
                    "depends_on": [
                        "azurerm_resource_group.global"
                    ],
                    "primary": {
                        "id": "/subscriptions/d5d89bd9-4ef0-4187-a4ed-5de123bd9520/resourceGroups/mike-pa/providers/Microsoft.Network/publicIPAddresses/lin-70-publicip",
                        "attributes": {
                            "domain_name_label": "pa-lin-70",
                            "fqdn": "pa-lin-70.westus2.cloudapp.azure.com",
                            "id": "/subscriptions/d5d89bd9-4ef0-4187-a4ed-5de123bd9520/resourceGroups/mike-pa/providers/Microsoft.Network/publicIPAddresses/lin-70-publicip",
                            "idle_timeout_in_minutes": "30",
                            "location": "westus2",
                            "name": "lin-70-publicip",
                            "public_ip_address_allocation": "dynamic",
                            "resource_group_name": "mike-pa",
                            "tags.%": "0"
                        },
                        "meta": {},
                        "tainted": false
                    },
                    "deposed": [],
                    "provider": ""
                },
                "azurerm_public_ip.linux.7": {
                    "type": "azurerm_public_ip",
                    "depends_on": [
                        "azurerm_resource_group.global"
                    ],
                    "primary": {
                        "id": "/subscriptions/d5d89bd9-4ef0-4187-a4ed-5de123bd9520/resourceGroups/mike-pa/providers/Microsoft.Network/publicIPAddresses/lin-08-publicip",
                        "attributes": {
                            "domain_name_label": "pa-lin-08",
                            "fqdn": "pa-lin-08.westus2.cloudapp.azure.com",
                            "id": "/subscriptions/d5d89bd9-4ef0-4187-a4ed-5de123bd9520/resourceGroups/mike-pa/providers/Microsoft.Network/publicIPAddresses/lin-08-publicip",
                            "idle_timeout_in_minutes": "30",
                            "location": "westus2",
                            "name": "lin-08-publicip",
                            "public_ip_address_allocation": "dynamic",
                            "resource_group_name": "mike-pa",
                            "tags.%": "0"
                        },
                        "meta": {},
                        "tainted": false
                    },
                    "deposed": [],
                    "provider": ""
                },
                "azurerm_public_ip.linux.70": {
                    "type": "azurerm_public_ip",
                    "depends_on": [
                        "azurerm_resource_group.global"
                    ],
                    "primary": {
                        "id": "/subscriptions/d5d89bd9-4ef0-4187-a4ed-5de123bd9520/resourceGroups/mike-pa/providers/Microsoft.Network/publicIPAddresses/lin-71-publicip",
                        "attributes": {
                            "domain_name_label": "pa-lin-71",
                            "fqdn": "pa-lin-71.westus2.cloudapp.azure.com",
                            "id": "/subscriptions/d5d89bd9-4ef0-4187-a4ed-5de123bd9520/resourceGroups/mike-pa/providers/Microsoft.Network/publicIPAddresses/lin-71-publicip",
                            "idle_timeout_in_minutes": "30",
                            "location": "westus2",
                            "name": "lin-71-publicip",
                            "public_ip_address_allocation": "dynamic",
                            "resource_group_name": "mike-pa",
                            "tags.%": "0"
                        },
                        "meta": {},
                        "tainted": false
                    },
                    "deposed": [],
                    "provider": ""
                },
                "azurerm_public_ip.linux.71": {
                    "type": "azurerm_public_ip",
                    "depends_on": [
                        "azurerm_resource_group.global"
                    ],
                    "primary": {
                        "id": "/subscriptions/d5d89bd9-4ef0-4187-a4ed-5de123bd9520/resourceGroups/mike-pa/providers/Microsoft.Network/publicIPAddresses/lin-72-publicip",
                        "attributes": {
                            "domain_name_label": "pa-lin-72",
                            "fqdn": "pa-lin-72.westus2.cloudapp.azure.com",
                            "id": "/subscriptions/d5d89bd9-4ef0-4187-a4ed-5de123bd9520/resourceGroups/mike-pa/providers/Microsoft.Network/publicIPAddresses/lin-72-publicip",
                            "idle_timeout_in_minutes": "30",
                            "location": "westus2",
                            "name": "lin-72-publicip",
                            "public_ip_address_allocation": "dynamic",
                            "resource_group_name": "mike-pa",
                            "tags.%": "0"
                        },
                        "meta": {},
                        "tainted": false
                    },
                    "deposed": [],
                    "provider": ""
                },
                "azurerm_public_ip.linux.72": {
                    "type": "azurerm_public_ip",
                    "depends_on": [
                        "azurerm_resource_group.global"
                    ],
                    "primary": {
                        "id": "/subscriptions/d5d89bd9-4ef0-4187-a4ed-5de123bd9520/resourceGroups/mike-pa/providers/Microsoft.Network/publicIPAddresses/lin-73-publicip",
                        "attributes": {
                            "domain_name_label": "pa-lin-73",
                            "fqdn": "pa-lin-73.westus2.cloudapp.azure.com",
                            "id": "/subscriptions/d5d89bd9-4ef0-4187-a4ed-5de123bd9520/resourceGroups/mike-pa/providers/Microsoft.Network/publicIPAddresses/lin-73-publicip",
                            "idle_timeout_in_minutes": "30",
                            "location": "westus2",
                            "name": "lin-73-publicip",
                            "public_ip_address_allocation": "dynamic",
                            "resource_group_name": "mike-pa",
                            "tags.%": "0"
                        },
                        "meta": {},
                        "tainted": false
                    },
                    "deposed": [],
                    "provider": ""
                },
                "azurerm_public_ip.linux.74": {
                    "type": "azurerm_public_ip",
                    "depends_on": [
                        "azurerm_resource_group.global"
                    ],
                    "primary": {
                        "id": "/subscriptions/d5d89bd9-4ef0-4187-a4ed-5de123bd9520/resourceGroups/mike-pa/providers/Microsoft.Network/publicIPAddresses/lin-75-publicip",
                        "attributes": {
                            "domain_name_label": "pa-lin-75",
                            "fqdn": "pa-lin-75.westus2.cloudapp.azure.com",
                            "id": "/subscriptions/d5d89bd9-4ef0-4187-a4ed-5de123bd9520/resourceGroups/mike-pa/providers/Microsoft.Network/publicIPAddresses/lin-75-publicip",
                            "idle_timeout_in_minutes": "30",
                            "location": "westus2",
                            "name": "lin-75-publicip",
                            "public_ip_address_allocation": "dynamic",
                            "resource_group_name": "mike-pa",
                            "tags.%": "0"
                        },
                        "meta": {},
                        "tainted": false
                    },
                    "deposed": [],
                    "provider": ""
                },
                "azurerm_public_ip.linux.75": {
                    "type": "azurerm_public_ip",
                    "depends_on": [
                        "azurerm_resource_group.global"
                    ],
                    "primary": {
                        "id": "/subscriptions/d5d89bd9-4ef0-4187-a4ed-5de123bd9520/resourceGroups/mike-pa/providers/Microsoft.Network/publicIPAddresses/lin-76-publicip",
                        "attributes": {
                            "domain_name_label": "pa-lin-76",
                            "fqdn": "pa-lin-76.westus2.cloudapp.azure.com",
                            "id": "/subscriptions/d5d89bd9-4ef0-4187-a4ed-5de123bd9520/resourceGroups/mike-pa/providers/Microsoft.Network/publicIPAddresses/lin-76-publicip",
                            "idle_timeout_in_minutes": "30",
                            "location": "westus2",
                            "name": "lin-76-publicip",
                            "public_ip_address_allocation": "dynamic",
                            "resource_group_name": "mike-pa",
                            "tags.%": "0"
                        },
                        "meta": {},
                        "tainted": false
                    },
                    "deposed": [],
                    "provider": ""
                },
                "azurerm_public_ip.linux.77": {
                    "type": "azurerm_public_ip",
                    "depends_on": [
                        "azurerm_resource_group.global"
                    ],
                    "primary": {
                        "id": "/subscriptions/d5d89bd9-4ef0-4187-a4ed-5de123bd9520/resourceGroups/mike-pa/providers/Microsoft.Network/publicIPAddresses/lin-78-publicip",
                        "attributes": {
                            "domain_name_label": "pa-lin-78",
                            "fqdn": "pa-lin-78.westus2.cloudapp.azure.com",
                            "id": "/subscriptions/d5d89bd9-4ef0-4187-a4ed-5de123bd9520/resourceGroups/mike-pa/providers/Microsoft.Network/publicIPAddresses/lin-78-publicip",
                            "idle_timeout_in_minutes": "30",
                            "location": "westus2",
                            "name": "lin-78-publicip",
                            "public_ip_address_allocation": "dynamic",
                            "resource_group_name": "mike-pa",
                            "tags.%": "0"
                        },
                        "meta": {},
                        "tainted": false
                    },
                    "deposed": [],
                    "provider": ""
                },
                "azurerm_public_ip.linux.78": {
                    "type": "azurerm_public_ip",
                    "depends_on": [
                        "azurerm_resource_group.global"
                    ],
                    "primary": {
                        "id": "/subscriptions/d5d89bd9-4ef0-4187-a4ed-5de123bd9520/resourceGroups/mike-pa/providers/Microsoft.Network/publicIPAddresses/lin-79-publicip",
                        "attributes": {
                            "domain_name_label": "pa-lin-79",
                            "fqdn": "pa-lin-79.westus2.cloudapp.azure.com",
                            "id": "/subscriptions/d5d89bd9-4ef0-4187-a4ed-5de123bd9520/resourceGroups/mike-pa/providers/Microsoft.Network/publicIPAddresses/lin-79-publicip",
                            "idle_timeout_in_minutes": "30",
                            "location": "westus2",
                            "name": "lin-79-publicip",
                            "public_ip_address_allocation": "dynamic",
                            "resource_group_name": "mike-pa",
                            "tags.%": "0"
                        },
                        "meta": {},
                        "tainted": false
                    },
                    "deposed": [],
                    "provider": ""
                },
                "azurerm_public_ip.linux.79": {
                    "type": "azurerm_public_ip",
                    "depends_on": [
                        "azurerm_resource_group.global"
                    ],
                    "primary": {
                        "id": "/subscriptions/d5d89bd9-4ef0-4187-a4ed-5de123bd9520/resourceGroups/mike-pa/providers/Microsoft.Network/publicIPAddresses/lin-80-publicip",
                        "attributes": {
                            "domain_name_label": "pa-lin-80",
                            "fqdn": "pa-lin-80.westus2.cloudapp.azure.com",
                            "id": "/subscriptions/d5d89bd9-4ef0-4187-a4ed-5de123bd9520/resourceGroups/mike-pa/providers/Microsoft.Network/publicIPAddresses/lin-80-publicip",
                            "idle_timeout_in_minutes": "30",
                            "location": "westus2",
                            "name": "lin-80-publicip",
                            "public_ip_address_allocation": "dynamic",
                            "resource_group_name": "mike-pa",
                            "tags.%": "0"
                        },
                        "meta": {},
                        "tainted": false
                    },
                    "deposed": [],
                    "provider": ""
                },
                "azurerm_public_ip.linux.8": {
                    "type": "azurerm_public_ip",
                    "depends_on": [
                        "azurerm_resource_group.global"
                    ],
                    "primary": {
                        "id": "/subscriptions/d5d89bd9-4ef0-4187-a4ed-5de123bd9520/resourceGroups/mike-pa/providers/Microsoft.Network/publicIPAddresses/lin-09-publicip",
                        "attributes": {
                            "domain_name_label": "pa-lin-09",
                            "fqdn": "pa-lin-09.westus2.cloudapp.azure.com",
                            "id": "/subscriptions/d5d89bd9-4ef0-4187-a4ed-5de123bd9520/resourceGroups/mike-pa/providers/Microsoft.Network/publicIPAddresses/lin-09-publicip",
                            "idle_timeout_in_minutes": "30",
                            "location": "westus2",
                            "name": "lin-09-publicip",
                            "public_ip_address_allocation": "dynamic",
                            "resource_group_name": "mike-pa",
                            "tags.%": "0"
                        },
                        "meta": {},
                        "tainted": false
                    },
                    "deposed": [],
                    "provider": ""
                },
                "azurerm_public_ip.linux.80": {
                    "type": "azurerm_public_ip",
                    "depends_on": [
                        "azurerm_resource_group.global"
                    ],
                    "primary": {
                        "id": "/subscriptions/d5d89bd9-4ef0-4187-a4ed-5de123bd9520/resourceGroups/mike-pa/providers/Microsoft.Network/publicIPAddresses/lin-81-publicip",
                        "attributes": {
                            "domain_name_label": "pa-lin-81",
                            "fqdn": "pa-lin-81.westus2.cloudapp.azure.com",
                            "id": "/subscriptions/d5d89bd9-4ef0-4187-a4ed-5de123bd9520/resourceGroups/mike-pa/providers/Microsoft.Network/publicIPAddresses/lin-81-publicip",
                            "idle_timeout_in_minutes": "30",
                            "location": "westus2",
                            "name": "lin-81-publicip",
                            "public_ip_address_allocation": "dynamic",
                            "resource_group_name": "mike-pa",
                            "tags.%": "0"
                        },
                        "meta": {},
                        "tainted": false
                    },
                    "deposed": [],
                    "provider": ""
                },
                "azurerm_public_ip.linux.81": {
                    "type": "azurerm_public_ip",
                    "depends_on": [
                        "azurerm_resource_group.global"
                    ],
                    "primary": {
                        "id": "/subscriptions/d5d89bd9-4ef0-4187-a4ed-5de123bd9520/resourceGroups/mike-pa/providers/Microsoft.Network/publicIPAddresses/lin-82-publicip",
                        "attributes": {
                            "domain_name_label": "pa-lin-82",
                            "fqdn": "pa-lin-82.westus2.cloudapp.azure.com",
                            "id": "/subscriptions/d5d89bd9-4ef0-4187-a4ed-5de123bd9520/resourceGroups/mike-pa/providers/Microsoft.Network/publicIPAddresses/lin-82-publicip",
                            "idle_timeout_in_minutes": "30",
                            "location": "westus2",
                            "name": "lin-82-publicip",
                            "public_ip_address_allocation": "dynamic",
                            "resource_group_name": "mike-pa",
                            "tags.%": "0"
                        },
                        "meta": {},
                        "tainted": false
                    },
                    "deposed": [],
                    "provider": ""
                },
                "azurerm_public_ip.linux.82": {
                    "type": "azurerm_public_ip",
                    "depends_on": [
                        "azurerm_resource_group.global"
                    ],
                    "primary": {
                        "id": "/subscriptions/d5d89bd9-4ef0-4187-a4ed-5de123bd9520/resourceGroups/mike-pa/providers/Microsoft.Network/publicIPAddresses/lin-83-publicip",
                        "attributes": {
                            "domain_name_label": "pa-lin-83",
                            "fqdn": "pa-lin-83.westus2.cloudapp.azure.com",
                            "id": "/subscriptions/d5d89bd9-4ef0-4187-a4ed-5de123bd9520/resourceGroups/mike-pa/providers/Microsoft.Network/publicIPAddresses/lin-83-publicip",
                            "idle_timeout_in_minutes": "30",
                            "location": "westus2",
                            "name": "lin-83-publicip",
                            "public_ip_address_allocation": "dynamic",
                            "resource_group_name": "mike-pa",
                            "tags.%": "0"
                        },
                        "meta": {},
                        "tainted": false
                    },
                    "deposed": [],
                    "provider": ""
                },
                "azurerm_public_ip.linux.83": {
                    "type": "azurerm_public_ip",
                    "depends_on": [
                        "azurerm_resource_group.global"
                    ],
                    "primary": {
                        "id": "/subscriptions/d5d89bd9-4ef0-4187-a4ed-5de123bd9520/resourceGroups/mike-pa/providers/Microsoft.Network/publicIPAddresses/lin-84-publicip",
                        "attributes": {
                            "domain_name_label": "pa-lin-84",
                            "fqdn": "pa-lin-84.westus2.cloudapp.azure.com",
                            "id": "/subscriptions/d5d89bd9-4ef0-4187-a4ed-5de123bd9520/resourceGroups/mike-pa/providers/Microsoft.Network/publicIPAddresses/lin-84-publicip",
                            "idle_timeout_in_minutes": "30",
                            "location": "westus2",
                            "name": "lin-84-publicip",
                            "public_ip_address_allocation": "dynamic",
                            "resource_group_name": "mike-pa",
                            "tags.%": "0"
                        },
                        "meta": {},
                        "tainted": false
                    },
                    "deposed": [],
                    "provider": ""
                },
                "azurerm_public_ip.linux.84": {
                    "type": "azurerm_public_ip",
                    "depends_on": [
                        "azurerm_resource_group.global"
                    ],
                    "primary": {
                        "id": "/subscriptions/d5d89bd9-4ef0-4187-a4ed-5de123bd9520/resourceGroups/mike-pa/providers/Microsoft.Network/publicIPAddresses/lin-85-publicip",
                        "attributes": {
                            "domain_name_label": "pa-lin-85",
                            "fqdn": "pa-lin-85.westus2.cloudapp.azure.com",
                            "id": "/subscriptions/d5d89bd9-4ef0-4187-a4ed-5de123bd9520/resourceGroups/mike-pa/providers/Microsoft.Network/publicIPAddresses/lin-85-publicip",
                            "idle_timeout_in_minutes": "30",
                            "location": "westus2",
                            "name": "lin-85-publicip",
                            "public_ip_address_allocation": "dynamic",
                            "resource_group_name": "mike-pa",
                            "tags.%": "0"
                        },
                        "meta": {},
                        "tainted": false
                    },
                    "deposed": [],
                    "provider": ""
                },
                "azurerm_public_ip.linux.85": {
                    "type": "azurerm_public_ip",
                    "depends_on": [
                        "azurerm_resource_group.global"
                    ],
                    "primary": {
                        "id": "/subscriptions/d5d89bd9-4ef0-4187-a4ed-5de123bd9520/resourceGroups/mike-pa/providers/Microsoft.Network/publicIPAddresses/lin-86-publicip",
                        "attributes": {
                            "domain_name_label": "pa-lin-86",
                            "fqdn": "pa-lin-86.westus2.cloudapp.azure.com",
                            "id": "/subscriptions/d5d89bd9-4ef0-4187-a4ed-5de123bd9520/resourceGroups/mike-pa/providers/Microsoft.Network/publicIPAddresses/lin-86-publicip",
                            "idle_timeout_in_minutes": "30",
                            "location": "westus2",
                            "name": "lin-86-publicip",
                            "public_ip_address_allocation": "dynamic",
                            "resource_group_name": "mike-pa",
                            "tags.%": "0"
                        },
                        "meta": {},
                        "tainted": false
                    },
                    "deposed": [],
                    "provider": ""
                },
                "azurerm_public_ip.linux.86": {
                    "type": "azurerm_public_ip",
                    "depends_on": [
                        "azurerm_resource_group.global"
                    ],
                    "primary": {
                        "id": "/subscriptions/d5d89bd9-4ef0-4187-a4ed-5de123bd9520/resourceGroups/mike-pa/providers/Microsoft.Network/publicIPAddresses/lin-87-publicip",
                        "attributes": {
                            "domain_name_label": "pa-lin-87",
                            "fqdn": "pa-lin-87.westus2.cloudapp.azure.com",
                            "id": "/subscriptions/d5d89bd9-4ef0-4187-a4ed-5de123bd9520/resourceGroups/mike-pa/providers/Microsoft.Network/publicIPAddresses/lin-87-publicip",
                            "idle_timeout_in_minutes": "30",
                            "location": "westus2",
                            "name": "lin-87-publicip",
                            "public_ip_address_allocation": "dynamic",
                            "resource_group_name": "mike-pa",
                            "tags.%": "0"
                        },
                        "meta": {},
                        "tainted": false
                    },
                    "deposed": [],
                    "provider": ""
                },
                "azurerm_public_ip.linux.87": {
                    "type": "azurerm_public_ip",
                    "depends_on": [
                        "azurerm_resource_group.global"
                    ],
                    "primary": {
                        "id": "/subscriptions/d5d89bd9-4ef0-4187-a4ed-5de123bd9520/resourceGroups/mike-pa/providers/Microsoft.Network/publicIPAddresses/lin-88-publicip",
                        "attributes": {
                            "domain_name_label": "pa-lin-88",
                            "fqdn": "pa-lin-88.westus2.cloudapp.azure.com",
                            "id": "/subscriptions/d5d89bd9-4ef0-4187-a4ed-5de123bd9520/resourceGroups/mike-pa/providers/Microsoft.Network/publicIPAddresses/lin-88-publicip",
                            "idle_timeout_in_minutes": "30",
                            "location": "westus2",
                            "name": "lin-88-publicip",
                            "public_ip_address_allocation": "dynamic",
                            "resource_group_name": "mike-pa",
                            "tags.%": "0"
                        },
                        "meta": {},
                        "tainted": false
                    },
                    "deposed": [],
                    "provider": ""
                },
                "azurerm_public_ip.linux.88": {
                    "type": "azurerm_public_ip",
                    "depends_on": [
                        "azurerm_resource_group.global"
                    ],
                    "primary": {
                        "id": "/subscriptions/d5d89bd9-4ef0-4187-a4ed-5de123bd9520/resourceGroups/mike-pa/providers/Microsoft.Network/publicIPAddresses/lin-89-publicip",
                        "attributes": {
                            "domain_name_label": "pa-lin-89",
                            "fqdn": "pa-lin-89.westus2.cloudapp.azure.com",
                            "id": "/subscriptions/d5d89bd9-4ef0-4187-a4ed-5de123bd9520/resourceGroups/mike-pa/providers/Microsoft.Network/publicIPAddresses/lin-89-publicip",
                            "idle_timeout_in_minutes": "30",
                            "location": "westus2",
                            "name": "lin-89-publicip",
                            "public_ip_address_allocation": "dynamic",
                            "resource_group_name": "mike-pa",
                            "tags.%": "0"
                        },
                        "meta": {},
                        "tainted": false
                    },
                    "deposed": [],
                    "provider": ""
                },
                "azurerm_public_ip.linux.89": {
                    "type": "azurerm_public_ip",
                    "depends_on": [
                        "azurerm_resource_group.global"
                    ],
                    "primary": {
                        "id": "/subscriptions/d5d89bd9-4ef0-4187-a4ed-5de123bd9520/resourceGroups/mike-pa/providers/Microsoft.Network/publicIPAddresses/lin-90-publicip",
                        "attributes": {
                            "domain_name_label": "pa-lin-90",
                            "fqdn": "pa-lin-90.westus2.cloudapp.azure.com",
                            "id": "/subscriptions/d5d89bd9-4ef0-4187-a4ed-5de123bd9520/resourceGroups/mike-pa/providers/Microsoft.Network/publicIPAddresses/lin-90-publicip",
                            "idle_timeout_in_minutes": "30",
                            "location": "westus2",
                            "name": "lin-90-publicip",
                            "public_ip_address_allocation": "dynamic",
                            "resource_group_name": "mike-pa",
                            "tags.%": "0"
                        },
                        "meta": {},
                        "tainted": false
                    },
                    "deposed": [],
                    "provider": ""
                },
                "azurerm_public_ip.linux.9": {
                    "type": "azurerm_public_ip",
                    "depends_on": [
                        "azurerm_resource_group.global"
                    ],
                    "primary": {
                        "id": "/subscriptions/d5d89bd9-4ef0-4187-a4ed-5de123bd9520/resourceGroups/mike-pa/providers/Microsoft.Network/publicIPAddresses/lin-10-publicip",
                        "attributes": {
                            "domain_name_label": "pa-lin-10",
                            "fqdn": "pa-lin-10.westus2.cloudapp.azure.com",
                            "id": "/subscriptions/d5d89bd9-4ef0-4187-a4ed-5de123bd9520/resourceGroups/mike-pa/providers/Microsoft.Network/publicIPAddresses/lin-10-publicip",
                            "idle_timeout_in_minutes": "30",
                            "location": "westus2",
                            "name": "lin-10-publicip",
                            "public_ip_address_allocation": "dynamic",
                            "resource_group_name": "mike-pa",
                            "tags.%": "0"
                        },
                        "meta": {},
                        "tainted": false
                    },
                    "deposed": [],
                    "provider": ""
                },
                "azurerm_public_ip.linux.91": {
                    "type": "azurerm_public_ip",
                    "depends_on": [
                        "azurerm_resource_group.global"
                    ],
                    "primary": {
                        "id": "/subscriptions/d5d89bd9-4ef0-4187-a4ed-5de123bd9520/resourceGroups/mike-pa/providers/Microsoft.Network/publicIPAddresses/lin-92-publicip",
                        "attributes": {
                            "domain_name_label": "pa-lin-92",
                            "fqdn": "pa-lin-92.westus2.cloudapp.azure.com",
                            "id": "/subscriptions/d5d89bd9-4ef0-4187-a4ed-5de123bd9520/resourceGroups/mike-pa/providers/Microsoft.Network/publicIPAddresses/lin-92-publicip",
                            "idle_timeout_in_minutes": "30",
                            "location": "westus2",
                            "name": "lin-92-publicip",
                            "public_ip_address_allocation": "dynamic",
                            "resource_group_name": "mike-pa",
                            "tags.%": "0"
                        },
                        "meta": {},
                        "tainted": false
                    },
                    "deposed": [],
                    "provider": ""
                },
                "azurerm_public_ip.linux.92": {
                    "type": "azurerm_public_ip",
                    "depends_on": [
                        "azurerm_resource_group.global"
                    ],
                    "primary": {
                        "id": "/subscriptions/d5d89bd9-4ef0-4187-a4ed-5de123bd9520/resourceGroups/mike-pa/providers/Microsoft.Network/publicIPAddresses/lin-93-publicip",
                        "attributes": {
                            "domain_name_label": "pa-lin-93",
                            "fqdn": "pa-lin-93.westus2.cloudapp.azure.com",
                            "id": "/subscriptions/d5d89bd9-4ef0-4187-a4ed-5de123bd9520/resourceGroups/mike-pa/providers/Microsoft.Network/publicIPAddresses/lin-93-publicip",
                            "idle_timeout_in_minutes": "30",
                            "location": "westus2",
                            "name": "lin-93-publicip",
                            "public_ip_address_allocation": "dynamic",
                            "resource_group_name": "mike-pa",
                            "tags.%": "0"
                        },
                        "meta": {},
                        "tainted": false
                    },
                    "deposed": [],
                    "provider": ""
                },
                "azurerm_public_ip.linux.93": {
                    "type": "azurerm_public_ip",
                    "depends_on": [
                        "azurerm_resource_group.global"
                    ],
                    "primary": {
                        "id": "/subscriptions/d5d89bd9-4ef0-4187-a4ed-5de123bd9520/resourceGroups/mike-pa/providers/Microsoft.Network/publicIPAddresses/lin-94-publicip",
                        "attributes": {
                            "domain_name_label": "pa-lin-94",
                            "fqdn": "pa-lin-94.westus2.cloudapp.azure.com",
                            "id": "/subscriptions/d5d89bd9-4ef0-4187-a4ed-5de123bd9520/resourceGroups/mike-pa/providers/Microsoft.Network/publicIPAddresses/lin-94-publicip",
                            "idle_timeout_in_minutes": "30",
                            "location": "westus2",
                            "name": "lin-94-publicip",
                            "public_ip_address_allocation": "dynamic",
                            "resource_group_name": "mike-pa",
                            "tags.%": "0"
                        },
                        "meta": {},
                        "tainted": false
                    },
                    "deposed": [],
                    "provider": ""
                },
                "azurerm_public_ip.linux.94": {
                    "type": "azurerm_public_ip",
                    "depends_on": [
                        "azurerm_resource_group.global"
                    ],
                    "primary": {
                        "id": "/subscriptions/d5d89bd9-4ef0-4187-a4ed-5de123bd9520/resourceGroups/mike-pa/providers/Microsoft.Network/publicIPAddresses/lin-95-publicip",
                        "attributes": {
                            "domain_name_label": "pa-lin-95",
                            "fqdn": "pa-lin-95.westus2.cloudapp.azure.com",
                            "id": "/subscriptions/d5d89bd9-4ef0-4187-a4ed-5de123bd9520/resourceGroups/mike-pa/providers/Microsoft.Network/publicIPAddresses/lin-95-publicip",
                            "idle_timeout_in_minutes": "30",
                            "location": "westus2",
                            "name": "lin-95-publicip",
                            "public_ip_address_allocation": "dynamic",
                            "resource_group_name": "mike-pa",
                            "tags.%": "0"
                        },
                        "meta": {},
                        "tainted": false
                    },
                    "deposed": [],
                    "provider": ""
                },
                "azurerm_public_ip.linux.95": {
                    "type": "azurerm_public_ip",
                    "depends_on": [
                        "azurerm_resource_group.global"
                    ],
                    "primary": {
                        "id": "/subscriptions/d5d89bd9-4ef0-4187-a4ed-5de123bd9520/resourceGroups/mike-pa/providers/Microsoft.Network/publicIPAddresses/lin-96-publicip",
                        "attributes": {
                            "domain_name_label": "pa-lin-96",
                            "fqdn": "pa-lin-96.westus2.cloudapp.azure.com",
                            "id": "/subscriptions/d5d89bd9-4ef0-4187-a4ed-5de123bd9520/resourceGroups/mike-pa/providers/Microsoft.Network/publicIPAddresses/lin-96-publicip",
                            "idle_timeout_in_minutes": "30",
                            "location": "westus2",
                            "name": "lin-96-publicip",
                            "public_ip_address_allocation": "dynamic",
                            "resource_group_name": "mike-pa",
                            "tags.%": "0"
                        },
                        "meta": {},
                        "tainted": false
                    },
                    "deposed": [],
                    "provider": ""
                },
                "azurerm_public_ip.linux.96": {
                    "type": "azurerm_public_ip",
                    "depends_on": [
                        "azurerm_resource_group.global"
                    ],
                    "primary": {
                        "id": "/subscriptions/d5d89bd9-4ef0-4187-a4ed-5de123bd9520/resourceGroups/mike-pa/providers/Microsoft.Network/publicIPAddresses/lin-97-publicip",
                        "attributes": {
                            "domain_name_label": "pa-lin-97",
                            "fqdn": "pa-lin-97.westus2.cloudapp.azure.com",
                            "id": "/subscriptions/d5d89bd9-4ef0-4187-a4ed-5de123bd9520/resourceGroups/mike-pa/providers/Microsoft.Network/publicIPAddresses/lin-97-publicip",
                            "idle_timeout_in_minutes": "30",
                            "location": "westus2",
                            "name": "lin-97-publicip",
                            "public_ip_address_allocation": "dynamic",
                            "resource_group_name": "mike-pa",
                            "tags.%": "0"
                        },
                        "meta": {},
                        "tainted": false
                    },
                    "deposed": [],
                    "provider": ""
                },
                "azurerm_public_ip.linux.97": {
                    "type": "azurerm_public_ip",
                    "depends_on": [
                        "azurerm_resource_group.global"
                    ],
                    "primary": {
                        "id": "/subscriptions/d5d89bd9-4ef0-4187-a4ed-5de123bd9520/resourceGroups/mike-pa/providers/Microsoft.Network/publicIPAddresses/lin-98-publicip",
                        "attributes": {
                            "domain_name_label": "pa-lin-98",
                            "fqdn": "pa-lin-98.westus2.cloudapp.azure.com",
                            "id": "/subscriptions/d5d89bd9-4ef0-4187-a4ed-5de123bd9520/resourceGroups/mike-pa/providers/Microsoft.Network/publicIPAddresses/lin-98-publicip",
                            "idle_timeout_in_minutes": "30",
                            "location": "westus2",
                            "name": "lin-98-publicip",
                            "public_ip_address_allocation": "dynamic",
                            "resource_group_name": "mike-pa",
                            "tags.%": "0"
                        },
                        "meta": {},
                        "tainted": false
                    },
                    "deposed": [],
                    "provider": ""
                },
                "azurerm_public_ip.linux.98": {
                    "type": "azurerm_public_ip",
                    "depends_on": [
                        "azurerm_resource_group.global"
                    ],
                    "primary": {
                        "id": "/subscriptions/d5d89bd9-4ef0-4187-a4ed-5de123bd9520/resourceGroups/mike-pa/providers/Microsoft.Network/publicIPAddresses/lin-99-publicip",
                        "attributes": {
                            "domain_name_label": "pa-lin-99",
                            "fqdn": "pa-lin-99.westus2.cloudapp.azure.com",
                            "id": "/subscriptions/d5d89bd9-4ef0-4187-a4ed-5de123bd9520/resourceGroups/mike-pa/providers/Microsoft.Network/publicIPAddresses/lin-99-publicip",
                            "idle_timeout_in_minutes": "30",
                            "location": "westus2",
                            "name": "lin-99-publicip",
                            "public_ip_address_allocation": "dynamic",
                            "resource_group_name": "mike-pa",
                            "tags.%": "0"
                        },
                        "meta": {},
                        "tainted": false
                    },
                    "deposed": [],
                    "provider": ""
                },
                "azurerm_public_ip.linux.99": {
                    "type": "azurerm_public_ip",
                    "depends_on": [
                        "azurerm_resource_group.global"
                    ],
                    "primary": {
                        "id": "/subscriptions/d5d89bd9-4ef0-4187-a4ed-5de123bd9520/resourceGroups/mike-pa/providers/Microsoft.Network/publicIPAddresses/lin-100-publicip",
                        "attributes": {
                            "domain_name_label": "pa-lin-100",
                            "fqdn": "pa-lin-100.westus2.cloudapp.azure.com",
                            "id": "/subscriptions/d5d89bd9-4ef0-4187-a4ed-5de123bd9520/resourceGroups/mike-pa/providers/Microsoft.Network/publicIPAddresses/lin-100-publicip",
                            "idle_timeout_in_minutes": "30",
                            "location": "westus2",
                            "name": "lin-100-publicip",
                            "public_ip_address_allocation": "dynamic",
                            "resource_group_name": "mike-pa",
                            "tags.%": "0"
                        },
                        "meta": {},
                        "tainted": false
                    },
                    "deposed": [],
                    "provider": ""
                },
                "azurerm_public_ip.windows.0": {
                    "type": "azurerm_public_ip",
                    "depends_on": [
                        "azurerm_resource_group.global"
                    ],
                    "primary": {
                        "id": "/subscriptions/d5d89bd9-4ef0-4187-a4ed-5de123bd9520/resourceGroups/mike-pa/providers/Microsoft.Network/publicIPAddresses/win-01-publicip",
                        "attributes": {
                            "domain_name_label": "pa-win-01",
                            "fqdn": "pa-win-01.westus2.cloudapp.azure.com",
                            "id": "/subscriptions/d5d89bd9-4ef0-4187-a4ed-5de123bd9520/resourceGroups/mike-pa/providers/Microsoft.Network/publicIPAddresses/win-01-publicip",
                            "idle_timeout_in_minutes": "30",
                            "location": "westus2",
                            "name": "win-01-publicip",
                            "public_ip_address_allocation": "dynamic",
                            "resource_group_name": "mike-pa",
                            "tags.%": "0"
                        },
                        "meta": {},
                        "tainted": false
                    },
                    "deposed": [],
                    "provider": ""
                },
                "azurerm_public_ip.windows.1": {
                    "type": "azurerm_public_ip",
                    "depends_on": [
                        "azurerm_resource_group.global"
                    ],
                    "primary": {
                        "id": "/subscriptions/d5d89bd9-4ef0-4187-a4ed-5de123bd9520/resourceGroups/mike-pa/providers/Microsoft.Network/publicIPAddresses/win-02-publicip",
                        "attributes": {
                            "domain_name_label": "pa-win-02",
                            "fqdn": "pa-win-02.westus2.cloudapp.azure.com",
                            "id": "/subscriptions/d5d89bd9-4ef0-4187-a4ed-5de123bd9520/resourceGroups/mike-pa/providers/Microsoft.Network/publicIPAddresses/win-02-publicip",
                            "idle_timeout_in_minutes": "30",
                            "location": "westus2",
                            "name": "win-02-publicip",
                            "public_ip_address_allocation": "dynamic",
                            "resource_group_name": "mike-pa",
                            "tags.%": "0"
                        },
                        "meta": {},
                        "tainted": false
                    },
                    "deposed": [],
                    "provider": ""
                },
                "azurerm_public_ip.windows.10": {
                    "type": "azurerm_public_ip",
                    "depends_on": [
                        "azurerm_resource_group.global"
                    ],
                    "primary": {
                        "id": "/subscriptions/d5d89bd9-4ef0-4187-a4ed-5de123bd9520/resourceGroups/mike-pa/providers/Microsoft.Network/publicIPAddresses/win-11-publicip",
                        "attributes": {
                            "domain_name_label": "pa-win-11",
                            "fqdn": "pa-win-11.westus2.cloudapp.azure.com",
                            "id": "/subscriptions/d5d89bd9-4ef0-4187-a4ed-5de123bd9520/resourceGroups/mike-pa/providers/Microsoft.Network/publicIPAddresses/win-11-publicip",
                            "idle_timeout_in_minutes": "30",
                            "location": "westus2",
                            "name": "win-11-publicip",
                            "public_ip_address_allocation": "dynamic",
                            "resource_group_name": "mike-pa",
                            "tags.%": "0"
                        },
                        "meta": {},
                        "tainted": false
                    },
                    "deposed": [],
                    "provider": ""
                },
                "azurerm_public_ip.windows.13": {
                    "type": "azurerm_public_ip",
                    "depends_on": [
                        "azurerm_resource_group.global"
                    ],
                    "primary": {
                        "id": "/subscriptions/d5d89bd9-4ef0-4187-a4ed-5de123bd9520/resourceGroups/mike-pa/providers/Microsoft.Network/publicIPAddresses/win-14-publicip",
                        "attributes": {
                            "domain_name_label": "pa-win-14",
                            "fqdn": "pa-win-14.westus2.cloudapp.azure.com",
                            "id": "/subscriptions/d5d89bd9-4ef0-4187-a4ed-5de123bd9520/resourceGroups/mike-pa/providers/Microsoft.Network/publicIPAddresses/win-14-publicip",
                            "idle_timeout_in_minutes": "30",
                            "location": "westus2",
                            "name": "win-14-publicip",
                            "public_ip_address_allocation": "dynamic",
                            "resource_group_name": "mike-pa",
                            "tags.%": "0"
                        },
                        "meta": {},
                        "tainted": false
                    },
                    "deposed": [],
                    "provider": ""
                },
                "azurerm_public_ip.windows.14": {
                    "type": "azurerm_public_ip",
                    "depends_on": [
                        "azurerm_resource_group.global"
                    ],
                    "primary": {
                        "id": "/subscriptions/d5d89bd9-4ef0-4187-a4ed-5de123bd9520/resourceGroups/mike-pa/providers/Microsoft.Network/publicIPAddresses/win-15-publicip",
                        "attributes": {
                            "domain_name_label": "pa-win-15",
                            "fqdn": "pa-win-15.westus2.cloudapp.azure.com",
                            "id": "/subscriptions/d5d89bd9-4ef0-4187-a4ed-5de123bd9520/resourceGroups/mike-pa/providers/Microsoft.Network/publicIPAddresses/win-15-publicip",
                            "idle_timeout_in_minutes": "30",
                            "location": "westus2",
                            "name": "win-15-publicip",
                            "public_ip_address_allocation": "dynamic",
                            "resource_group_name": "mike-pa",
                            "tags.%": "0"
                        },
                        "meta": {},
                        "tainted": false
                    },
                    "deposed": [],
                    "provider": ""
                },
                "azurerm_public_ip.windows.15": {
                    "type": "azurerm_public_ip",
                    "depends_on": [
                        "azurerm_resource_group.global"
                    ],
                    "primary": {
                        "id": "/subscriptions/d5d89bd9-4ef0-4187-a4ed-5de123bd9520/resourceGroups/mike-pa/providers/Microsoft.Network/publicIPAddresses/win-16-publicip",
                        "attributes": {
                            "domain_name_label": "pa-win-16",
                            "fqdn": "pa-win-16.westus2.cloudapp.azure.com",
                            "id": "/subscriptions/d5d89bd9-4ef0-4187-a4ed-5de123bd9520/resourceGroups/mike-pa/providers/Microsoft.Network/publicIPAddresses/win-16-publicip",
                            "idle_timeout_in_minutes": "30",
                            "location": "westus2",
                            "name": "win-16-publicip",
                            "public_ip_address_allocation": "dynamic",
                            "resource_group_name": "mike-pa",
                            "tags.%": "0"
                        },
                        "meta": {},
                        "tainted": false
                    },
                    "deposed": [],
                    "provider": ""
                },
                "azurerm_public_ip.windows.16": {
                    "type": "azurerm_public_ip",
                    "depends_on": [
                        "azurerm_resource_group.global"
                    ],
                    "primary": {
                        "id": "/subscriptions/d5d89bd9-4ef0-4187-a4ed-5de123bd9520/resourceGroups/mike-pa/providers/Microsoft.Network/publicIPAddresses/win-17-publicip",
                        "attributes": {
                            "domain_name_label": "pa-win-17",
                            "fqdn": "pa-win-17.westus2.cloudapp.azure.com",
                            "id": "/subscriptions/d5d89bd9-4ef0-4187-a4ed-5de123bd9520/resourceGroups/mike-pa/providers/Microsoft.Network/publicIPAddresses/win-17-publicip",
                            "idle_timeout_in_minutes": "30",
                            "location": "westus2",
                            "name": "win-17-publicip",
                            "public_ip_address_allocation": "dynamic",
                            "resource_group_name": "mike-pa",
                            "tags.%": "0"
                        },
                        "meta": {},
                        "tainted": false
                    },
                    "deposed": [],
                    "provider": ""
                },
                "azurerm_public_ip.windows.18": {
                    "type": "azurerm_public_ip",
                    "depends_on": [
                        "azurerm_resource_group.global"
                    ],
                    "primary": {
                        "id": "/subscriptions/d5d89bd9-4ef0-4187-a4ed-5de123bd9520/resourceGroups/mike-pa/providers/Microsoft.Network/publicIPAddresses/win-19-publicip",
                        "attributes": {
                            "domain_name_label": "pa-win-19",
                            "fqdn": "pa-win-19.westus2.cloudapp.azure.com",
                            "id": "/subscriptions/d5d89bd9-4ef0-4187-a4ed-5de123bd9520/resourceGroups/mike-pa/providers/Microsoft.Network/publicIPAddresses/win-19-publicip",
                            "idle_timeout_in_minutes": "30",
                            "location": "westus2",
                            "name": "win-19-publicip",
                            "public_ip_address_allocation": "dynamic",
                            "resource_group_name": "mike-pa",
                            "tags.%": "0"
                        },
                        "meta": {},
                        "tainted": false
                    },
                    "deposed": [],
                    "provider": ""
                },
                "azurerm_public_ip.windows.19": {
                    "type": "azurerm_public_ip",
                    "depends_on": [
                        "azurerm_resource_group.global"
                    ],
                    "primary": {
                        "id": "/subscriptions/d5d89bd9-4ef0-4187-a4ed-5de123bd9520/resourceGroups/mike-pa/providers/Microsoft.Network/publicIPAddresses/win-20-publicip",
                        "attributes": {
                            "domain_name_label": "pa-win-20",
                            "fqdn": "pa-win-20.westus2.cloudapp.azure.com",
                            "id": "/subscriptions/d5d89bd9-4ef0-4187-a4ed-5de123bd9520/resourceGroups/mike-pa/providers/Microsoft.Network/publicIPAddresses/win-20-publicip",
                            "idle_timeout_in_minutes": "30",
                            "location": "westus2",
                            "name": "win-20-publicip",
                            "public_ip_address_allocation": "dynamic",
                            "resource_group_name": "mike-pa",
                            "tags.%": "0"
                        },
                        "meta": {},
                        "tainted": false
                    },
                    "deposed": [],
                    "provider": ""
                },
                "azurerm_public_ip.windows.2": {
                    "type": "azurerm_public_ip",
                    "depends_on": [
                        "azurerm_resource_group.global"
                    ],
                    "primary": {
                        "id": "/subscriptions/d5d89bd9-4ef0-4187-a4ed-5de123bd9520/resourceGroups/mike-pa/providers/Microsoft.Network/publicIPAddresses/win-03-publicip",
                        "attributes": {
                            "domain_name_label": "pa-win-03",
                            "fqdn": "pa-win-03.westus2.cloudapp.azure.com",
                            "id": "/subscriptions/d5d89bd9-4ef0-4187-a4ed-5de123bd9520/resourceGroups/mike-pa/providers/Microsoft.Network/publicIPAddresses/win-03-publicip",
                            "idle_timeout_in_minutes": "30",
                            "location": "westus2",
                            "name": "win-03-publicip",
                            "public_ip_address_allocation": "dynamic",
                            "resource_group_name": "mike-pa",
                            "tags.%": "0"
                        },
                        "meta": {},
                        "tainted": false
                    },
                    "deposed": [],
                    "provider": ""
                },
                "azurerm_public_ip.windows.20": {
                    "type": "azurerm_public_ip",
                    "depends_on": [
                        "azurerm_resource_group.global"
                    ],
                    "primary": {
                        "id": "/subscriptions/d5d89bd9-4ef0-4187-a4ed-5de123bd9520/resourceGroups/mike-pa/providers/Microsoft.Network/publicIPAddresses/win-21-publicip",
                        "attributes": {
                            "domain_name_label": "pa-win-21",
                            "fqdn": "pa-win-21.westus2.cloudapp.azure.com",
                            "id": "/subscriptions/d5d89bd9-4ef0-4187-a4ed-5de123bd9520/resourceGroups/mike-pa/providers/Microsoft.Network/publicIPAddresses/win-21-publicip",
                            "idle_timeout_in_minutes": "30",
                            "location": "westus2",
                            "name": "win-21-publicip",
                            "public_ip_address_allocation": "dynamic",
                            "resource_group_name": "mike-pa",
                            "tags.%": "0"
                        },
                        "meta": {},
                        "tainted": false
                    },
                    "deposed": [],
                    "provider": ""
                },
                "azurerm_public_ip.windows.21": {
                    "type": "azurerm_public_ip",
                    "depends_on": [
                        "azurerm_resource_group.global"
                    ],
                    "primary": {
                        "id": "/subscriptions/d5d89bd9-4ef0-4187-a4ed-5de123bd9520/resourceGroups/mike-pa/providers/Microsoft.Network/publicIPAddresses/win-22-publicip",
                        "attributes": {
                            "domain_name_label": "pa-win-22",
                            "fqdn": "pa-win-22.westus2.cloudapp.azure.com",
                            "id": "/subscriptions/d5d89bd9-4ef0-4187-a4ed-5de123bd9520/resourceGroups/mike-pa/providers/Microsoft.Network/publicIPAddresses/win-22-publicip",
                            "idle_timeout_in_minutes": "30",
                            "location": "westus2",
                            "name": "win-22-publicip",
                            "public_ip_address_allocation": "dynamic",
                            "resource_group_name": "mike-pa",
                            "tags.%": "0"
                        },
                        "meta": {},
                        "tainted": false
                    },
                    "deposed": [],
                    "provider": ""
                },
                "azurerm_public_ip.windows.22": {
                    "type": "azurerm_public_ip",
                    "depends_on": [
                        "azurerm_resource_group.global"
                    ],
                    "primary": {
                        "id": "/subscriptions/d5d89bd9-4ef0-4187-a4ed-5de123bd9520/resourceGroups/mike-pa/providers/Microsoft.Network/publicIPAddresses/win-23-publicip",
                        "attributes": {
                            "domain_name_label": "pa-win-23",
                            "fqdn": "pa-win-23.westus2.cloudapp.azure.com",
                            "id": "/subscriptions/d5d89bd9-4ef0-4187-a4ed-5de123bd9520/resourceGroups/mike-pa/providers/Microsoft.Network/publicIPAddresses/win-23-publicip",
                            "idle_timeout_in_minutes": "30",
                            "location": "westus2",
                            "name": "win-23-publicip",
                            "public_ip_address_allocation": "dynamic",
                            "resource_group_name": "mike-pa",
                            "tags.%": "0"
                        },
                        "meta": {},
                        "tainted": false
                    },
                    "deposed": [],
                    "provider": ""
                },
                "azurerm_public_ip.windows.23": {
                    "type": "azurerm_public_ip",
                    "depends_on": [
                        "azurerm_resource_group.global"
                    ],
                    "primary": {
                        "id": "/subscriptions/d5d89bd9-4ef0-4187-a4ed-5de123bd9520/resourceGroups/mike-pa/providers/Microsoft.Network/publicIPAddresses/win-24-publicip",
                        "attributes": {
                            "domain_name_label": "pa-win-24",
                            "fqdn": "pa-win-24.westus2.cloudapp.azure.com",
                            "id": "/subscriptions/d5d89bd9-4ef0-4187-a4ed-5de123bd9520/resourceGroups/mike-pa/providers/Microsoft.Network/publicIPAddresses/win-24-publicip",
                            "idle_timeout_in_minutes": "30",
                            "location": "westus2",
                            "name": "win-24-publicip",
                            "public_ip_address_allocation": "dynamic",
                            "resource_group_name": "mike-pa",
                            "tags.%": "0"
                        },
                        "meta": {},
                        "tainted": false
                    },
                    "deposed": [],
                    "provider": ""
                },
                "azurerm_public_ip.windows.24": {
                    "type": "azurerm_public_ip",
                    "depends_on": [
                        "azurerm_resource_group.global"
                    ],
                    "primary": {
                        "id": "/subscriptions/d5d89bd9-4ef0-4187-a4ed-5de123bd9520/resourceGroups/mike-pa/providers/Microsoft.Network/publicIPAddresses/win-25-publicip",
                        "attributes": {
                            "domain_name_label": "pa-win-25",
                            "fqdn": "pa-win-25.westus2.cloudapp.azure.com",
                            "id": "/subscriptions/d5d89bd9-4ef0-4187-a4ed-5de123bd9520/resourceGroups/mike-pa/providers/Microsoft.Network/publicIPAddresses/win-25-publicip",
                            "idle_timeout_in_minutes": "30",
                            "location": "westus2",
                            "name": "win-25-publicip",
                            "public_ip_address_allocation": "dynamic",
                            "resource_group_name": "mike-pa",
                            "tags.%": "0"
                        },
                        "meta": {},
                        "tainted": false
                    },
                    "deposed": [],
                    "provider": ""
                },
                "azurerm_public_ip.windows.25": {
                    "type": "azurerm_public_ip",
                    "depends_on": [
                        "azurerm_resource_group.global"
                    ],
                    "primary": {
                        "id": "/subscriptions/d5d89bd9-4ef0-4187-a4ed-5de123bd9520/resourceGroups/mike-pa/providers/Microsoft.Network/publicIPAddresses/win-26-publicip",
                        "attributes": {
                            "domain_name_label": "pa-win-26",
                            "fqdn": "pa-win-26.westus2.cloudapp.azure.com",
                            "id": "/subscriptions/d5d89bd9-4ef0-4187-a4ed-5de123bd9520/resourceGroups/mike-pa/providers/Microsoft.Network/publicIPAddresses/win-26-publicip",
                            "idle_timeout_in_minutes": "30",
                            "location": "westus2",
                            "name": "win-26-publicip",
                            "public_ip_address_allocation": "dynamic",
                            "resource_group_name": "mike-pa",
                            "tags.%": "0"
                        },
                        "meta": {},
                        "tainted": false
                    },
                    "deposed": [],
                    "provider": ""
                },
                "azurerm_public_ip.windows.26": {
                    "type": "azurerm_public_ip",
                    "depends_on": [
                        "azurerm_resource_group.global"
                    ],
                    "primary": {
                        "id": "/subscriptions/d5d89bd9-4ef0-4187-a4ed-5de123bd9520/resourceGroups/mike-pa/providers/Microsoft.Network/publicIPAddresses/win-27-publicip",
                        "attributes": {
                            "domain_name_label": "pa-win-27",
                            "fqdn": "pa-win-27.westus2.cloudapp.azure.com",
                            "id": "/subscriptions/d5d89bd9-4ef0-4187-a4ed-5de123bd9520/resourceGroups/mike-pa/providers/Microsoft.Network/publicIPAddresses/win-27-publicip",
                            "idle_timeout_in_minutes": "30",
                            "location": "westus2",
                            "name": "win-27-publicip",
                            "public_ip_address_allocation": "dynamic",
                            "resource_group_name": "mike-pa",
                            "tags.%": "0"
                        },
                        "meta": {},
                        "tainted": false
                    },
                    "deposed": [],
                    "provider": ""
                },
                "azurerm_public_ip.windows.27": {
                    "type": "azurerm_public_ip",
                    "depends_on": [
                        "azurerm_resource_group.global"
                    ],
                    "primary": {
                        "id": "/subscriptions/d5d89bd9-4ef0-4187-a4ed-5de123bd9520/resourceGroups/mike-pa/providers/Microsoft.Network/publicIPAddresses/win-28-publicip",
                        "attributes": {
                            "domain_name_label": "pa-win-28",
                            "fqdn": "pa-win-28.westus2.cloudapp.azure.com",
                            "id": "/subscriptions/d5d89bd9-4ef0-4187-a4ed-5de123bd9520/resourceGroups/mike-pa/providers/Microsoft.Network/publicIPAddresses/win-28-publicip",
                            "idle_timeout_in_minutes": "30",
                            "location": "westus2",
                            "name": "win-28-publicip",
                            "public_ip_address_allocation": "dynamic",
                            "resource_group_name": "mike-pa",
                            "tags.%": "0"
                        },
                        "meta": {},
                        "tainted": false
                    },
                    "deposed": [],
                    "provider": ""
                },
                "azurerm_public_ip.windows.28": {
                    "type": "azurerm_public_ip",
                    "depends_on": [
                        "azurerm_resource_group.global"
                    ],
                    "primary": {
                        "id": "/subscriptions/d5d89bd9-4ef0-4187-a4ed-5de123bd9520/resourceGroups/mike-pa/providers/Microsoft.Network/publicIPAddresses/win-29-publicip",
                        "attributes": {
                            "domain_name_label": "pa-win-29",
                            "fqdn": "pa-win-29.westus2.cloudapp.azure.com",
                            "id": "/subscriptions/d5d89bd9-4ef0-4187-a4ed-5de123bd9520/resourceGroups/mike-pa/providers/Microsoft.Network/publicIPAddresses/win-29-publicip",
                            "idle_timeout_in_minutes": "30",
                            "location": "westus2",
                            "name": "win-29-publicip",
                            "public_ip_address_allocation": "dynamic",
                            "resource_group_name": "mike-pa",
                            "tags.%": "0"
                        },
                        "meta": {},
                        "tainted": false
                    },
                    "deposed": [],
                    "provider": ""
                },
                "azurerm_public_ip.windows.29": {
                    "type": "azurerm_public_ip",
                    "depends_on": [
                        "azurerm_resource_group.global"
                    ],
                    "primary": {
                        "id": "/subscriptions/d5d89bd9-4ef0-4187-a4ed-5de123bd9520/resourceGroups/mike-pa/providers/Microsoft.Network/publicIPAddresses/win-30-publicip",
                        "attributes": {
                            "domain_name_label": "pa-win-30",
                            "fqdn": "pa-win-30.westus2.cloudapp.azure.com",
                            "id": "/subscriptions/d5d89bd9-4ef0-4187-a4ed-5de123bd9520/resourceGroups/mike-pa/providers/Microsoft.Network/publicIPAddresses/win-30-publicip",
                            "idle_timeout_in_minutes": "30",
                            "location": "westus2",
                            "name": "win-30-publicip",
                            "public_ip_address_allocation": "dynamic",
                            "resource_group_name": "mike-pa",
                            "tags.%": "0"
                        },
                        "meta": {},
                        "tainted": false
                    },
                    "deposed": [],
                    "provider": ""
                },
                "azurerm_public_ip.windows.3": {
                    "type": "azurerm_public_ip",
                    "depends_on": [
                        "azurerm_resource_group.global"
                    ],
                    "primary": {
                        "id": "/subscriptions/d5d89bd9-4ef0-4187-a4ed-5de123bd9520/resourceGroups/mike-pa/providers/Microsoft.Network/publicIPAddresses/win-04-publicip",
                        "attributes": {
                            "domain_name_label": "pa-win-04",
                            "fqdn": "pa-win-04.westus2.cloudapp.azure.com",
                            "id": "/subscriptions/d5d89bd9-4ef0-4187-a4ed-5de123bd9520/resourceGroups/mike-pa/providers/Microsoft.Network/publicIPAddresses/win-04-publicip",
                            "idle_timeout_in_minutes": "30",
                            "location": "westus2",
                            "name": "win-04-publicip",
                            "public_ip_address_allocation": "dynamic",
                            "resource_group_name": "mike-pa",
                            "tags.%": "0"
                        },
                        "meta": {},
                        "tainted": false
                    },
                    "deposed": [],
                    "provider": ""
                },
                "azurerm_public_ip.windows.30": {
                    "type": "azurerm_public_ip",
                    "depends_on": [
                        "azurerm_resource_group.global"
                    ],
                    "primary": {
                        "id": "/subscriptions/d5d89bd9-4ef0-4187-a4ed-5de123bd9520/resourceGroups/mike-pa/providers/Microsoft.Network/publicIPAddresses/win-31-publicip",
                        "attributes": {
                            "domain_name_label": "pa-win-31",
                            "fqdn": "pa-win-31.westus2.cloudapp.azure.com",
                            "id": "/subscriptions/d5d89bd9-4ef0-4187-a4ed-5de123bd9520/resourceGroups/mike-pa/providers/Microsoft.Network/publicIPAddresses/win-31-publicip",
                            "idle_timeout_in_minutes": "30",
                            "location": "westus2",
                            "name": "win-31-publicip",
                            "public_ip_address_allocation": "dynamic",
                            "resource_group_name": "mike-pa",
                            "tags.%": "0"
                        },
                        "meta": {},
                        "tainted": false
                    },
                    "deposed": [],
                    "provider": ""
                },
                "azurerm_public_ip.windows.31": {
                    "type": "azurerm_public_ip",
                    "depends_on": [
                        "azurerm_resource_group.global"
                    ],
                    "primary": {
                        "id": "/subscriptions/d5d89bd9-4ef0-4187-a4ed-5de123bd9520/resourceGroups/mike-pa/providers/Microsoft.Network/publicIPAddresses/win-32-publicip",
                        "attributes": {
                            "domain_name_label": "pa-win-32",
                            "fqdn": "pa-win-32.westus2.cloudapp.azure.com",
                            "id": "/subscriptions/d5d89bd9-4ef0-4187-a4ed-5de123bd9520/resourceGroups/mike-pa/providers/Microsoft.Network/publicIPAddresses/win-32-publicip",
                            "idle_timeout_in_minutes": "30",
                            "location": "westus2",
                            "name": "win-32-publicip",
                            "public_ip_address_allocation": "dynamic",
                            "resource_group_name": "mike-pa",
                            "tags.%": "0"
                        },
                        "meta": {},
                        "tainted": false
                    },
                    "deposed": [],
                    "provider": ""
                },
                "azurerm_public_ip.windows.32": {
                    "type": "azurerm_public_ip",
                    "depends_on": [
                        "azurerm_resource_group.global"
                    ],
                    "primary": {
                        "id": "/subscriptions/d5d89bd9-4ef0-4187-a4ed-5de123bd9520/resourceGroups/mike-pa/providers/Microsoft.Network/publicIPAddresses/win-33-publicip",
                        "attributes": {
                            "domain_name_label": "pa-win-33",
                            "fqdn": "pa-win-33.westus2.cloudapp.azure.com",
                            "id": "/subscriptions/d5d89bd9-4ef0-4187-a4ed-5de123bd9520/resourceGroups/mike-pa/providers/Microsoft.Network/publicIPAddresses/win-33-publicip",
                            "idle_timeout_in_minutes": "30",
                            "location": "westus2",
                            "name": "win-33-publicip",
                            "public_ip_address_allocation": "dynamic",
                            "resource_group_name": "mike-pa",
                            "tags.%": "0"
                        },
                        "meta": {},
                        "tainted": false
                    },
                    "deposed": [],
                    "provider": ""
                },
                "azurerm_public_ip.windows.33": {
                    "type": "azurerm_public_ip",
                    "depends_on": [
                        "azurerm_resource_group.global"
                    ],
                    "primary": {
                        "id": "/subscriptions/d5d89bd9-4ef0-4187-a4ed-5de123bd9520/resourceGroups/mike-pa/providers/Microsoft.Network/publicIPAddresses/win-34-publicip",
                        "attributes": {
                            "domain_name_label": "pa-win-34",
                            "fqdn": "pa-win-34.westus2.cloudapp.azure.com",
                            "id": "/subscriptions/d5d89bd9-4ef0-4187-a4ed-5de123bd9520/resourceGroups/mike-pa/providers/Microsoft.Network/publicIPAddresses/win-34-publicip",
                            "idle_timeout_in_minutes": "30",
                            "location": "westus2",
                            "name": "win-34-publicip",
                            "public_ip_address_allocation": "dynamic",
                            "resource_group_name": "mike-pa",
                            "tags.%": "0"
                        },
                        "meta": {},
                        "tainted": false
                    },
                    "deposed": [],
                    "provider": ""
                },
                "azurerm_public_ip.windows.34": {
                    "type": "azurerm_public_ip",
                    "depends_on": [
                        "azurerm_resource_group.global"
                    ],
                    "primary": {
                        "id": "/subscriptions/d5d89bd9-4ef0-4187-a4ed-5de123bd9520/resourceGroups/mike-pa/providers/Microsoft.Network/publicIPAddresses/win-35-publicip",
                        "attributes": {
                            "domain_name_label": "pa-win-35",
                            "fqdn": "pa-win-35.westus2.cloudapp.azure.com",
                            "id": "/subscriptions/d5d89bd9-4ef0-4187-a4ed-5de123bd9520/resourceGroups/mike-pa/providers/Microsoft.Network/publicIPAddresses/win-35-publicip",
                            "idle_timeout_in_minutes": "30",
                            "location": "westus2",
                            "name": "win-35-publicip",
                            "public_ip_address_allocation": "dynamic",
                            "resource_group_name": "mike-pa",
                            "tags.%": "0"
                        },
                        "meta": {},
                        "tainted": false
                    },
                    "deposed": [],
                    "provider": ""
                },
                "azurerm_public_ip.windows.35": {
                    "type": "azurerm_public_ip",
                    "depends_on": [
                        "azurerm_resource_group.global"
                    ],
                    "primary": {
                        "id": "/subscriptions/d5d89bd9-4ef0-4187-a4ed-5de123bd9520/resourceGroups/mike-pa/providers/Microsoft.Network/publicIPAddresses/win-36-publicip",
                        "attributes": {
                            "domain_name_label": "pa-win-36",
                            "fqdn": "pa-win-36.westus2.cloudapp.azure.com",
                            "id": "/subscriptions/d5d89bd9-4ef0-4187-a4ed-5de123bd9520/resourceGroups/mike-pa/providers/Microsoft.Network/publicIPAddresses/win-36-publicip",
                            "idle_timeout_in_minutes": "30",
                            "location": "westus2",
                            "name": "win-36-publicip",
                            "public_ip_address_allocation": "dynamic",
                            "resource_group_name": "mike-pa",
                            "tags.%": "0"
                        },
                        "meta": {},
                        "tainted": false
                    },
                    "deposed": [],
                    "provider": ""
                },
                "azurerm_public_ip.windows.37": {
                    "type": "azurerm_public_ip",
                    "depends_on": [
                        "azurerm_resource_group.global"
                    ],
                    "primary": {
                        "id": "/subscriptions/d5d89bd9-4ef0-4187-a4ed-5de123bd9520/resourceGroups/mike-pa/providers/Microsoft.Network/publicIPAddresses/win-38-publicip",
                        "attributes": {
                            "domain_name_label": "pa-win-38",
                            "fqdn": "pa-win-38.westus2.cloudapp.azure.com",
                            "id": "/subscriptions/d5d89bd9-4ef0-4187-a4ed-5de123bd9520/resourceGroups/mike-pa/providers/Microsoft.Network/publicIPAddresses/win-38-publicip",
                            "idle_timeout_in_minutes": "30",
                            "location": "westus2",
                            "name": "win-38-publicip",
                            "public_ip_address_allocation": "dynamic",
                            "resource_group_name": "mike-pa",
                            "tags.%": "0"
                        },
                        "meta": {},
                        "tainted": false
                    },
                    "deposed": [],
                    "provider": ""
                },
                "azurerm_public_ip.windows.38": {
                    "type": "azurerm_public_ip",
                    "depends_on": [
                        "azurerm_resource_group.global"
                    ],
                    "primary": {
                        "id": "/subscriptions/d5d89bd9-4ef0-4187-a4ed-5de123bd9520/resourceGroups/mike-pa/providers/Microsoft.Network/publicIPAddresses/win-39-publicip",
                        "attributes": {
                            "domain_name_label": "pa-win-39",
                            "fqdn": "pa-win-39.westus2.cloudapp.azure.com",
                            "id": "/subscriptions/d5d89bd9-4ef0-4187-a4ed-5de123bd9520/resourceGroups/mike-pa/providers/Microsoft.Network/publicIPAddresses/win-39-publicip",
                            "idle_timeout_in_minutes": "30",
                            "location": "westus2",
                            "name": "win-39-publicip",
                            "public_ip_address_allocation": "dynamic",
                            "resource_group_name": "mike-pa",
                            "tags.%": "0"
                        },
                        "meta": {},
                        "tainted": false
                    },
                    "deposed": [],
                    "provider": ""
                },
                "azurerm_public_ip.windows.39": {
                    "type": "azurerm_public_ip",
                    "depends_on": [
                        "azurerm_resource_group.global"
                    ],
                    "primary": {
                        "id": "/subscriptions/d5d89bd9-4ef0-4187-a4ed-5de123bd9520/resourceGroups/mike-pa/providers/Microsoft.Network/publicIPAddresses/win-40-publicip",
                        "attributes": {
                            "domain_name_label": "pa-win-40",
                            "fqdn": "pa-win-40.westus2.cloudapp.azure.com",
                            "id": "/subscriptions/d5d89bd9-4ef0-4187-a4ed-5de123bd9520/resourceGroups/mike-pa/providers/Microsoft.Network/publicIPAddresses/win-40-publicip",
                            "idle_timeout_in_minutes": "30",
                            "location": "westus2",
                            "name": "win-40-publicip",
                            "public_ip_address_allocation": "dynamic",
                            "resource_group_name": "mike-pa",
                            "tags.%": "0"
                        },
                        "meta": {},
                        "tainted": false
                    },
                    "deposed": [],
                    "provider": ""
                },
                "azurerm_public_ip.windows.4": {
                    "type": "azurerm_public_ip",
                    "depends_on": [
                        "azurerm_resource_group.global"
                    ],
                    "primary": {
                        "id": "/subscriptions/d5d89bd9-4ef0-4187-a4ed-5de123bd9520/resourceGroups/mike-pa/providers/Microsoft.Network/publicIPAddresses/win-05-publicip",
                        "attributes": {
                            "domain_name_label": "pa-win-05",
                            "fqdn": "pa-win-05.westus2.cloudapp.azure.com",
                            "id": "/subscriptions/d5d89bd9-4ef0-4187-a4ed-5de123bd9520/resourceGroups/mike-pa/providers/Microsoft.Network/publicIPAddresses/win-05-publicip",
                            "idle_timeout_in_minutes": "30",
                            "location": "westus2",
                            "name": "win-05-publicip",
                            "public_ip_address_allocation": "dynamic",
                            "resource_group_name": "mike-pa",
                            "tags.%": "0"
                        },
                        "meta": {},
                        "tainted": false
                    },
                    "deposed": [],
                    "provider": ""
                },
                "azurerm_public_ip.windows.40": {
                    "type": "azurerm_public_ip",
                    "depends_on": [
                        "azurerm_resource_group.global"
                    ],
                    "primary": {
                        "id": "/subscriptions/d5d89bd9-4ef0-4187-a4ed-5de123bd9520/resourceGroups/mike-pa/providers/Microsoft.Network/publicIPAddresses/win-41-publicip",
                        "attributes": {
                            "domain_name_label": "pa-win-41",
                            "fqdn": "pa-win-41.westus2.cloudapp.azure.com",
                            "id": "/subscriptions/d5d89bd9-4ef0-4187-a4ed-5de123bd9520/resourceGroups/mike-pa/providers/Microsoft.Network/publicIPAddresses/win-41-publicip",
                            "idle_timeout_in_minutes": "30",
                            "location": "westus2",
                            "name": "win-41-publicip",
                            "public_ip_address_allocation": "dynamic",
                            "resource_group_name": "mike-pa",
                            "tags.%": "0"
                        },
                        "meta": {},
                        "tainted": false
                    },
                    "deposed": [],
                    "provider": ""
                },
                "azurerm_public_ip.windows.41": {
                    "type": "azurerm_public_ip",
                    "depends_on": [
                        "azurerm_resource_group.global"
                    ],
                    "primary": {
                        "id": "/subscriptions/d5d89bd9-4ef0-4187-a4ed-5de123bd9520/resourceGroups/mike-pa/providers/Microsoft.Network/publicIPAddresses/win-42-publicip",
                        "attributes": {
                            "domain_name_label": "pa-win-42",
                            "fqdn": "pa-win-42.westus2.cloudapp.azure.com",
                            "id": "/subscriptions/d5d89bd9-4ef0-4187-a4ed-5de123bd9520/resourceGroups/mike-pa/providers/Microsoft.Network/publicIPAddresses/win-42-publicip",
                            "idle_timeout_in_minutes": "30",
                            "location": "westus2",
                            "name": "win-42-publicip",
                            "public_ip_address_allocation": "dynamic",
                            "resource_group_name": "mike-pa",
                            "tags.%": "0"
                        },
                        "meta": {},
                        "tainted": false
                    },
                    "deposed": [],
                    "provider": ""
                },
                "azurerm_public_ip.windows.43": {
                    "type": "azurerm_public_ip",
                    "depends_on": [
                        "azurerm_resource_group.global"
                    ],
                    "primary": {
                        "id": "/subscriptions/d5d89bd9-4ef0-4187-a4ed-5de123bd9520/resourceGroups/mike-pa/providers/Microsoft.Network/publicIPAddresses/win-44-publicip",
                        "attributes": {
                            "domain_name_label": "pa-win-44",
                            "fqdn": "pa-win-44.westus2.cloudapp.azure.com",
                            "id": "/subscriptions/d5d89bd9-4ef0-4187-a4ed-5de123bd9520/resourceGroups/mike-pa/providers/Microsoft.Network/publicIPAddresses/win-44-publicip",
                            "idle_timeout_in_minutes": "30",
                            "location": "westus2",
                            "name": "win-44-publicip",
                            "public_ip_address_allocation": "dynamic",
                            "resource_group_name": "mike-pa",
                            "tags.%": "0"
                        },
                        "meta": {},
                        "tainted": false
                    },
                    "deposed": [],
                    "provider": ""
                },
                "azurerm_public_ip.windows.44": {
                    "type": "azurerm_public_ip",
                    "depends_on": [
                        "azurerm_resource_group.global"
                    ],
                    "primary": {
                        "id": "/subscriptions/d5d89bd9-4ef0-4187-a4ed-5de123bd9520/resourceGroups/mike-pa/providers/Microsoft.Network/publicIPAddresses/win-45-publicip",
                        "attributes": {
                            "domain_name_label": "pa-win-45",
                            "fqdn": "pa-win-45.westus2.cloudapp.azure.com",
                            "id": "/subscriptions/d5d89bd9-4ef0-4187-a4ed-5de123bd9520/resourceGroups/mike-pa/providers/Microsoft.Network/publicIPAddresses/win-45-publicip",
                            "idle_timeout_in_minutes": "30",
                            "location": "westus2",
                            "name": "win-45-publicip",
                            "public_ip_address_allocation": "dynamic",
                            "resource_group_name": "mike-pa",
                            "tags.%": "0"
                        },
                        "meta": {},
                        "tainted": false
                    },
                    "deposed": [],
                    "provider": ""
                },
                "azurerm_public_ip.windows.45": {
                    "type": "azurerm_public_ip",
                    "depends_on": [
                        "azurerm_resource_group.global"
                    ],
                    "primary": {
                        "id": "/subscriptions/d5d89bd9-4ef0-4187-a4ed-5de123bd9520/resourceGroups/mike-pa/providers/Microsoft.Network/publicIPAddresses/win-46-publicip",
                        "attributes": {
                            "domain_name_label": "pa-win-46",
                            "fqdn": "pa-win-46.westus2.cloudapp.azure.com",
                            "id": "/subscriptions/d5d89bd9-4ef0-4187-a4ed-5de123bd9520/resourceGroups/mike-pa/providers/Microsoft.Network/publicIPAddresses/win-46-publicip",
                            "idle_timeout_in_minutes": "30",
                            "location": "westus2",
                            "name": "win-46-publicip",
                            "public_ip_address_allocation": "dynamic",
                            "resource_group_name": "mike-pa",
                            "tags.%": "0"
                        },
                        "meta": {},
                        "tainted": false
                    },
                    "deposed": [],
                    "provider": ""
                },
                "azurerm_public_ip.windows.46": {
                    "type": "azurerm_public_ip",
                    "depends_on": [
                        "azurerm_resource_group.global"
                    ],
                    "primary": {
                        "id": "/subscriptions/d5d89bd9-4ef0-4187-a4ed-5de123bd9520/resourceGroups/mike-pa/providers/Microsoft.Network/publicIPAddresses/win-47-publicip",
                        "attributes": {
                            "domain_name_label": "pa-win-47",
                            "fqdn": "pa-win-47.westus2.cloudapp.azure.com",
                            "id": "/subscriptions/d5d89bd9-4ef0-4187-a4ed-5de123bd9520/resourceGroups/mike-pa/providers/Microsoft.Network/publicIPAddresses/win-47-publicip",
                            "idle_timeout_in_minutes": "30",
                            "location": "westus2",
                            "name": "win-47-publicip",
                            "public_ip_address_allocation": "dynamic",
                            "resource_group_name": "mike-pa",
                            "tags.%": "0"
                        },
                        "meta": {},
                        "tainted": false
                    },
                    "deposed": [],
                    "provider": ""
                },
                "azurerm_public_ip.windows.47": {
                    "type": "azurerm_public_ip",
                    "depends_on": [
                        "azurerm_resource_group.global"
                    ],
                    "primary": {
                        "id": "/subscriptions/d5d89bd9-4ef0-4187-a4ed-5de123bd9520/resourceGroups/mike-pa/providers/Microsoft.Network/publicIPAddresses/win-48-publicip",
                        "attributes": {
                            "domain_name_label": "pa-win-48",
                            "fqdn": "pa-win-48.westus2.cloudapp.azure.com",
                            "id": "/subscriptions/d5d89bd9-4ef0-4187-a4ed-5de123bd9520/resourceGroups/mike-pa/providers/Microsoft.Network/publicIPAddresses/win-48-publicip",
                            "idle_timeout_in_minutes": "30",
                            "location": "westus2",
                            "name": "win-48-publicip",
                            "public_ip_address_allocation": "dynamic",
                            "resource_group_name": "mike-pa",
                            "tags.%": "0"
                        },
                        "meta": {},
                        "tainted": false
                    },
                    "deposed": [],
                    "provider": ""
                },
                "azurerm_public_ip.windows.48": {
                    "type": "azurerm_public_ip",
                    "depends_on": [
                        "azurerm_resource_group.global"
                    ],
                    "primary": {
                        "id": "/subscriptions/d5d89bd9-4ef0-4187-a4ed-5de123bd9520/resourceGroups/mike-pa/providers/Microsoft.Network/publicIPAddresses/win-49-publicip",
                        "attributes": {
                            "domain_name_label": "pa-win-49",
                            "fqdn": "pa-win-49.westus2.cloudapp.azure.com",
                            "id": "/subscriptions/d5d89bd9-4ef0-4187-a4ed-5de123bd9520/resourceGroups/mike-pa/providers/Microsoft.Network/publicIPAddresses/win-49-publicip",
                            "idle_timeout_in_minutes": "30",
                            "location": "westus2",
                            "name": "win-49-publicip",
                            "public_ip_address_allocation": "dynamic",
                            "resource_group_name": "mike-pa",
                            "tags.%": "0"
                        },
                        "meta": {},
                        "tainted": false
                    },
                    "deposed": [],
                    "provider": ""
                },
                "azurerm_public_ip.windows.49": {
                    "type": "azurerm_public_ip",
                    "depends_on": [
                        "azurerm_resource_group.global"
                    ],
                    "primary": {
                        "id": "/subscriptions/d5d89bd9-4ef0-4187-a4ed-5de123bd9520/resourceGroups/mike-pa/providers/Microsoft.Network/publicIPAddresses/win-50-publicip",
                        "attributes": {
                            "domain_name_label": "pa-win-50",
                            "fqdn": "pa-win-50.westus2.cloudapp.azure.com",
                            "id": "/subscriptions/d5d89bd9-4ef0-4187-a4ed-5de123bd9520/resourceGroups/mike-pa/providers/Microsoft.Network/publicIPAddresses/win-50-publicip",
                            "idle_timeout_in_minutes": "30",
                            "location": "westus2",
                            "name": "win-50-publicip",
                            "public_ip_address_allocation": "dynamic",
                            "resource_group_name": "mike-pa",
                            "tags.%": "0"
                        },
                        "meta": {},
                        "tainted": false
                    },
                    "deposed": [],
                    "provider": ""
                },
                "azurerm_public_ip.windows.50": {
                    "type": "azurerm_public_ip",
                    "depends_on": [
                        "azurerm_resource_group.global"
                    ],
                    "primary": {
                        "id": "/subscriptions/d5d89bd9-4ef0-4187-a4ed-5de123bd9520/resourceGroups/mike-pa/providers/Microsoft.Network/publicIPAddresses/win-51-publicip",
                        "attributes": {
                            "domain_name_label": "pa-win-51",
                            "fqdn": "pa-win-51.westus2.cloudapp.azure.com",
                            "id": "/subscriptions/d5d89bd9-4ef0-4187-a4ed-5de123bd9520/resourceGroups/mike-pa/providers/Microsoft.Network/publicIPAddresses/win-51-publicip",
                            "idle_timeout_in_minutes": "30",
                            "location": "westus2",
                            "name": "win-51-publicip",
                            "public_ip_address_allocation": "dynamic",
                            "resource_group_name": "mike-pa",
                            "tags.%": "0"
                        },
                        "meta": {},
                        "tainted": false
                    },
                    "deposed": [],
                    "provider": ""
                },
                "azurerm_public_ip.windows.51": {
                    "type": "azurerm_public_ip",
                    "depends_on": [
                        "azurerm_resource_group.global"
                    ],
                    "primary": {
                        "id": "/subscriptions/d5d89bd9-4ef0-4187-a4ed-5de123bd9520/resourceGroups/mike-pa/providers/Microsoft.Network/publicIPAddresses/win-52-publicip",
                        "attributes": {
                            "domain_name_label": "pa-win-52",
                            "fqdn": "pa-win-52.westus2.cloudapp.azure.com",
                            "id": "/subscriptions/d5d89bd9-4ef0-4187-a4ed-5de123bd9520/resourceGroups/mike-pa/providers/Microsoft.Network/publicIPAddresses/win-52-publicip",
                            "idle_timeout_in_minutes": "30",
                            "location": "westus2",
                            "name": "win-52-publicip",
                            "public_ip_address_allocation": "dynamic",
                            "resource_group_name": "mike-pa",
                            "tags.%": "0"
                        },
                        "meta": {},
                        "tainted": false
                    },
                    "deposed": [],
                    "provider": ""
                },
                "azurerm_public_ip.windows.52": {
                    "type": "azurerm_public_ip",
                    "depends_on": [
                        "azurerm_resource_group.global"
                    ],
                    "primary": {
                        "id": "/subscriptions/d5d89bd9-4ef0-4187-a4ed-5de123bd9520/resourceGroups/mike-pa/providers/Microsoft.Network/publicIPAddresses/win-53-publicip",
                        "attributes": {
                            "domain_name_label": "pa-win-53",
                            "fqdn": "pa-win-53.westus2.cloudapp.azure.com",
                            "id": "/subscriptions/d5d89bd9-4ef0-4187-a4ed-5de123bd9520/resourceGroups/mike-pa/providers/Microsoft.Network/publicIPAddresses/win-53-publicip",
                            "idle_timeout_in_minutes": "30",
                            "location": "westus2",
                            "name": "win-53-publicip",
                            "public_ip_address_allocation": "dynamic",
                            "resource_group_name": "mike-pa",
                            "tags.%": "0"
                        },
                        "meta": {},
                        "tainted": false
                    },
                    "deposed": [],
                    "provider": ""
                },
                "azurerm_public_ip.windows.53": {
                    "type": "azurerm_public_ip",
                    "depends_on": [
                        "azurerm_resource_group.global"
                    ],
                    "primary": {
                        "id": "/subscriptions/d5d89bd9-4ef0-4187-a4ed-5de123bd9520/resourceGroups/mike-pa/providers/Microsoft.Network/publicIPAddresses/win-54-publicip",
                        "attributes": {
                            "domain_name_label": "pa-win-54",
                            "fqdn": "pa-win-54.westus2.cloudapp.azure.com",
                            "id": "/subscriptions/d5d89bd9-4ef0-4187-a4ed-5de123bd9520/resourceGroups/mike-pa/providers/Microsoft.Network/publicIPAddresses/win-54-publicip",
                            "idle_timeout_in_minutes": "30",
                            "location": "westus2",
                            "name": "win-54-publicip",
                            "public_ip_address_allocation": "dynamic",
                            "resource_group_name": "mike-pa",
                            "tags.%": "0"
                        },
                        "meta": {},
                        "tainted": false
                    },
                    "deposed": [],
                    "provider": ""
                },
                "azurerm_public_ip.windows.55": {
                    "type": "azurerm_public_ip",
                    "depends_on": [
                        "azurerm_resource_group.global"
                    ],
                    "primary": {
                        "id": "/subscriptions/d5d89bd9-4ef0-4187-a4ed-5de123bd9520/resourceGroups/mike-pa/providers/Microsoft.Network/publicIPAddresses/win-56-publicip",
                        "attributes": {
                            "domain_name_label": "pa-win-56",
                            "fqdn": "pa-win-56.westus2.cloudapp.azure.com",
                            "id": "/subscriptions/d5d89bd9-4ef0-4187-a4ed-5de123bd9520/resourceGroups/mike-pa/providers/Microsoft.Network/publicIPAddresses/win-56-publicip",
                            "idle_timeout_in_minutes": "30",
                            "location": "westus2",
                            "name": "win-56-publicip",
                            "public_ip_address_allocation": "dynamic",
                            "resource_group_name": "mike-pa",
                            "tags.%": "0"
                        },
                        "meta": {},
                        "tainted": false
                    },
                    "deposed": [],
                    "provider": ""
                },
                "azurerm_public_ip.windows.56": {
                    "type": "azurerm_public_ip",
                    "depends_on": [
                        "azurerm_resource_group.global"
                    ],
                    "primary": {
                        "id": "/subscriptions/d5d89bd9-4ef0-4187-a4ed-5de123bd9520/resourceGroups/mike-pa/providers/Microsoft.Network/publicIPAddresses/win-57-publicip",
                        "attributes": {
                            "domain_name_label": "pa-win-57",
                            "fqdn": "pa-win-57.westus2.cloudapp.azure.com",
                            "id": "/subscriptions/d5d89bd9-4ef0-4187-a4ed-5de123bd9520/resourceGroups/mike-pa/providers/Microsoft.Network/publicIPAddresses/win-57-publicip",
                            "idle_timeout_in_minutes": "30",
                            "location": "westus2",
                            "name": "win-57-publicip",
                            "public_ip_address_allocation": "dynamic",
                            "resource_group_name": "mike-pa",
                            "tags.%": "0"
                        },
                        "meta": {},
                        "tainted": false
                    },
                    "deposed": [],
                    "provider": ""
                },
                "azurerm_public_ip.windows.57": {
                    "type": "azurerm_public_ip",
                    "depends_on": [
                        "azurerm_resource_group.global"
                    ],
                    "primary": {
                        "id": "/subscriptions/d5d89bd9-4ef0-4187-a4ed-5de123bd9520/resourceGroups/mike-pa/providers/Microsoft.Network/publicIPAddresses/win-58-publicip",
                        "attributes": {
                            "domain_name_label": "pa-win-58",
                            "fqdn": "pa-win-58.westus2.cloudapp.azure.com",
                            "id": "/subscriptions/d5d89bd9-4ef0-4187-a4ed-5de123bd9520/resourceGroups/mike-pa/providers/Microsoft.Network/publicIPAddresses/win-58-publicip",
                            "idle_timeout_in_minutes": "30",
                            "location": "westus2",
                            "name": "win-58-publicip",
                            "public_ip_address_allocation": "dynamic",
                            "resource_group_name": "mike-pa",
                            "tags.%": "0"
                        },
                        "meta": {},
                        "tainted": false
                    },
                    "deposed": [],
                    "provider": ""
                },
                "azurerm_public_ip.windows.58": {
                    "type": "azurerm_public_ip",
                    "depends_on": [
                        "azurerm_resource_group.global"
                    ],
                    "primary": {
                        "id": "/subscriptions/d5d89bd9-4ef0-4187-a4ed-5de123bd9520/resourceGroups/mike-pa/providers/Microsoft.Network/publicIPAddresses/win-59-publicip",
                        "attributes": {
                            "domain_name_label": "pa-win-59",
                            "fqdn": "pa-win-59.westus2.cloudapp.azure.com",
                            "id": "/subscriptions/d5d89bd9-4ef0-4187-a4ed-5de123bd9520/resourceGroups/mike-pa/providers/Microsoft.Network/publicIPAddresses/win-59-publicip",
                            "idle_timeout_in_minutes": "30",
                            "location": "westus2",
                            "name": "win-59-publicip",
                            "public_ip_address_allocation": "dynamic",
                            "resource_group_name": "mike-pa",
                            "tags.%": "0"
                        },
                        "meta": {},
                        "tainted": false
                    },
                    "deposed": [],
                    "provider": ""
                },
                "azurerm_public_ip.windows.59": {
                    "type": "azurerm_public_ip",
                    "depends_on": [
                        "azurerm_resource_group.global"
                    ],
                    "primary": {
                        "id": "/subscriptions/d5d89bd9-4ef0-4187-a4ed-5de123bd9520/resourceGroups/mike-pa/providers/Microsoft.Network/publicIPAddresses/win-60-publicip",
                        "attributes": {
                            "domain_name_label": "pa-win-60",
                            "fqdn": "pa-win-60.westus2.cloudapp.azure.com",
                            "id": "/subscriptions/d5d89bd9-4ef0-4187-a4ed-5de123bd9520/resourceGroups/mike-pa/providers/Microsoft.Network/publicIPAddresses/win-60-publicip",
                            "idle_timeout_in_minutes": "30",
                            "location": "westus2",
                            "name": "win-60-publicip",
                            "public_ip_address_allocation": "dynamic",
                            "resource_group_name": "mike-pa",
                            "tags.%": "0"
                        },
                        "meta": {},
                        "tainted": false
                    },
                    "deposed": [],
                    "provider": ""
                },
                "azurerm_public_ip.windows.6": {
                    "type": "azurerm_public_ip",
                    "depends_on": [
                        "azurerm_resource_group.global"
                    ],
                    "primary": {
                        "id": "/subscriptions/d5d89bd9-4ef0-4187-a4ed-5de123bd9520/resourceGroups/mike-pa/providers/Microsoft.Network/publicIPAddresses/win-07-publicip",
                        "attributes": {
                            "domain_name_label": "pa-win-07",
                            "fqdn": "pa-win-07.westus2.cloudapp.azure.com",
                            "id": "/subscriptions/d5d89bd9-4ef0-4187-a4ed-5de123bd9520/resourceGroups/mike-pa/providers/Microsoft.Network/publicIPAddresses/win-07-publicip",
                            "idle_timeout_in_minutes": "30",
                            "location": "westus2",
                            "name": "win-07-publicip",
                            "public_ip_address_allocation": "dynamic",
                            "resource_group_name": "mike-pa",
                            "tags.%": "0"
                        },
                        "meta": {},
                        "tainted": false
                    },
                    "deposed": [],
                    "provider": ""
                },
                "azurerm_public_ip.windows.60": {
                    "type": "azurerm_public_ip",
                    "depends_on": [
                        "azurerm_resource_group.global"
                    ],
                    "primary": {
                        "id": "/subscriptions/d5d89bd9-4ef0-4187-a4ed-5de123bd9520/resourceGroups/mike-pa/providers/Microsoft.Network/publicIPAddresses/win-61-publicip",
                        "attributes": {
                            "domain_name_label": "pa-win-61",
                            "fqdn": "pa-win-61.westus2.cloudapp.azure.com",
                            "id": "/subscriptions/d5d89bd9-4ef0-4187-a4ed-5de123bd9520/resourceGroups/mike-pa/providers/Microsoft.Network/publicIPAddresses/win-61-publicip",
                            "idle_timeout_in_minutes": "30",
                            "location": "westus2",
                            "name": "win-61-publicip",
                            "public_ip_address_allocation": "dynamic",
                            "resource_group_name": "mike-pa",
                            "tags.%": "0"
                        },
                        "meta": {},
                        "tainted": false
                    },
                    "deposed": [],
                    "provider": ""
                },
                "azurerm_public_ip.windows.61": {
                    "type": "azurerm_public_ip",
                    "depends_on": [
                        "azurerm_resource_group.global"
                    ],
                    "primary": {
                        "id": "/subscriptions/d5d89bd9-4ef0-4187-a4ed-5de123bd9520/resourceGroups/mike-pa/providers/Microsoft.Network/publicIPAddresses/win-62-publicip",
                        "attributes": {
                            "domain_name_label": "pa-win-62",
                            "fqdn": "pa-win-62.westus2.cloudapp.azure.com",
                            "id": "/subscriptions/d5d89bd9-4ef0-4187-a4ed-5de123bd9520/resourceGroups/mike-pa/providers/Microsoft.Network/publicIPAddresses/win-62-publicip",
                            "idle_timeout_in_minutes": "30",
                            "location": "westus2",
                            "name": "win-62-publicip",
                            "public_ip_address_allocation": "dynamic",
                            "resource_group_name": "mike-pa",
                            "tags.%": "0"
                        },
                        "meta": {},
                        "tainted": false
                    },
                    "deposed": [],
                    "provider": ""
                },
                "azurerm_public_ip.windows.62": {
                    "type": "azurerm_public_ip",
                    "depends_on": [
                        "azurerm_resource_group.global"
                    ],
                    "primary": {
                        "id": "/subscriptions/d5d89bd9-4ef0-4187-a4ed-5de123bd9520/resourceGroups/mike-pa/providers/Microsoft.Network/publicIPAddresses/win-63-publicip",
                        "attributes": {
                            "domain_name_label": "pa-win-63",
                            "fqdn": "pa-win-63.westus2.cloudapp.azure.com",
                            "id": "/subscriptions/d5d89bd9-4ef0-4187-a4ed-5de123bd9520/resourceGroups/mike-pa/providers/Microsoft.Network/publicIPAddresses/win-63-publicip",
                            "idle_timeout_in_minutes": "30",
                            "location": "westus2",
                            "name": "win-63-publicip",
                            "public_ip_address_allocation": "dynamic",
                            "resource_group_name": "mike-pa",
                            "tags.%": "0"
                        },
                        "meta": {},
                        "tainted": false
                    },
                    "deposed": [],
                    "provider": ""
                },
                "azurerm_public_ip.windows.64": {
                    "type": "azurerm_public_ip",
                    "depends_on": [
                        "azurerm_resource_group.global"
                    ],
                    "primary": {
                        "id": "/subscriptions/d5d89bd9-4ef0-4187-a4ed-5de123bd9520/resourceGroups/mike-pa/providers/Microsoft.Network/publicIPAddresses/win-65-publicip",
                        "attributes": {
                            "domain_name_label": "pa-win-65",
                            "fqdn": "pa-win-65.westus2.cloudapp.azure.com",
                            "id": "/subscriptions/d5d89bd9-4ef0-4187-a4ed-5de123bd9520/resourceGroups/mike-pa/providers/Microsoft.Network/publicIPAddresses/win-65-publicip",
                            "idle_timeout_in_minutes": "30",
                            "location": "westus2",
                            "name": "win-65-publicip",
                            "public_ip_address_allocation": "dynamic",
                            "resource_group_name": "mike-pa",
                            "tags.%": "0"
                        },
                        "meta": {},
                        "tainted": false
                    },
                    "deposed": [],
                    "provider": ""
                },
                "azurerm_public_ip.windows.65": {
                    "type": "azurerm_public_ip",
                    "depends_on": [
                        "azurerm_resource_group.global"
                    ],
                    "primary": {
                        "id": "/subscriptions/d5d89bd9-4ef0-4187-a4ed-5de123bd9520/resourceGroups/mike-pa/providers/Microsoft.Network/publicIPAddresses/win-66-publicip",
                        "attributes": {
                            "domain_name_label": "pa-win-66",
                            "fqdn": "pa-win-66.westus2.cloudapp.azure.com",
                            "id": "/subscriptions/d5d89bd9-4ef0-4187-a4ed-5de123bd9520/resourceGroups/mike-pa/providers/Microsoft.Network/publicIPAddresses/win-66-publicip",
                            "idle_timeout_in_minutes": "30",
                            "location": "westus2",
                            "name": "win-66-publicip",
                            "public_ip_address_allocation": "dynamic",
                            "resource_group_name": "mike-pa",
                            "tags.%": "0"
                        },
                        "meta": {},
                        "tainted": false
                    },
                    "deposed": [],
                    "provider": ""
                },
                "azurerm_public_ip.windows.66": {
                    "type": "azurerm_public_ip",
                    "depends_on": [
                        "azurerm_resource_group.global"
                    ],
                    "primary": {
                        "id": "/subscriptions/d5d89bd9-4ef0-4187-a4ed-5de123bd9520/resourceGroups/mike-pa/providers/Microsoft.Network/publicIPAddresses/win-67-publicip",
                        "attributes": {
                            "domain_name_label": "pa-win-67",
                            "fqdn": "pa-win-67.westus2.cloudapp.azure.com",
                            "id": "/subscriptions/d5d89bd9-4ef0-4187-a4ed-5de123bd9520/resourceGroups/mike-pa/providers/Microsoft.Network/publicIPAddresses/win-67-publicip",
                            "idle_timeout_in_minutes": "30",
                            "location": "westus2",
                            "name": "win-67-publicip",
                            "public_ip_address_allocation": "dynamic",
                            "resource_group_name": "mike-pa",
                            "tags.%": "0"
                        },
                        "meta": {},
                        "tainted": false
                    },
                    "deposed": [],
                    "provider": ""
                },
                "azurerm_public_ip.windows.67": {
                    "type": "azurerm_public_ip",
                    "depends_on": [
                        "azurerm_resource_group.global"
                    ],
                    "primary": {
                        "id": "/subscriptions/d5d89bd9-4ef0-4187-a4ed-5de123bd9520/resourceGroups/mike-pa/providers/Microsoft.Network/publicIPAddresses/win-68-publicip",
                        "attributes": {
                            "domain_name_label": "pa-win-68",
                            "fqdn": "pa-win-68.westus2.cloudapp.azure.com",
                            "id": "/subscriptions/d5d89bd9-4ef0-4187-a4ed-5de123bd9520/resourceGroups/mike-pa/providers/Microsoft.Network/publicIPAddresses/win-68-publicip",
                            "idle_timeout_in_minutes": "30",
                            "location": "westus2",
                            "name": "win-68-publicip",
                            "public_ip_address_allocation": "dynamic",
                            "resource_group_name": "mike-pa",
                            "tags.%": "0"
                        },
                        "meta": {},
                        "tainted": false
                    },
                    "deposed": [],
                    "provider": ""
                },
                "azurerm_public_ip.windows.68": {
                    "type": "azurerm_public_ip",
                    "depends_on": [
                        "azurerm_resource_group.global"
                    ],
                    "primary": {
                        "id": "/subscriptions/d5d89bd9-4ef0-4187-a4ed-5de123bd9520/resourceGroups/mike-pa/providers/Microsoft.Network/publicIPAddresses/win-69-publicip",
                        "attributes": {
                            "domain_name_label": "pa-win-69",
                            "fqdn": "pa-win-69.westus2.cloudapp.azure.com",
                            "id": "/subscriptions/d5d89bd9-4ef0-4187-a4ed-5de123bd9520/resourceGroups/mike-pa/providers/Microsoft.Network/publicIPAddresses/win-69-publicip",
                            "idle_timeout_in_minutes": "30",
                            "location": "westus2",
                            "name": "win-69-publicip",
                            "public_ip_address_allocation": "dynamic",
                            "resource_group_name": "mike-pa",
                            "tags.%": "0"
                        },
                        "meta": {},
                        "tainted": false
                    },
                    "deposed": [],
                    "provider": ""
                },
                "azurerm_public_ip.windows.69": {
                    "type": "azurerm_public_ip",
                    "depends_on": [
                        "azurerm_resource_group.global"
                    ],
                    "primary": {
                        "id": "/subscriptions/d5d89bd9-4ef0-4187-a4ed-5de123bd9520/resourceGroups/mike-pa/providers/Microsoft.Network/publicIPAddresses/win-70-publicip",
                        "attributes": {
                            "domain_name_label": "pa-win-70",
                            "fqdn": "pa-win-70.westus2.cloudapp.azure.com",
                            "id": "/subscriptions/d5d89bd9-4ef0-4187-a4ed-5de123bd9520/resourceGroups/mike-pa/providers/Microsoft.Network/publicIPAddresses/win-70-publicip",
                            "idle_timeout_in_minutes": "30",
                            "location": "westus2",
                            "name": "win-70-publicip",
                            "public_ip_address_allocation": "dynamic",
                            "resource_group_name": "mike-pa",
                            "tags.%": "0"
                        },
                        "meta": {},
                        "tainted": false
                    },
                    "deposed": [],
                    "provider": ""
                },
                "azurerm_public_ip.windows.7": {
                    "type": "azurerm_public_ip",
                    "depends_on": [
                        "azurerm_resource_group.global"
                    ],
                    "primary": {
                        "id": "/subscriptions/d5d89bd9-4ef0-4187-a4ed-5de123bd9520/resourceGroups/mike-pa/providers/Microsoft.Network/publicIPAddresses/win-08-publicip",
                        "attributes": {
                            "domain_name_label": "pa-win-08",
                            "fqdn": "pa-win-08.westus2.cloudapp.azure.com",
                            "id": "/subscriptions/d5d89bd9-4ef0-4187-a4ed-5de123bd9520/resourceGroups/mike-pa/providers/Microsoft.Network/publicIPAddresses/win-08-publicip",
                            "idle_timeout_in_minutes": "30",
                            "location": "westus2",
                            "name": "win-08-publicip",
                            "public_ip_address_allocation": "dynamic",
                            "resource_group_name": "mike-pa",
                            "tags.%": "0"
                        },
                        "meta": {},
                        "tainted": false
                    },
                    "deposed": [],
                    "provider": ""
                },
                "azurerm_public_ip.windows.70": {
                    "type": "azurerm_public_ip",
                    "depends_on": [
                        "azurerm_resource_group.global"
                    ],
                    "primary": {
                        "id": "/subscriptions/d5d89bd9-4ef0-4187-a4ed-5de123bd9520/resourceGroups/mike-pa/providers/Microsoft.Network/publicIPAddresses/win-71-publicip",
                        "attributes": {
                            "domain_name_label": "pa-win-71",
                            "fqdn": "pa-win-71.westus2.cloudapp.azure.com",
                            "id": "/subscriptions/d5d89bd9-4ef0-4187-a4ed-5de123bd9520/resourceGroups/mike-pa/providers/Microsoft.Network/publicIPAddresses/win-71-publicip",
                            "idle_timeout_in_minutes": "30",
                            "location": "westus2",
                            "name": "win-71-publicip",
                            "public_ip_address_allocation": "dynamic",
                            "resource_group_name": "mike-pa",
                            "tags.%": "0"
                        },
                        "meta": {},
                        "tainted": false
                    },
                    "deposed": [],
                    "provider": ""
                },
                "azurerm_public_ip.windows.71": {
                    "type": "azurerm_public_ip",
                    "depends_on": [
                        "azurerm_resource_group.global"
                    ],
                    "primary": {
                        "id": "/subscriptions/d5d89bd9-4ef0-4187-a4ed-5de123bd9520/resourceGroups/mike-pa/providers/Microsoft.Network/publicIPAddresses/win-72-publicip",
                        "attributes": {
                            "domain_name_label": "pa-win-72",
                            "fqdn": "pa-win-72.westus2.cloudapp.azure.com",
                            "id": "/subscriptions/d5d89bd9-4ef0-4187-a4ed-5de123bd9520/resourceGroups/mike-pa/providers/Microsoft.Network/publicIPAddresses/win-72-publicip",
                            "idle_timeout_in_minutes": "30",
                            "location": "westus2",
                            "name": "win-72-publicip",
                            "public_ip_address_allocation": "dynamic",
                            "resource_group_name": "mike-pa",
                            "tags.%": "0"
                        },
                        "meta": {},
                        "tainted": false
                    },
                    "deposed": [],
                    "provider": ""
                },
                "azurerm_public_ip.windows.72": {
                    "type": "azurerm_public_ip",
                    "depends_on": [
                        "azurerm_resource_group.global"
                    ],
                    "primary": {
                        "id": "/subscriptions/d5d89bd9-4ef0-4187-a4ed-5de123bd9520/resourceGroups/mike-pa/providers/Microsoft.Network/publicIPAddresses/win-73-publicip",
                        "attributes": {
                            "domain_name_label": "pa-win-73",
                            "fqdn": "pa-win-73.westus2.cloudapp.azure.com",
                            "id": "/subscriptions/d5d89bd9-4ef0-4187-a4ed-5de123bd9520/resourceGroups/mike-pa/providers/Microsoft.Network/publicIPAddresses/win-73-publicip",
                            "idle_timeout_in_minutes": "30",
                            "location": "westus2",
                            "name": "win-73-publicip",
                            "public_ip_address_allocation": "dynamic",
                            "resource_group_name": "mike-pa",
                            "tags.%": "0"
                        },
                        "meta": {},
                        "tainted": false
                    },
                    "deposed": [],
                    "provider": ""
                },
                "azurerm_public_ip.windows.73": {
                    "type": "azurerm_public_ip",
                    "depends_on": [
                        "azurerm_resource_group.global"
                    ],
                    "primary": {
                        "id": "/subscriptions/d5d89bd9-4ef0-4187-a4ed-5de123bd9520/resourceGroups/mike-pa/providers/Microsoft.Network/publicIPAddresses/win-74-publicip",
                        "attributes": {
                            "domain_name_label": "pa-win-74",
                            "fqdn": "pa-win-74.westus2.cloudapp.azure.com",
                            "id": "/subscriptions/d5d89bd9-4ef0-4187-a4ed-5de123bd9520/resourceGroups/mike-pa/providers/Microsoft.Network/publicIPAddresses/win-74-publicip",
                            "idle_timeout_in_minutes": "30",
                            "location": "westus2",
                            "name": "win-74-publicip",
                            "public_ip_address_allocation": "dynamic",
                            "resource_group_name": "mike-pa",
                            "tags.%": "0"
                        },
                        "meta": {},
                        "tainted": false
                    },
                    "deposed": [],
                    "provider": ""
                },
                "azurerm_public_ip.windows.74": {
                    "type": "azurerm_public_ip",
                    "depends_on": [
                        "azurerm_resource_group.global"
                    ],
                    "primary": {
                        "id": "/subscriptions/d5d89bd9-4ef0-4187-a4ed-5de123bd9520/resourceGroups/mike-pa/providers/Microsoft.Network/publicIPAddresses/win-75-publicip",
                        "attributes": {
                            "domain_name_label": "pa-win-75",
                            "fqdn": "pa-win-75.westus2.cloudapp.azure.com",
                            "id": "/subscriptions/d5d89bd9-4ef0-4187-a4ed-5de123bd9520/resourceGroups/mike-pa/providers/Microsoft.Network/publicIPAddresses/win-75-publicip",
                            "idle_timeout_in_minutes": "30",
                            "location": "westus2",
                            "name": "win-75-publicip",
                            "public_ip_address_allocation": "dynamic",
                            "resource_group_name": "mike-pa",
                            "tags.%": "0"
                        },
                        "meta": {},
                        "tainted": false
                    },
                    "deposed": [],
                    "provider": ""
                },
                "azurerm_public_ip.windows.75": {
                    "type": "azurerm_public_ip",
                    "depends_on": [
                        "azurerm_resource_group.global"
                    ],
                    "primary": {
                        "id": "/subscriptions/d5d89bd9-4ef0-4187-a4ed-5de123bd9520/resourceGroups/mike-pa/providers/Microsoft.Network/publicIPAddresses/win-76-publicip",
                        "attributes": {
                            "domain_name_label": "pa-win-76",
                            "fqdn": "pa-win-76.westus2.cloudapp.azure.com",
                            "id": "/subscriptions/d5d89bd9-4ef0-4187-a4ed-5de123bd9520/resourceGroups/mike-pa/providers/Microsoft.Network/publicIPAddresses/win-76-publicip",
                            "idle_timeout_in_minutes": "30",
                            "location": "westus2",
                            "name": "win-76-publicip",
                            "public_ip_address_allocation": "dynamic",
                            "resource_group_name": "mike-pa",
                            "tags.%": "0"
                        },
                        "meta": {},
                        "tainted": false
                    },
                    "deposed": [],
                    "provider": ""
                },
                "azurerm_public_ip.windows.77": {
                    "type": "azurerm_public_ip",
                    "depends_on": [
                        "azurerm_resource_group.global"
                    ],
                    "primary": {
                        "id": "/subscriptions/d5d89bd9-4ef0-4187-a4ed-5de123bd9520/resourceGroups/mike-pa/providers/Microsoft.Network/publicIPAddresses/win-78-publicip",
                        "attributes": {
                            "domain_name_label": "pa-win-78",
                            "fqdn": "pa-win-78.westus2.cloudapp.azure.com",
                            "id": "/subscriptions/d5d89bd9-4ef0-4187-a4ed-5de123bd9520/resourceGroups/mike-pa/providers/Microsoft.Network/publicIPAddresses/win-78-publicip",
                            "idle_timeout_in_minutes": "30",
                            "location": "westus2",
                            "name": "win-78-publicip",
                            "public_ip_address_allocation": "dynamic",
                            "resource_group_name": "mike-pa",
                            "tags.%": "0"
                        },
                        "meta": {},
                        "tainted": false
                    },
                    "deposed": [],
                    "provider": ""
                },
                "azurerm_public_ip.windows.79": {
                    "type": "azurerm_public_ip",
                    "depends_on": [
                        "azurerm_resource_group.global"
                    ],
                    "primary": {
                        "id": "/subscriptions/d5d89bd9-4ef0-4187-a4ed-5de123bd9520/resourceGroups/mike-pa/providers/Microsoft.Network/publicIPAddresses/win-80-publicip",
                        "attributes": {
                            "domain_name_label": "pa-win-80",
                            "fqdn": "pa-win-80.westus2.cloudapp.azure.com",
                            "id": "/subscriptions/d5d89bd9-4ef0-4187-a4ed-5de123bd9520/resourceGroups/mike-pa/providers/Microsoft.Network/publicIPAddresses/win-80-publicip",
                            "idle_timeout_in_minutes": "30",
                            "location": "westus2",
                            "name": "win-80-publicip",
                            "public_ip_address_allocation": "dynamic",
                            "resource_group_name": "mike-pa",
                            "tags.%": "0"
                        },
                        "meta": {},
                        "tainted": false
                    },
                    "deposed": [],
                    "provider": ""
                },
                "azurerm_public_ip.windows.8": {
                    "type": "azurerm_public_ip",
                    "depends_on": [
                        "azurerm_resource_group.global"
                    ],
                    "primary": {
                        "id": "/subscriptions/d5d89bd9-4ef0-4187-a4ed-5de123bd9520/resourceGroups/mike-pa/providers/Microsoft.Network/publicIPAddresses/win-09-publicip",
                        "attributes": {
                            "domain_name_label": "pa-win-09",
                            "fqdn": "pa-win-09.westus2.cloudapp.azure.com",
                            "id": "/subscriptions/d5d89bd9-4ef0-4187-a4ed-5de123bd9520/resourceGroups/mike-pa/providers/Microsoft.Network/publicIPAddresses/win-09-publicip",
                            "idle_timeout_in_minutes": "30",
                            "location": "westus2",
                            "name": "win-09-publicip",
                            "public_ip_address_allocation": "dynamic",
                            "resource_group_name": "mike-pa",
                            "tags.%": "0"
                        },
                        "meta": {},
                        "tainted": false
                    },
                    "deposed": [],
                    "provider": ""
                },
                "azurerm_public_ip.windows.80": {
                    "type": "azurerm_public_ip",
                    "depends_on": [
                        "azurerm_resource_group.global"
                    ],
                    "primary": {
                        "id": "/subscriptions/d5d89bd9-4ef0-4187-a4ed-5de123bd9520/resourceGroups/mike-pa/providers/Microsoft.Network/publicIPAddresses/win-81-publicip",
                        "attributes": {
                            "domain_name_label": "pa-win-81",
                            "fqdn": "pa-win-81.westus2.cloudapp.azure.com",
                            "id": "/subscriptions/d5d89bd9-4ef0-4187-a4ed-5de123bd9520/resourceGroups/mike-pa/providers/Microsoft.Network/publicIPAddresses/win-81-publicip",
                            "idle_timeout_in_minutes": "30",
                            "location": "westus2",
                            "name": "win-81-publicip",
                            "public_ip_address_allocation": "dynamic",
                            "resource_group_name": "mike-pa",
                            "tags.%": "0"
                        },
                        "meta": {},
                        "tainted": false
                    },
                    "deposed": [],
                    "provider": ""
                },
                "azurerm_public_ip.windows.81": {
                    "type": "azurerm_public_ip",
                    "depends_on": [
                        "azurerm_resource_group.global"
                    ],
                    "primary": {
                        "id": "/subscriptions/d5d89bd9-4ef0-4187-a4ed-5de123bd9520/resourceGroups/mike-pa/providers/Microsoft.Network/publicIPAddresses/win-82-publicip",
                        "attributes": {
                            "domain_name_label": "pa-win-82",
                            "fqdn": "pa-win-82.westus2.cloudapp.azure.com",
                            "id": "/subscriptions/d5d89bd9-4ef0-4187-a4ed-5de123bd9520/resourceGroups/mike-pa/providers/Microsoft.Network/publicIPAddresses/win-82-publicip",
                            "idle_timeout_in_minutes": "30",
                            "location": "westus2",
                            "name": "win-82-publicip",
                            "public_ip_address_allocation": "dynamic",
                            "resource_group_name": "mike-pa",
                            "tags.%": "0"
                        },
                        "meta": {},
                        "tainted": false
                    },
                    "deposed": [],
                    "provider": ""
                },
                "azurerm_public_ip.windows.82": {
                    "type": "azurerm_public_ip",
                    "depends_on": [
                        "azurerm_resource_group.global"
                    ],
                    "primary": {
                        "id": "/subscriptions/d5d89bd9-4ef0-4187-a4ed-5de123bd9520/resourceGroups/mike-pa/providers/Microsoft.Network/publicIPAddresses/win-83-publicip",
                        "attributes": {
                            "domain_name_label": "pa-win-83",
                            "fqdn": "pa-win-83.westus2.cloudapp.azure.com",
                            "id": "/subscriptions/d5d89bd9-4ef0-4187-a4ed-5de123bd9520/resourceGroups/mike-pa/providers/Microsoft.Network/publicIPAddresses/win-83-publicip",
                            "idle_timeout_in_minutes": "30",
                            "location": "westus2",
                            "name": "win-83-publicip",
                            "public_ip_address_allocation": "dynamic",
                            "resource_group_name": "mike-pa",
                            "tags.%": "0"
                        },
                        "meta": {},
                        "tainted": false
                    },
                    "deposed": [],
                    "provider": ""
                },
                "azurerm_public_ip.windows.83": {
                    "type": "azurerm_public_ip",
                    "depends_on": [
                        "azurerm_resource_group.global"
                    ],
                    "primary": {
                        "id": "/subscriptions/d5d89bd9-4ef0-4187-a4ed-5de123bd9520/resourceGroups/mike-pa/providers/Microsoft.Network/publicIPAddresses/win-84-publicip",
                        "attributes": {
                            "domain_name_label": "pa-win-84",
                            "fqdn": "pa-win-84.westus2.cloudapp.azure.com",
                            "id": "/subscriptions/d5d89bd9-4ef0-4187-a4ed-5de123bd9520/resourceGroups/mike-pa/providers/Microsoft.Network/publicIPAddresses/win-84-publicip",
                            "idle_timeout_in_minutes": "30",
                            "location": "westus2",
                            "name": "win-84-publicip",
                            "public_ip_address_allocation": "dynamic",
                            "resource_group_name": "mike-pa",
                            "tags.%": "0"
                        },
                        "meta": {},
                        "tainted": false
                    },
                    "deposed": [],
                    "provider": ""
                },
                "azurerm_public_ip.windows.84": {
                    "type": "azurerm_public_ip",
                    "depends_on": [
                        "azurerm_resource_group.global"
                    ],
                    "primary": {
                        "id": "/subscriptions/d5d89bd9-4ef0-4187-a4ed-5de123bd9520/resourceGroups/mike-pa/providers/Microsoft.Network/publicIPAddresses/win-85-publicip",
                        "attributes": {
                            "domain_name_label": "pa-win-85",
                            "fqdn": "pa-win-85.westus2.cloudapp.azure.com",
                            "id": "/subscriptions/d5d89bd9-4ef0-4187-a4ed-5de123bd9520/resourceGroups/mike-pa/providers/Microsoft.Network/publicIPAddresses/win-85-publicip",
                            "idle_timeout_in_minutes": "30",
                            "location": "westus2",
                            "name": "win-85-publicip",
                            "public_ip_address_allocation": "dynamic",
                            "resource_group_name": "mike-pa",
                            "tags.%": "0"
                        },
                        "meta": {},
                        "tainted": false
                    },
                    "deposed": [],
                    "provider": ""
                },
                "azurerm_public_ip.windows.85": {
                    "type": "azurerm_public_ip",
                    "depends_on": [
                        "azurerm_resource_group.global"
                    ],
                    "primary": {
                        "id": "/subscriptions/d5d89bd9-4ef0-4187-a4ed-5de123bd9520/resourceGroups/mike-pa/providers/Microsoft.Network/publicIPAddresses/win-86-publicip",
                        "attributes": {
                            "domain_name_label": "pa-win-86",
                            "fqdn": "pa-win-86.westus2.cloudapp.azure.com",
                            "id": "/subscriptions/d5d89bd9-4ef0-4187-a4ed-5de123bd9520/resourceGroups/mike-pa/providers/Microsoft.Network/publicIPAddresses/win-86-publicip",
                            "idle_timeout_in_minutes": "30",
                            "location": "westus2",
                            "name": "win-86-publicip",
                            "public_ip_address_allocation": "dynamic",
                            "resource_group_name": "mike-pa",
                            "tags.%": "0"
                        },
                        "meta": {},
                        "tainted": false
                    },
                    "deposed": [],
                    "provider": ""
                },
                "azurerm_public_ip.windows.86": {
                    "type": "azurerm_public_ip",
                    "depends_on": [
                        "azurerm_resource_group.global"
                    ],
                    "primary": {
                        "id": "/subscriptions/d5d89bd9-4ef0-4187-a4ed-5de123bd9520/resourceGroups/mike-pa/providers/Microsoft.Network/publicIPAddresses/win-87-publicip",
                        "attributes": {
                            "domain_name_label": "pa-win-87",
                            "fqdn": "pa-win-87.westus2.cloudapp.azure.com",
                            "id": "/subscriptions/d5d89bd9-4ef0-4187-a4ed-5de123bd9520/resourceGroups/mike-pa/providers/Microsoft.Network/publicIPAddresses/win-87-publicip",
                            "idle_timeout_in_minutes": "30",
                            "location": "westus2",
                            "name": "win-87-publicip",
                            "public_ip_address_allocation": "dynamic",
                            "resource_group_name": "mike-pa",
                            "tags.%": "0"
                        },
                        "meta": {},
                        "tainted": false
                    },
                    "deposed": [],
                    "provider": ""
                },
                "azurerm_public_ip.windows.87": {
                    "type": "azurerm_public_ip",
                    "depends_on": [
                        "azurerm_resource_group.global"
                    ],
                    "primary": {
                        "id": "/subscriptions/d5d89bd9-4ef0-4187-a4ed-5de123bd9520/resourceGroups/mike-pa/providers/Microsoft.Network/publicIPAddresses/win-88-publicip",
                        "attributes": {
                            "domain_name_label": "pa-win-88",
                            "fqdn": "pa-win-88.westus2.cloudapp.azure.com",
                            "id": "/subscriptions/d5d89bd9-4ef0-4187-a4ed-5de123bd9520/resourceGroups/mike-pa/providers/Microsoft.Network/publicIPAddresses/win-88-publicip",
                            "idle_timeout_in_minutes": "30",
                            "location": "westus2",
                            "name": "win-88-publicip",
                            "public_ip_address_allocation": "dynamic",
                            "resource_group_name": "mike-pa",
                            "tags.%": "0"
                        },
                        "meta": {},
                        "tainted": false
                    },
                    "deposed": [],
                    "provider": ""
                },
                "azurerm_public_ip.windows.88": {
                    "type": "azurerm_public_ip",
                    "depends_on": [
                        "azurerm_resource_group.global"
                    ],
                    "primary": {
                        "id": "/subscriptions/d5d89bd9-4ef0-4187-a4ed-5de123bd9520/resourceGroups/mike-pa/providers/Microsoft.Network/publicIPAddresses/win-89-publicip",
                        "attributes": {
                            "domain_name_label": "pa-win-89",
                            "fqdn": "pa-win-89.westus2.cloudapp.azure.com",
                            "id": "/subscriptions/d5d89bd9-4ef0-4187-a4ed-5de123bd9520/resourceGroups/mike-pa/providers/Microsoft.Network/publicIPAddresses/win-89-publicip",
                            "idle_timeout_in_minutes": "30",
                            "location": "westus2",
                            "name": "win-89-publicip",
                            "public_ip_address_allocation": "dynamic",
                            "resource_group_name": "mike-pa",
                            "tags.%": "0"
                        },
                        "meta": {},
                        "tainted": false
                    },
                    "deposed": [],
                    "provider": ""
                },
                "azurerm_public_ip.windows.89": {
                    "type": "azurerm_public_ip",
                    "depends_on": [
                        "azurerm_resource_group.global"
                    ],
                    "primary": {
                        "id": "/subscriptions/d5d89bd9-4ef0-4187-a4ed-5de123bd9520/resourceGroups/mike-pa/providers/Microsoft.Network/publicIPAddresses/win-90-publicip",
                        "attributes": {
                            "domain_name_label": "pa-win-90",
                            "fqdn": "pa-win-90.westus2.cloudapp.azure.com",
                            "id": "/subscriptions/d5d89bd9-4ef0-4187-a4ed-5de123bd9520/resourceGroups/mike-pa/providers/Microsoft.Network/publicIPAddresses/win-90-publicip",
                            "idle_timeout_in_minutes": "30",
                            "location": "westus2",
                            "name": "win-90-publicip",
                            "public_ip_address_allocation": "dynamic",
                            "resource_group_name": "mike-pa",
                            "tags.%": "0"
                        },
                        "meta": {},
                        "tainted": false
                    },
                    "deposed": [],
                    "provider": ""
                },
                "azurerm_public_ip.windows.9": {
                    "type": "azurerm_public_ip",
                    "depends_on": [
                        "azurerm_resource_group.global"
                    ],
                    "primary": {
                        "id": "/subscriptions/d5d89bd9-4ef0-4187-a4ed-5de123bd9520/resourceGroups/mike-pa/providers/Microsoft.Network/publicIPAddresses/win-10-publicip",
                        "attributes": {
                            "domain_name_label": "pa-win-10",
                            "fqdn": "pa-win-10.westus2.cloudapp.azure.com",
                            "id": "/subscriptions/d5d89bd9-4ef0-4187-a4ed-5de123bd9520/resourceGroups/mike-pa/providers/Microsoft.Network/publicIPAddresses/win-10-publicip",
                            "idle_timeout_in_minutes": "30",
                            "location": "westus2",
                            "name": "win-10-publicip",
                            "public_ip_address_allocation": "dynamic",
                            "resource_group_name": "mike-pa",
                            "tags.%": "0"
                        },
                        "meta": {},
                        "tainted": false
                    },
                    "deposed": [],
                    "provider": ""
                },
                "azurerm_public_ip.windows.90": {
                    "type": "azurerm_public_ip",
                    "depends_on": [
                        "azurerm_resource_group.global"
                    ],
                    "primary": {
                        "id": "/subscriptions/d5d89bd9-4ef0-4187-a4ed-5de123bd9520/resourceGroups/mike-pa/providers/Microsoft.Network/publicIPAddresses/win-91-publicip",
                        "attributes": {
                            "domain_name_label": "pa-win-91",
                            "fqdn": "pa-win-91.westus2.cloudapp.azure.com",
                            "id": "/subscriptions/d5d89bd9-4ef0-4187-a4ed-5de123bd9520/resourceGroups/mike-pa/providers/Microsoft.Network/publicIPAddresses/win-91-publicip",
                            "idle_timeout_in_minutes": "30",
                            "location": "westus2",
                            "name": "win-91-publicip",
                            "public_ip_address_allocation": "dynamic",
                            "resource_group_name": "mike-pa",
                            "tags.%": "0"
                        },
                        "meta": {},
                        "tainted": false
                    },
                    "deposed": [],
                    "provider": ""
                },
                "azurerm_public_ip.windows.91": {
                    "type": "azurerm_public_ip",
                    "depends_on": [
                        "azurerm_resource_group.global"
                    ],
                    "primary": {
                        "id": "/subscriptions/d5d89bd9-4ef0-4187-a4ed-5de123bd9520/resourceGroups/mike-pa/providers/Microsoft.Network/publicIPAddresses/win-92-publicip",
                        "attributes": {
                            "domain_name_label": "pa-win-92",
                            "fqdn": "pa-win-92.westus2.cloudapp.azure.com",
                            "id": "/subscriptions/d5d89bd9-4ef0-4187-a4ed-5de123bd9520/resourceGroups/mike-pa/providers/Microsoft.Network/publicIPAddresses/win-92-publicip",
                            "idle_timeout_in_minutes": "30",
                            "location": "westus2",
                            "name": "win-92-publicip",
                            "public_ip_address_allocation": "dynamic",
                            "resource_group_name": "mike-pa",
                            "tags.%": "0"
                        },
                        "meta": {},
                        "tainted": false
                    },
                    "deposed": [],
                    "provider": ""
                },
                "azurerm_public_ip.windows.92": {
                    "type": "azurerm_public_ip",
                    "depends_on": [
                        "azurerm_resource_group.global"
                    ],
                    "primary": {
                        "id": "/subscriptions/d5d89bd9-4ef0-4187-a4ed-5de123bd9520/resourceGroups/mike-pa/providers/Microsoft.Network/publicIPAddresses/win-93-publicip",
                        "attributes": {
                            "domain_name_label": "pa-win-93",
                            "fqdn": "pa-win-93.westus2.cloudapp.azure.com",
                            "id": "/subscriptions/d5d89bd9-4ef0-4187-a4ed-5de123bd9520/resourceGroups/mike-pa/providers/Microsoft.Network/publicIPAddresses/win-93-publicip",
                            "idle_timeout_in_minutes": "30",
                            "location": "westus2",
                            "name": "win-93-publicip",
                            "public_ip_address_allocation": "dynamic",
                            "resource_group_name": "mike-pa",
                            "tags.%": "0"
                        },
                        "meta": {},
                        "tainted": false
                    },
                    "deposed": [],
                    "provider": ""
                },
                "azurerm_public_ip.windows.93": {
                    "type": "azurerm_public_ip",
                    "depends_on": [
                        "azurerm_resource_group.global"
                    ],
                    "primary": {
                        "id": "/subscriptions/d5d89bd9-4ef0-4187-a4ed-5de123bd9520/resourceGroups/mike-pa/providers/Microsoft.Network/publicIPAddresses/win-94-publicip",
                        "attributes": {
                            "domain_name_label": "pa-win-94",
                            "fqdn": "pa-win-94.westus2.cloudapp.azure.com",
                            "id": "/subscriptions/d5d89bd9-4ef0-4187-a4ed-5de123bd9520/resourceGroups/mike-pa/providers/Microsoft.Network/publicIPAddresses/win-94-publicip",
                            "idle_timeout_in_minutes": "30",
                            "location": "westus2",
                            "name": "win-94-publicip",
                            "public_ip_address_allocation": "dynamic",
                            "resource_group_name": "mike-pa",
                            "tags.%": "0"
                        },
                        "meta": {},
                        "tainted": false
                    },
                    "deposed": [],
                    "provider": ""
                },
                "azurerm_public_ip.windows.94": {
                    "type": "azurerm_public_ip",
                    "depends_on": [
                        "azurerm_resource_group.global"
                    ],
                    "primary": {
                        "id": "/subscriptions/d5d89bd9-4ef0-4187-a4ed-5de123bd9520/resourceGroups/mike-pa/providers/Microsoft.Network/publicIPAddresses/win-95-publicip",
                        "attributes": {
                            "domain_name_label": "pa-win-95",
                            "fqdn": "pa-win-95.westus2.cloudapp.azure.com",
                            "id": "/subscriptions/d5d89bd9-4ef0-4187-a4ed-5de123bd9520/resourceGroups/mike-pa/providers/Microsoft.Network/publicIPAddresses/win-95-publicip",
                            "idle_timeout_in_minutes": "30",
                            "location": "westus2",
                            "name": "win-95-publicip",
                            "public_ip_address_allocation": "dynamic",
                            "resource_group_name": "mike-pa",
                            "tags.%": "0"
                        },
                        "meta": {},
                        "tainted": false
                    },
                    "deposed": [],
                    "provider": ""
                },
                "azurerm_public_ip.windows.96": {
                    "type": "azurerm_public_ip",
                    "depends_on": [
                        "azurerm_resource_group.global"
                    ],
                    "primary": {
                        "id": "/subscriptions/d5d89bd9-4ef0-4187-a4ed-5de123bd9520/resourceGroups/mike-pa/providers/Microsoft.Network/publicIPAddresses/win-97-publicip",
                        "attributes": {
                            "domain_name_label": "pa-win-97",
                            "fqdn": "pa-win-97.westus2.cloudapp.azure.com",
                            "id": "/subscriptions/d5d89bd9-4ef0-4187-a4ed-5de123bd9520/resourceGroups/mike-pa/providers/Microsoft.Network/publicIPAddresses/win-97-publicip",
                            "idle_timeout_in_minutes": "30",
                            "location": "westus2",
                            "name": "win-97-publicip",
                            "public_ip_address_allocation": "dynamic",
                            "resource_group_name": "mike-pa",
                            "tags.%": "0"
                        },
                        "meta": {},
                        "tainted": false
                    },
                    "deposed": [],
                    "provider": ""
                },
                "azurerm_public_ip.windows.97": {
                    "type": "azurerm_public_ip",
                    "depends_on": [
                        "azurerm_resource_group.global"
                    ],
                    "primary": {
                        "id": "/subscriptions/d5d89bd9-4ef0-4187-a4ed-5de123bd9520/resourceGroups/mike-pa/providers/Microsoft.Network/publicIPAddresses/win-98-publicip",
                        "attributes": {
                            "domain_name_label": "pa-win-98",
                            "fqdn": "pa-win-98.westus2.cloudapp.azure.com",
                            "id": "/subscriptions/d5d89bd9-4ef0-4187-a4ed-5de123bd9520/resourceGroups/mike-pa/providers/Microsoft.Network/publicIPAddresses/win-98-publicip",
                            "idle_timeout_in_minutes": "30",
                            "location": "westus2",
                            "name": "win-98-publicip",
                            "public_ip_address_allocation": "dynamic",
                            "resource_group_name": "mike-pa",
                            "tags.%": "0"
                        },
                        "meta": {},
                        "tainted": false
                    },
                    "deposed": [],
                    "provider": ""
                },
                "azurerm_public_ip.windows.98": {
                    "type": "azurerm_public_ip",
                    "depends_on": [
                        "azurerm_resource_group.global"
                    ],
                    "primary": {
                        "id": "/subscriptions/d5d89bd9-4ef0-4187-a4ed-5de123bd9520/resourceGroups/mike-pa/providers/Microsoft.Network/publicIPAddresses/win-99-publicip",
                        "attributes": {
                            "domain_name_label": "pa-win-99",
                            "fqdn": "pa-win-99.westus2.cloudapp.azure.com",
                            "id": "/subscriptions/d5d89bd9-4ef0-4187-a4ed-5de123bd9520/resourceGroups/mike-pa/providers/Microsoft.Network/publicIPAddresses/win-99-publicip",
                            "idle_timeout_in_minutes": "30",
                            "location": "westus2",
                            "name": "win-99-publicip",
                            "public_ip_address_allocation": "dynamic",
                            "resource_group_name": "mike-pa",
                            "tags.%": "0"
                        },
                        "meta": {},
                        "tainted": false
                    },
                    "deposed": [],
                    "provider": ""
                },
                "azurerm_public_ip.windows.99": {
                    "type": "azurerm_public_ip",
                    "depends_on": [
                        "azurerm_resource_group.global"
                    ],
                    "primary": {
                        "id": "/subscriptions/d5d89bd9-4ef0-4187-a4ed-5de123bd9520/resourceGroups/mike-pa/providers/Microsoft.Network/publicIPAddresses/win-100-publicip",
                        "attributes": {
                            "domain_name_label": "pa-win-100",
                            "fqdn": "pa-win-100.westus2.cloudapp.azure.com",
                            "id": "/subscriptions/d5d89bd9-4ef0-4187-a4ed-5de123bd9520/resourceGroups/mike-pa/providers/Microsoft.Network/publicIPAddresses/win-100-publicip",
                            "idle_timeout_in_minutes": "30",
                            "location": "westus2",
                            "name": "win-100-publicip",
                            "public_ip_address_allocation": "dynamic",
                            "resource_group_name": "mike-pa",
                            "tags.%": "0"
                        },
                        "meta": {},
                        "tainted": false
                    },
                    "deposed": [],
                    "provider": ""
                },
                "azurerm_resource_group.global": {
                    "type": "azurerm_resource_group",
                    "depends_on": [],
                    "primary": {
                        "id": "/subscriptions/d5d89bd9-4ef0-4187-a4ed-5de123bd9520/resourceGroups/mike-pa",
                        "attributes": {
                            "id": "/subscriptions/d5d89bd9-4ef0-4187-a4ed-5de123bd9520/resourceGroups/mike-pa",
                            "location": "westus2",
                            "name": "mike-pa",
                            "tags.%": "0"
                        },
                        "meta": {},
                        "tainted": false
                    },
                    "deposed": [],
                    "provider": ""
                },
                "azurerm_storage_account.global": {
                    "type": "azurerm_storage_account",
                    "depends_on": [
                        "azurerm_resource_group.global"
                    ],
                    "primary": {
                        "id": "/subscriptions/d5d89bd9-4ef0-4187-a4ed-5de123bd9520/resourceGroups/mike-pa/providers/Microsoft.Storage/storageAccounts/mikepa",
                        "attributes": {
                            "account_kind": "Storage",
                            "account_type": "Standard_LRS",
                            "id": "/subscriptions/d5d89bd9-4ef0-4187-a4ed-5de123bd9520/resourceGroups/mike-pa/providers/Microsoft.Storage/storageAccounts/mikepa",
                            "location": "westus2",
                            "name": "mikepa",
                            "primary_access_key": "uITBWcVtsyogPaABdcakfUSFOquC2Sh7piNX1ItR3e726BTUCXP373rZDYYZ4Nv6QEKJOweX1nAWzjh7O/AvDQ==",
                            "primary_blob_endpoint": "https://mikepa.blob.core.windows.net/",
                            "primary_file_endpoint": "https://mikepa.file.core.windows.net/",
                            "primary_location": "westus2",
                            "primary_queue_endpoint": "https://mikepa.queue.core.windows.net/",
                            "primary_table_endpoint": "https://mikepa.table.core.windows.net/",
                            "resource_group_name": "mike-pa",
                            "secondary_access_key": "E7Dl9UhxBUjCeYRVUo3T7WTZf3zyve8MSrfiSZZiLHSjsKAoYvdu/cZci+8kz1pAhrMJDCyn/TQ0LRbOJJ2dHA==",
                            "secondary_location": "",
                            "tags.%": "0"
                        },
                        "meta": {},
                        "tainted": false
                    },
                    "deposed": [],
                    "provider": ""
                },
                "azurerm_storage_blob.linux": {
                    "type": "azurerm_storage_blob",
                    "depends_on": [
                        "azurerm_resource_group.global",
                        "azurerm_storage_account.global",
                        "azurerm_storage_container.global"
                    ],
                    "primary": {
                        "id": "lin-image.vhd",
                        "attributes": {
                            "attempts": "1",
                            "id": "lin-image.vhd",
                            "name": "lin-image.vhd",
                            "parallelism": "8",
                            "resource_group_name": "mike-pa",
                            "size": "0",
                            "source_uri": "https://mikergdisks645.blob.core.windows.net/vhds/linux-base20170523165353.vhd?st=2017-05-24T06%3A06%3A00Z\u0026se=2018-05-25T06%3A06%3A00Z\u0026sp=rl\u0026sv=2016-05-31\u0026sr=b\u0026sig=9hLOky1FufB0u60pojAqUgeej7iZRrHxloZ%2Fi7FSs38%3D",
                            "storage_account_name": "mikepa",
                            "storage_container_name": "vhds",
                            "url": "https://mikepa.blob.core.windows.net/vhds/lin-image.vhd"
                        },
                        "meta": {},
                        "tainted": false
                    },
                    "deposed": [],
                    "provider": ""
                },
                "azurerm_storage_blob.windows": {
                    "type": "azurerm_storage_blob",
                    "depends_on": [
                        "azurerm_resource_group.global",
                        "azurerm_storage_account.global",
                        "azurerm_storage_container.global"
                    ],
                    "primary": {
                        "id": "win-image.vhd",
                        "attributes": {
                            "attempts": "1",
                            "id": "win-image.vhd",
                            "name": "win-image.vhd",
                            "parallelism": "8",
                            "resource_group_name": "mike-pa",
                            "size": "0",
                            "source_uri": "https://mikergdisks645.blob.core.windows.net/vhds/win2016-17-05-osDisk.2eb0a541-44f5-44a4-8416-0280d4976722.vhd?st=2017-05-25T00%3A44%3A00Z\u0026se=2018-05-26T00%3A44%3A00Z\u0026sp=rl\u0026sv=2016-05-31\u0026sr=b\u0026sig=wSbPKamsKmlTuqPVZPEt44Y8MIGR5taf%2BykNgwmt%2B70%3D",
                            "storage_account_name": "mikepa",
                            "storage_container_name": "vhds",
                            "url": "https://mikepa.blob.core.windows.net/vhds/win-image.vhd"
                        },
                        "meta": {},
                        "tainted": false
                    },
                    "deposed": [],
                    "provider": ""
                },
                "azurerm_storage_container.global": {
                    "type": "azurerm_storage_container",
                    "depends_on": [
                        "azurerm_resource_group.global",
                        "azurerm_storage_account.global"
                    ],
                    "primary": {
                        "id": "vhds",
                        "attributes": {
                            "container_access_type": "private",
                            "id": "vhds",
                            "name": "vhds",
                            "properties.%": "4",
                            "properties.last_modified": "Tue, 30 May 2017 09:03:05 GMT",
                            "properties.lease_duration": "",
                            "properties.lease_state": "available",
                            "properties.lease_status": "unlocked",
                            "resource_group_name": "mike-pa",
                            "storage_account_name": "mikepa"
                        },
                        "meta": {},
                        "tainted": false
                    },
                    "deposed": [],
                    "provider": ""
                },
                "azurerm_storage_container.linux.0": {
                    "type": "azurerm_storage_container",
                    "depends_on": [
                        "azurerm_resource_group.global",
                        "azurerm_storage_account.global"
                    ],
                    "primary": {
                        "id": "linux-01-storage",
                        "attributes": {
                            "container_access_type": "private",
                            "id": "linux-01-storage",
                            "name": "linux-01-storage",
                            "properties.%": "4",
                            "properties.last_modified": "Tue, 30 May 2017 09:03:07 GMT",
                            "properties.lease_duration": "",
                            "properties.lease_state": "available",
                            "properties.lease_status": "unlocked",
                            "resource_group_name": "mike-pa",
                            "storage_account_name": "mikepa"
                        },
                        "meta": {},
                        "tainted": false
                    },
                    "deposed": [],
                    "provider": ""
                },
                "azurerm_storage_container.linux.1": {
                    "type": "azurerm_storage_container",
                    "depends_on": [
                        "azurerm_resource_group.global",
                        "azurerm_storage_account.global"
                    ],
                    "primary": {
                        "id": "linux-02-storage",
                        "attributes": {
                            "container_access_type": "private",
                            "id": "linux-02-storage",
                            "name": "linux-02-storage",
                            "properties.%": "4",
                            "properties.last_modified": "Tue, 30 May 2017 09:03:04 GMT",
                            "properties.lease_duration": "",
                            "properties.lease_state": "available",
                            "properties.lease_status": "unlocked",
                            "resource_group_name": "mike-pa",
                            "storage_account_name": "mikepa"
                        },
                        "meta": {},
                        "tainted": false
                    },
                    "deposed": [],
                    "provider": ""
                },
                "azurerm_storage_container.linux.10": {
                    "type": "azurerm_storage_container",
                    "depends_on": [
                        "azurerm_resource_group.global",
                        "azurerm_storage_account.global"
                    ],
                    "primary": {
                        "id": "linux-11-storage",
                        "attributes": {
                            "container_access_type": "private",
                            "id": "linux-11-storage",
                            "name": "linux-11-storage",
                            "properties.%": "4",
                            "properties.last_modified": "Tue, 30 May 2017 09:03:05 GMT",
                            "properties.lease_duration": "",
                            "properties.lease_state": "available",
                            "properties.lease_status": "unlocked",
                            "resource_group_name": "mike-pa",
                            "storage_account_name": "mikepa"
                        },
                        "meta": {},
                        "tainted": false
                    },
                    "deposed": [],
                    "provider": ""
                },
                "azurerm_storage_container.linux.11": {
                    "type": "azurerm_storage_container",
                    "depends_on": [
                        "azurerm_resource_group.global",
                        "azurerm_storage_account.global"
                    ],
                    "primary": {
                        "id": "linux-12-storage",
                        "attributes": {
                            "container_access_type": "private",
                            "id": "linux-12-storage",
                            "name": "linux-12-storage",
                            "properties.%": "4",
                            "properties.last_modified": "Tue, 30 May 2017 09:03:05 GMT",
                            "properties.lease_duration": "",
                            "properties.lease_state": "available",
                            "properties.lease_status": "unlocked",
                            "resource_group_name": "mike-pa",
                            "storage_account_name": "mikepa"
                        },
                        "meta": {},
                        "tainted": false
                    },
                    "deposed": [],
                    "provider": ""
                },
                "azurerm_storage_container.linux.12": {
                    "type": "azurerm_storage_container",
                    "depends_on": [
                        "azurerm_resource_group.global",
                        "azurerm_storage_account.global"
                    ],
                    "primary": {
                        "id": "linux-13-storage",
                        "attributes": {
                            "container_access_type": "private",
                            "id": "linux-13-storage",
                            "name": "linux-13-storage",
                            "properties.%": "4",
                            "properties.last_modified": "Tue, 30 May 2017 09:03:07 GMT",
                            "properties.lease_duration": "",
                            "properties.lease_state": "available",
                            "properties.lease_status": "unlocked",
                            "resource_group_name": "mike-pa",
                            "storage_account_name": "mikepa"
                        },
                        "meta": {},
                        "tainted": false
                    },
                    "deposed": [],
                    "provider": ""
                },
                "azurerm_storage_container.linux.13": {
                    "type": "azurerm_storage_container",
                    "depends_on": [
                        "azurerm_resource_group.global",
                        "azurerm_storage_account.global"
                    ],
                    "primary": {
                        "id": "linux-14-storage",
                        "attributes": {
                            "container_access_type": "private",
                            "id": "linux-14-storage",
                            "name": "linux-14-storage",
                            "properties.%": "4",
                            "properties.last_modified": "Tue, 30 May 2017 09:03:12 GMT",
                            "properties.lease_duration": "",
                            "properties.lease_state": "available",
                            "properties.lease_status": "unlocked",
                            "resource_group_name": "mike-pa",
                            "storage_account_name": "mikepa"
                        },
                        "meta": {},
                        "tainted": false
                    },
                    "deposed": [],
                    "provider": ""
                },
                "azurerm_storage_container.linux.14": {
                    "type": "azurerm_storage_container",
                    "depends_on": [
                        "azurerm_resource_group.global",
                        "azurerm_storage_account.global"
                    ],
                    "primary": {
                        "id": "linux-15-storage",
                        "attributes": {
                            "container_access_type": "private",
                            "id": "linux-15-storage",
                            "name": "linux-15-storage",
                            "properties.%": "4",
                            "properties.last_modified": "Tue, 30 May 2017 09:03:04 GMT",
                            "properties.lease_duration": "",
                            "properties.lease_state": "available",
                            "properties.lease_status": "unlocked",
                            "resource_group_name": "mike-pa",
                            "storage_account_name": "mikepa"
                        },
                        "meta": {},
                        "tainted": false
                    },
                    "deposed": [],
                    "provider": ""
                },
                "azurerm_storage_container.linux.15": {
                    "type": "azurerm_storage_container",
                    "depends_on": [
                        "azurerm_resource_group.global",
                        "azurerm_storage_account.global"
                    ],
                    "primary": {
                        "id": "linux-16-storage",
                        "attributes": {
                            "container_access_type": "private",
                            "id": "linux-16-storage",
                            "name": "linux-16-storage",
                            "properties.%": "4",
                            "properties.last_modified": "Tue, 30 May 2017 09:03:07 GMT",
                            "properties.lease_duration": "",
                            "properties.lease_state": "available",
                            "properties.lease_status": "unlocked",
                            "resource_group_name": "mike-pa",
                            "storage_account_name": "mikepa"
                        },
                        "meta": {},
                        "tainted": false
                    },
                    "deposed": [],
                    "provider": ""
                },
                "azurerm_storage_container.linux.16": {
                    "type": "azurerm_storage_container",
                    "depends_on": [
                        "azurerm_resource_group.global",
                        "azurerm_storage_account.global"
                    ],
                    "primary": {
                        "id": "linux-17-storage",
                        "attributes": {
                            "container_access_type": "private",
                            "id": "linux-17-storage",
                            "name": "linux-17-storage",
                            "properties.%": "4",
                            "properties.last_modified": "Tue, 30 May 2017 09:03:13 GMT",
                            "properties.lease_duration": "",
                            "properties.lease_state": "available",
                            "properties.lease_status": "unlocked",
                            "resource_group_name": "mike-pa",
                            "storage_account_name": "mikepa"
                        },
                        "meta": {},
                        "tainted": false
                    },
                    "deposed": [],
                    "provider": ""
                },
                "azurerm_storage_container.linux.17": {
                    "type": "azurerm_storage_container",
                    "depends_on": [
                        "azurerm_resource_group.global",
                        "azurerm_storage_account.global"
                    ],
                    "primary": {
                        "id": "linux-18-storage",
                        "attributes": {
                            "container_access_type": "private",
                            "id": "linux-18-storage",
                            "name": "linux-18-storage",
                            "properties.%": "4",
                            "properties.last_modified": "Tue, 30 May 2017 09:03:10 GMT",
                            "properties.lease_duration": "",
                            "properties.lease_state": "available",
                            "properties.lease_status": "unlocked",
                            "resource_group_name": "mike-pa",
                            "storage_account_name": "mikepa"
                        },
                        "meta": {},
                        "tainted": false
                    },
                    "deposed": [],
                    "provider": ""
                },
                "azurerm_storage_container.linux.18": {
                    "type": "azurerm_storage_container",
                    "depends_on": [
                        "azurerm_resource_group.global",
                        "azurerm_storage_account.global"
                    ],
                    "primary": {
                        "id": "linux-19-storage",
                        "attributes": {
                            "container_access_type": "private",
                            "id": "linux-19-storage",
                            "name": "linux-19-storage",
                            "properties.%": "4",
                            "properties.last_modified": "Tue, 30 May 2017 09:03:04 GMT",
                            "properties.lease_duration": "",
                            "properties.lease_state": "available",
                            "properties.lease_status": "unlocked",
                            "resource_group_name": "mike-pa",
                            "storage_account_name": "mikepa"
                        },
                        "meta": {},
                        "tainted": false
                    },
                    "deposed": [],
                    "provider": ""
                },
                "azurerm_storage_container.linux.19": {
                    "type": "azurerm_storage_container",
                    "depends_on": [
                        "azurerm_resource_group.global",
                        "azurerm_storage_account.global"
                    ],
                    "primary": {
                        "id": "linux-20-storage",
                        "attributes": {
                            "container_access_type": "private",
                            "id": "linux-20-storage",
                            "name": "linux-20-storage",
                            "properties.%": "4",
                            "properties.last_modified": "Tue, 30 May 2017 09:03:12 GMT",
                            "properties.lease_duration": "",
                            "properties.lease_state": "available",
                            "properties.lease_status": "unlocked",
                            "resource_group_name": "mike-pa",
                            "storage_account_name": "mikepa"
                        },
                        "meta": {},
                        "tainted": false
                    },
                    "deposed": [],
                    "provider": ""
                },
                "azurerm_storage_container.linux.2": {
                    "type": "azurerm_storage_container",
                    "depends_on": [
                        "azurerm_resource_group.global",
                        "azurerm_storage_account.global"
                    ],
                    "primary": {
                        "id": "linux-03-storage",
                        "attributes": {
                            "container_access_type": "private",
                            "id": "linux-03-storage",
                            "name": "linux-03-storage",
                            "properties.%": "4",
                            "properties.last_modified": "Tue, 30 May 2017 09:02:58 GMT",
                            "properties.lease_duration": "",
                            "properties.lease_state": "available",
                            "properties.lease_status": "unlocked",
                            "resource_group_name": "mike-pa",
                            "storage_account_name": "mikepa"
                        },
                        "meta": {},
                        "tainted": false
                    },
                    "deposed": [],
                    "provider": ""
                },
                "azurerm_storage_container.linux.20": {
                    "type": "azurerm_storage_container",
                    "depends_on": [
                        "azurerm_resource_group.global",
                        "azurerm_storage_account.global"
                    ],
                    "primary": {
                        "id": "linux-21-storage",
                        "attributes": {
                            "container_access_type": "private",
                            "id": "linux-21-storage",
                            "name": "linux-21-storage",
                            "properties.%": "4",
                            "properties.last_modified": "Tue, 30 May 2017 09:03:01 GMT",
                            "properties.lease_duration": "",
                            "properties.lease_state": "available",
                            "properties.lease_status": "unlocked",
                            "resource_group_name": "mike-pa",
                            "storage_account_name": "mikepa"
                        },
                        "meta": {},
                        "tainted": false
                    },
                    "deposed": [],
                    "provider": ""
                },
                "azurerm_storage_container.linux.21": {
                    "type": "azurerm_storage_container",
                    "depends_on": [
                        "azurerm_resource_group.global",
                        "azurerm_storage_account.global"
                    ],
                    "primary": {
                        "id": "linux-22-storage",
                        "attributes": {
                            "container_access_type": "private",
                            "id": "linux-22-storage",
                            "name": "linux-22-storage",
                            "properties.%": "4",
                            "properties.last_modified": "Tue, 30 May 2017 09:03:10 GMT",
                            "properties.lease_duration": "",
                            "properties.lease_state": "available",
                            "properties.lease_status": "unlocked",
                            "resource_group_name": "mike-pa",
                            "storage_account_name": "mikepa"
                        },
                        "meta": {},
                        "tainted": false
                    },
                    "deposed": [],
                    "provider": ""
                },
                "azurerm_storage_container.linux.22": {
                    "type": "azurerm_storage_container",
                    "depends_on": [
                        "azurerm_resource_group.global",
                        "azurerm_storage_account.global"
                    ],
                    "primary": {
                        "id": "linux-23-storage",
                        "attributes": {
                            "container_access_type": "private",
                            "id": "linux-23-storage",
                            "name": "linux-23-storage",
                            "properties.%": "4",
                            "properties.last_modified": "Tue, 30 May 2017 09:03:08 GMT",
                            "properties.lease_duration": "",
                            "properties.lease_state": "available",
                            "properties.lease_status": "unlocked",
                            "resource_group_name": "mike-pa",
                            "storage_account_name": "mikepa"
                        },
                        "meta": {},
                        "tainted": false
                    },
                    "deposed": [],
                    "provider": ""
                },
                "azurerm_storage_container.linux.23": {
                    "type": "azurerm_storage_container",
                    "depends_on": [
                        "azurerm_resource_group.global",
                        "azurerm_storage_account.global"
                    ],
                    "primary": {
                        "id": "linux-24-storage",
                        "attributes": {
                            "container_access_type": "private",
                            "id": "linux-24-storage",
                            "name": "linux-24-storage",
                            "properties.%": "4",
                            "properties.last_modified": "Tue, 30 May 2017 09:03:03 GMT",
                            "properties.lease_duration": "",
                            "properties.lease_state": "available",
                            "properties.lease_status": "unlocked",
                            "resource_group_name": "mike-pa",
                            "storage_account_name": "mikepa"
                        },
                        "meta": {},
                        "tainted": false
                    },
                    "deposed": [],
                    "provider": ""
                },
                "azurerm_storage_container.linux.24": {
                    "type": "azurerm_storage_container",
                    "depends_on": [
                        "azurerm_resource_group.global",
                        "azurerm_storage_account.global"
                    ],
                    "primary": {
                        "id": "linux-25-storage",
                        "attributes": {
                            "container_access_type": "private",
                            "id": "linux-25-storage",
                            "name": "linux-25-storage",
                            "properties.%": "4",
                            "properties.last_modified": "Tue, 30 May 2017 09:03:02 GMT",
                            "properties.lease_duration": "",
                            "properties.lease_state": "available",
                            "properties.lease_status": "unlocked",
                            "resource_group_name": "mike-pa",
                            "storage_account_name": "mikepa"
                        },
                        "meta": {},
                        "tainted": false
                    },
                    "deposed": [],
                    "provider": ""
                },
                "azurerm_storage_container.linux.25": {
                    "type": "azurerm_storage_container",
                    "depends_on": [
                        "azurerm_resource_group.global",
                        "azurerm_storage_account.global"
                    ],
                    "primary": {
                        "id": "linux-26-storage",
                        "attributes": {
                            "container_access_type": "private",
                            "id": "linux-26-storage",
                            "name": "linux-26-storage",
                            "properties.%": "4",
                            "properties.last_modified": "Tue, 30 May 2017 09:03:00 GMT",
                            "properties.lease_duration": "",
                            "properties.lease_state": "available",
                            "properties.lease_status": "unlocked",
                            "resource_group_name": "mike-pa",
                            "storage_account_name": "mikepa"
                        },
                        "meta": {},
                        "tainted": false
                    },
                    "deposed": [],
                    "provider": ""
                },
                "azurerm_storage_container.linux.26": {
                    "type": "azurerm_storage_container",
                    "depends_on": [
                        "azurerm_resource_group.global",
                        "azurerm_storage_account.global"
                    ],
                    "primary": {
                        "id": "linux-27-storage",
                        "attributes": {
                            "container_access_type": "private",
                            "id": "linux-27-storage",
                            "name": "linux-27-storage",
                            "properties.%": "4",
                            "properties.last_modified": "Tue, 30 May 2017 09:02:59 GMT",
                            "properties.lease_duration": "",
                            "properties.lease_state": "available",
                            "properties.lease_status": "unlocked",
                            "resource_group_name": "mike-pa",
                            "storage_account_name": "mikepa"
                        },
                        "meta": {},
                        "tainted": false
                    },
                    "deposed": [],
                    "provider": ""
                },
                "azurerm_storage_container.linux.27": {
                    "type": "azurerm_storage_container",
                    "depends_on": [
                        "azurerm_resource_group.global",
                        "azurerm_storage_account.global"
                    ],
                    "primary": {
                        "id": "linux-28-storage",
                        "attributes": {
                            "container_access_type": "private",
                            "id": "linux-28-storage",
                            "name": "linux-28-storage",
                            "properties.%": "4",
                            "properties.last_modified": "Tue, 30 May 2017 09:03:09 GMT",
                            "properties.lease_duration": "",
                            "properties.lease_state": "available",
                            "properties.lease_status": "unlocked",
                            "resource_group_name": "mike-pa",
                            "storage_account_name": "mikepa"
                        },
                        "meta": {},
                        "tainted": false
                    },
                    "deposed": [],
                    "provider": ""
                },
                "azurerm_storage_container.linux.28": {
                    "type": "azurerm_storage_container",
                    "depends_on": [
                        "azurerm_resource_group.global",
                        "azurerm_storage_account.global"
                    ],
                    "primary": {
                        "id": "linux-29-storage",
                        "attributes": {
                            "container_access_type": "private",
                            "id": "linux-29-storage",
                            "name": "linux-29-storage",
                            "properties.%": "4",
                            "properties.last_modified": "Tue, 30 May 2017 09:03:11 GMT",
                            "properties.lease_duration": "",
                            "properties.lease_state": "available",
                            "properties.lease_status": "unlocked",
                            "resource_group_name": "mike-pa",
                            "storage_account_name": "mikepa"
                        },
                        "meta": {},
                        "tainted": false
                    },
                    "deposed": [],
                    "provider": ""
                },
                "azurerm_storage_container.linux.29": {
                    "type": "azurerm_storage_container",
                    "depends_on": [
                        "azurerm_resource_group.global",
                        "azurerm_storage_account.global"
                    ],
                    "primary": {
                        "id": "linux-30-storage",
                        "attributes": {
                            "container_access_type": "private",
                            "id": "linux-30-storage",
                            "name": "linux-30-storage",
                            "properties.%": "4",
                            "properties.last_modified": "Tue, 30 May 2017 09:03:09 GMT",
                            "properties.lease_duration": "",
                            "properties.lease_state": "available",
                            "properties.lease_status": "unlocked",
                            "resource_group_name": "mike-pa",
                            "storage_account_name": "mikepa"
                        },
                        "meta": {},
                        "tainted": false
                    },
                    "deposed": [],
                    "provider": ""
                },
                "azurerm_storage_container.linux.3": {
                    "type": "azurerm_storage_container",
                    "depends_on": [
                        "azurerm_resource_group.global",
                        "azurerm_storage_account.global"
                    ],
                    "primary": {
                        "id": "linux-04-storage",
                        "attributes": {
                            "container_access_type": "private",
                            "id": "linux-04-storage",
                            "name": "linux-04-storage",
                            "properties.%": "4",
                            "properties.last_modified": "Tue, 30 May 2017 09:03:01 GMT",
                            "properties.lease_duration": "",
                            "properties.lease_state": "available",
                            "properties.lease_status": "unlocked",
                            "resource_group_name": "mike-pa",
                            "storage_account_name": "mikepa"
                        },
                        "meta": {},
                        "tainted": false
                    },
                    "deposed": [],
                    "provider": ""
                },
                "azurerm_storage_container.linux.30": {
                    "type": "azurerm_storage_container",
                    "depends_on": [
                        "azurerm_resource_group.global",
                        "azurerm_storage_account.global"
                    ],
                    "primary": {
                        "id": "linux-31-storage",
                        "attributes": {
                            "container_access_type": "private",
                            "id": "linux-31-storage",
                            "name": "linux-31-storage",
                            "properties.%": "4",
                            "properties.last_modified": "Tue, 30 May 2017 09:03:03 GMT",
                            "properties.lease_duration": "",
                            "properties.lease_state": "available",
                            "properties.lease_status": "unlocked",
                            "resource_group_name": "mike-pa",
                            "storage_account_name": "mikepa"
                        },
                        "meta": {},
                        "tainted": false
                    },
                    "deposed": [],
                    "provider": ""
                },
                "azurerm_storage_container.linux.31": {
                    "type": "azurerm_storage_container",
                    "depends_on": [
                        "azurerm_resource_group.global",
                        "azurerm_storage_account.global"
                    ],
                    "primary": {
                        "id": "linux-32-storage",
                        "attributes": {
                            "container_access_type": "private",
                            "id": "linux-32-storage",
                            "name": "linux-32-storage",
                            "properties.%": "4",
                            "properties.last_modified": "Tue, 30 May 2017 09:02:58 GMT",
                            "properties.lease_duration": "",
                            "properties.lease_state": "available",
                            "properties.lease_status": "unlocked",
                            "resource_group_name": "mike-pa",
                            "storage_account_name": "mikepa"
                        },
                        "meta": {},
                        "tainted": false
                    },
                    "deposed": [],
                    "provider": ""
                },
                "azurerm_storage_container.linux.32": {
                    "type": "azurerm_storage_container",
                    "depends_on": [
                        "azurerm_resource_group.global",
                        "azurerm_storage_account.global"
                    ],
                    "primary": {
                        "id": "linux-33-storage",
                        "attributes": {
                            "container_access_type": "private",
                            "id": "linux-33-storage",
                            "name": "linux-33-storage",
                            "properties.%": "4",
                            "properties.last_modified": "Tue, 30 May 2017 09:03:14 GMT",
                            "properties.lease_duration": "",
                            "properties.lease_state": "available",
                            "properties.lease_status": "unlocked",
                            "resource_group_name": "mike-pa",
                            "storage_account_name": "mikepa"
                        },
                        "meta": {},
                        "tainted": false
                    },
                    "deposed": [],
                    "provider": ""
                },
                "azurerm_storage_container.linux.33": {
                    "type": "azurerm_storage_container",
                    "depends_on": [
                        "azurerm_resource_group.global",
                        "azurerm_storage_account.global"
                    ],
                    "primary": {
                        "id": "linux-34-storage",
                        "attributes": {
                            "container_access_type": "private",
                            "id": "linux-34-storage",
                            "name": "linux-34-storage",
                            "properties.%": "4",
                            "properties.last_modified": "Tue, 30 May 2017 09:03:07 GMT",
                            "properties.lease_duration": "",
                            "properties.lease_state": "available",
                            "properties.lease_status": "unlocked",
                            "resource_group_name": "mike-pa",
                            "storage_account_name": "mikepa"
                        },
                        "meta": {},
                        "tainted": false
                    },
                    "deposed": [],
                    "provider": ""
                },
                "azurerm_storage_container.linux.34": {
                    "type": "azurerm_storage_container",
                    "depends_on": [
                        "azurerm_resource_group.global",
                        "azurerm_storage_account.global"
                    ],
                    "primary": {
                        "id": "linux-35-storage",
                        "attributes": {
                            "container_access_type": "private",
                            "id": "linux-35-storage",
                            "name": "linux-35-storage",
                            "properties.%": "4",
                            "properties.last_modified": "Tue, 30 May 2017 09:03:05 GMT",
                            "properties.lease_duration": "",
                            "properties.lease_state": "available",
                            "properties.lease_status": "unlocked",
                            "resource_group_name": "mike-pa",
                            "storage_account_name": "mikepa"
                        },
                        "meta": {},
                        "tainted": false
                    },
                    "deposed": [],
                    "provider": ""
                },
                "azurerm_storage_container.linux.35": {
                    "type": "azurerm_storage_container",
                    "depends_on": [
                        "azurerm_resource_group.global",
                        "azurerm_storage_account.global"
                    ],
                    "primary": {
                        "id": "linux-36-storage",
                        "attributes": {
                            "container_access_type": "private",
                            "id": "linux-36-storage",
                            "name": "linux-36-storage",
                            "properties.%": "4",
                            "properties.last_modified": "Tue, 30 May 2017 09:03:03 GMT",
                            "properties.lease_duration": "",
                            "properties.lease_state": "available",
                            "properties.lease_status": "unlocked",
                            "resource_group_name": "mike-pa",
                            "storage_account_name": "mikepa"
                        },
                        "meta": {},
                        "tainted": false
                    },
                    "deposed": [],
                    "provider": ""
                },
                "azurerm_storage_container.linux.36": {
                    "type": "azurerm_storage_container",
                    "depends_on": [
                        "azurerm_resource_group.global",
                        "azurerm_storage_account.global"
                    ],
                    "primary": {
                        "id": "linux-37-storage",
                        "attributes": {
                            "container_access_type": "private",
                            "id": "linux-37-storage",
                            "name": "linux-37-storage",
                            "properties.%": "4",
                            "properties.last_modified": "Tue, 30 May 2017 09:03:10 GMT",
                            "properties.lease_duration": "",
                            "properties.lease_state": "available",
                            "properties.lease_status": "unlocked",
                            "resource_group_name": "mike-pa",
                            "storage_account_name": "mikepa"
                        },
                        "meta": {},
                        "tainted": false
                    },
                    "deposed": [],
                    "provider": ""
                },
                "azurerm_storage_container.linux.37": {
                    "type": "azurerm_storage_container",
                    "depends_on": [
                        "azurerm_resource_group.global",
                        "azurerm_storage_account.global"
                    ],
                    "primary": {
                        "id": "linux-38-storage",
                        "attributes": {
                            "container_access_type": "private",
                            "id": "linux-38-storage",
                            "name": "linux-38-storage",
                            "properties.%": "4",
                            "properties.last_modified": "Tue, 30 May 2017 09:03:07 GMT",
                            "properties.lease_duration": "",
                            "properties.lease_state": "available",
                            "properties.lease_status": "unlocked",
                            "resource_group_name": "mike-pa",
                            "storage_account_name": "mikepa"
                        },
                        "meta": {},
                        "tainted": false
                    },
                    "deposed": [],
                    "provider": ""
                },
                "azurerm_storage_container.linux.38": {
                    "type": "azurerm_storage_container",
                    "depends_on": [
                        "azurerm_resource_group.global",
                        "azurerm_storage_account.global"
                    ],
                    "primary": {
                        "id": "linux-39-storage",
                        "attributes": {
                            "container_access_type": "private",
                            "id": "linux-39-storage",
                            "name": "linux-39-storage",
                            "properties.%": "4",
                            "properties.last_modified": "Tue, 30 May 2017 09:03:03 GMT",
                            "properties.lease_duration": "",
                            "properties.lease_state": "available",
                            "properties.lease_status": "unlocked",
                            "resource_group_name": "mike-pa",
                            "storage_account_name": "mikepa"
                        },
                        "meta": {},
                        "tainted": false
                    },
                    "deposed": [],
                    "provider": ""
                },
                "azurerm_storage_container.linux.39": {
                    "type": "azurerm_storage_container",
                    "depends_on": [
                        "azurerm_resource_group.global",
                        "azurerm_storage_account.global"
                    ],
                    "primary": {
                        "id": "linux-40-storage",
                        "attributes": {
                            "container_access_type": "private",
                            "id": "linux-40-storage",
                            "name": "linux-40-storage",
                            "properties.%": "4",
                            "properties.last_modified": "Tue, 30 May 2017 09:03:04 GMT",
                            "properties.lease_duration": "",
                            "properties.lease_state": "available",
                            "properties.lease_status": "unlocked",
                            "resource_group_name": "mike-pa",
                            "storage_account_name": "mikepa"
                        },
                        "meta": {},
                        "tainted": false
                    },
                    "deposed": [],
                    "provider": ""
                },
                "azurerm_storage_container.linux.4": {
                    "type": "azurerm_storage_container",
                    "depends_on": [
                        "azurerm_resource_group.global",
                        "azurerm_storage_account.global"
                    ],
                    "primary": {
                        "id": "linux-05-storage",
                        "attributes": {
                            "container_access_type": "private",
                            "id": "linux-05-storage",
                            "name": "linux-05-storage",
                            "properties.%": "4",
                            "properties.last_modified": "Tue, 30 May 2017 09:03:03 GMT",
                            "properties.lease_duration": "",
                            "properties.lease_state": "available",
                            "properties.lease_status": "unlocked",
                            "resource_group_name": "mike-pa",
                            "storage_account_name": "mikepa"
                        },
                        "meta": {},
                        "tainted": false
                    },
                    "deposed": [],
                    "provider": ""
                },
                "azurerm_storage_container.linux.40": {
                    "type": "azurerm_storage_container",
                    "depends_on": [
                        "azurerm_resource_group.global",
                        "azurerm_storage_account.global"
                    ],
                    "primary": {
                        "id": "linux-41-storage",
                        "attributes": {
                            "container_access_type": "private",
                            "id": "linux-41-storage",
                            "name": "linux-41-storage",
                            "properties.%": "4",
                            "properties.last_modified": "Tue, 30 May 2017 09:03:09 GMT",
                            "properties.lease_duration": "",
                            "properties.lease_state": "available",
                            "properties.lease_status": "unlocked",
                            "resource_group_name": "mike-pa",
                            "storage_account_name": "mikepa"
                        },
                        "meta": {},
                        "tainted": false
                    },
                    "deposed": [],
                    "provider": ""
                },
                "azurerm_storage_container.linux.41": {
                    "type": "azurerm_storage_container",
                    "depends_on": [
                        "azurerm_resource_group.global",
                        "azurerm_storage_account.global"
                    ],
                    "primary": {
                        "id": "linux-42-storage",
                        "attributes": {
                            "container_access_type": "private",
                            "id": "linux-42-storage",
                            "name": "linux-42-storage",
                            "properties.%": "4",
                            "properties.last_modified": "Tue, 30 May 2017 09:03:07 GMT",
                            "properties.lease_duration": "",
                            "properties.lease_state": "available",
                            "properties.lease_status": "unlocked",
                            "resource_group_name": "mike-pa",
                            "storage_account_name": "mikepa"
                        },
                        "meta": {},
                        "tainted": false
                    },
                    "deposed": [],
                    "provider": ""
                },
                "azurerm_storage_container.linux.42": {
                    "type": "azurerm_storage_container",
                    "depends_on": [
                        "azurerm_resource_group.global",
                        "azurerm_storage_account.global"
                    ],
                    "primary": {
                        "id": "linux-43-storage",
                        "attributes": {
                            "container_access_type": "private",
                            "id": "linux-43-storage",
                            "name": "linux-43-storage",
                            "properties.%": "4",
                            "properties.last_modified": "Tue, 30 May 2017 09:03:03 GMT",
                            "properties.lease_duration": "",
                            "properties.lease_state": "available",
                            "properties.lease_status": "unlocked",
                            "resource_group_name": "mike-pa",
                            "storage_account_name": "mikepa"
                        },
                        "meta": {},
                        "tainted": false
                    },
                    "deposed": [],
                    "provider": ""
                },
                "azurerm_storage_container.linux.43": {
                    "type": "azurerm_storage_container",
                    "depends_on": [
                        "azurerm_resource_group.global",
                        "azurerm_storage_account.global"
                    ],
                    "primary": {
                        "id": "linux-44-storage",
                        "attributes": {
                            "container_access_type": "private",
                            "id": "linux-44-storage",
                            "name": "linux-44-storage",
                            "properties.%": "4",
                            "properties.last_modified": "Tue, 30 May 2017 09:03:00 GMT",
                            "properties.lease_duration": "",
                            "properties.lease_state": "available",
                            "properties.lease_status": "unlocked",
                            "resource_group_name": "mike-pa",
                            "storage_account_name": "mikepa"
                        },
                        "meta": {},
                        "tainted": false
                    },
                    "deposed": [],
                    "provider": ""
                },
                "azurerm_storage_container.linux.44": {
                    "type": "azurerm_storage_container",
                    "depends_on": [
                        "azurerm_resource_group.global",
                        "azurerm_storage_account.global"
                    ],
                    "primary": {
                        "id": "linux-45-storage",
                        "attributes": {
                            "container_access_type": "private",
                            "id": "linux-45-storage",
                            "name": "linux-45-storage",
                            "properties.%": "4",
                            "properties.last_modified": "Tue, 30 May 2017 09:03:12 GMT",
                            "properties.lease_duration": "",
                            "properties.lease_state": "available",
                            "properties.lease_status": "unlocked",
                            "resource_group_name": "mike-pa",
                            "storage_account_name": "mikepa"
                        },
                        "meta": {},
                        "tainted": false
                    },
                    "deposed": [],
                    "provider": ""
                },
                "azurerm_storage_container.linux.45": {
                    "type": "azurerm_storage_container",
                    "depends_on": [
                        "azurerm_resource_group.global",
                        "azurerm_storage_account.global"
                    ],
                    "primary": {
                        "id": "linux-46-storage",
                        "attributes": {
                            "container_access_type": "private",
                            "id": "linux-46-storage",
                            "name": "linux-46-storage",
                            "properties.%": "4",
                            "properties.last_modified": "Tue, 30 May 2017 09:03:01 GMT",
                            "properties.lease_duration": "",
                            "properties.lease_state": "available",
                            "properties.lease_status": "unlocked",
                            "resource_group_name": "mike-pa",
                            "storage_account_name": "mikepa"
                        },
                        "meta": {},
                        "tainted": false
                    },
                    "deposed": [],
                    "provider": ""
                },
                "azurerm_storage_container.linux.46": {
                    "type": "azurerm_storage_container",
                    "depends_on": [
                        "azurerm_resource_group.global",
                        "azurerm_storage_account.global"
                    ],
                    "primary": {
                        "id": "linux-47-storage",
                        "attributes": {
                            "container_access_type": "private",
                            "id": "linux-47-storage",
                            "name": "linux-47-storage",
                            "properties.%": "4",
                            "properties.last_modified": "Tue, 30 May 2017 09:03:02 GMT",
                            "properties.lease_duration": "",
                            "properties.lease_state": "available",
                            "properties.lease_status": "unlocked",
                            "resource_group_name": "mike-pa",
                            "storage_account_name": "mikepa"
                        },
                        "meta": {},
                        "tainted": false
                    },
                    "deposed": [],
                    "provider": ""
                },
                "azurerm_storage_container.linux.47": {
                    "type": "azurerm_storage_container",
                    "depends_on": [
                        "azurerm_resource_group.global",
                        "azurerm_storage_account.global"
                    ],
                    "primary": {
                        "id": "linux-48-storage",
                        "attributes": {
                            "container_access_type": "private",
                            "id": "linux-48-storage",
                            "name": "linux-48-storage",
                            "properties.%": "4",
                            "properties.last_modified": "Tue, 30 May 2017 09:03:05 GMT",
                            "properties.lease_duration": "",
                            "properties.lease_state": "available",
                            "properties.lease_status": "unlocked",
                            "resource_group_name": "mike-pa",
                            "storage_account_name": "mikepa"
                        },
                        "meta": {},
                        "tainted": false
                    },
                    "deposed": [],
                    "provider": ""
                },
                "azurerm_storage_container.linux.48": {
                    "type": "azurerm_storage_container",
                    "depends_on": [
                        "azurerm_resource_group.global",
                        "azurerm_storage_account.global"
                    ],
                    "primary": {
                        "id": "linux-49-storage",
                        "attributes": {
                            "container_access_type": "private",
                            "id": "linux-49-storage",
                            "name": "linux-49-storage",
                            "properties.%": "4",
                            "properties.last_modified": "Tue, 30 May 2017 09:02:59 GMT",
                            "properties.lease_duration": "",
                            "properties.lease_state": "available",
                            "properties.lease_status": "unlocked",
                            "resource_group_name": "mike-pa",
                            "storage_account_name": "mikepa"
                        },
                        "meta": {},
                        "tainted": false
                    },
                    "deposed": [],
                    "provider": ""
                },
                "azurerm_storage_container.linux.49": {
                    "type": "azurerm_storage_container",
                    "depends_on": [
                        "azurerm_resource_group.global",
                        "azurerm_storage_account.global"
                    ],
                    "primary": {
                        "id": "linux-50-storage",
                        "attributes": {
                            "container_access_type": "private",
                            "id": "linux-50-storage",
                            "name": "linux-50-storage",
                            "properties.%": "4",
                            "properties.last_modified": "Tue, 30 May 2017 09:03:08 GMT",
                            "properties.lease_duration": "",
                            "properties.lease_state": "available",
                            "properties.lease_status": "unlocked",
                            "resource_group_name": "mike-pa",
                            "storage_account_name": "mikepa"
                        },
                        "meta": {},
                        "tainted": false
                    },
                    "deposed": [],
                    "provider": ""
                },
                "azurerm_storage_container.linux.5": {
                    "type": "azurerm_storage_container",
                    "depends_on": [
                        "azurerm_resource_group.global",
                        "azurerm_storage_account.global"
                    ],
                    "primary": {
                        "id": "linux-06-storage",
                        "attributes": {
                            "container_access_type": "private",
                            "id": "linux-06-storage",
                            "name": "linux-06-storage",
                            "properties.%": "4",
                            "properties.last_modified": "Tue, 30 May 2017 09:03:11 GMT",
                            "properties.lease_duration": "",
                            "properties.lease_state": "available",
                            "properties.lease_status": "unlocked",
                            "resource_group_name": "mike-pa",
                            "storage_account_name": "mikepa"
                        },
                        "meta": {},
                        "tainted": false
                    },
                    "deposed": [],
                    "provider": ""
                },
                "azurerm_storage_container.linux.50": {
                    "type": "azurerm_storage_container",
                    "depends_on": [
                        "azurerm_resource_group.global",
                        "azurerm_storage_account.global"
                    ],
                    "primary": {
                        "id": "linux-51-storage",
                        "attributes": {
                            "container_access_type": "private",
                            "id": "linux-51-storage",
                            "name": "linux-51-storage",
                            "properties.%": "4",
                            "properties.last_modified": "Tue, 30 May 2017 09:03:06 GMT",
                            "properties.lease_duration": "",
                            "properties.lease_state": "available",
                            "properties.lease_status": "unlocked",
                            "resource_group_name": "mike-pa",
                            "storage_account_name": "mikepa"
                        },
                        "meta": {},
                        "tainted": false
                    },
                    "deposed": [],
                    "provider": ""
                },
                "azurerm_storage_container.linux.51": {
                    "type": "azurerm_storage_container",
                    "depends_on": [
                        "azurerm_resource_group.global",
                        "azurerm_storage_account.global"
                    ],
                    "primary": {
                        "id": "linux-52-storage",
                        "attributes": {
                            "container_access_type": "private",
                            "id": "linux-52-storage",
                            "name": "linux-52-storage",
                            "properties.%": "4",
                            "properties.last_modified": "Tue, 30 May 2017 09:03:01 GMT",
                            "properties.lease_duration": "",
                            "properties.lease_state": "available",
                            "properties.lease_status": "unlocked",
                            "resource_group_name": "mike-pa",
                            "storage_account_name": "mikepa"
                        },
                        "meta": {},
                        "tainted": false
                    },
                    "deposed": [],
                    "provider": ""
                },
                "azurerm_storage_container.linux.52": {
                    "type": "azurerm_storage_container",
                    "depends_on": [
                        "azurerm_resource_group.global",
                        "azurerm_storage_account.global"
                    ],
                    "primary": {
                        "id": "linux-53-storage",
                        "attributes": {
                            "container_access_type": "private",
                            "id": "linux-53-storage",
                            "name": "linux-53-storage",
                            "properties.%": "4",
                            "properties.last_modified": "Tue, 30 May 2017 09:03:09 GMT",
                            "properties.lease_duration": "",
                            "properties.lease_state": "available",
                            "properties.lease_status": "unlocked",
                            "resource_group_name": "mike-pa",
                            "storage_account_name": "mikepa"
                        },
                        "meta": {},
                        "tainted": false
                    },
                    "deposed": [],
                    "provider": ""
                },
                "azurerm_storage_container.linux.53": {
                    "type": "azurerm_storage_container",
                    "depends_on": [
                        "azurerm_resource_group.global",
                        "azurerm_storage_account.global"
                    ],
                    "primary": {
                        "id": "linux-54-storage",
                        "attributes": {
                            "container_access_type": "private",
                            "id": "linux-54-storage",
                            "name": "linux-54-storage",
                            "properties.%": "4",
                            "properties.last_modified": "Tue, 30 May 2017 09:02:57 GMT",
                            "properties.lease_duration": "",
                            "properties.lease_state": "available",
                            "properties.lease_status": "unlocked",
                            "resource_group_name": "mike-pa",
                            "storage_account_name": "mikepa"
                        },
                        "meta": {},
                        "tainted": false
                    },
                    "deposed": [],
                    "provider": ""
                },
                "azurerm_storage_container.linux.54": {
                    "type": "azurerm_storage_container",
                    "depends_on": [
                        "azurerm_resource_group.global",
                        "azurerm_storage_account.global"
                    ],
                    "primary": {
                        "id": "linux-55-storage",
                        "attributes": {
                            "container_access_type": "private",
                            "id": "linux-55-storage",
                            "name": "linux-55-storage",
                            "properties.%": "4",
                            "properties.last_modified": "Tue, 30 May 2017 09:03:03 GMT",
                            "properties.lease_duration": "",
                            "properties.lease_state": "available",
                            "properties.lease_status": "unlocked",
                            "resource_group_name": "mike-pa",
                            "storage_account_name": "mikepa"
                        },
                        "meta": {},
                        "tainted": false
                    },
                    "deposed": [],
                    "provider": ""
                },
                "azurerm_storage_container.linux.55": {
                    "type": "azurerm_storage_container",
                    "depends_on": [
                        "azurerm_resource_group.global",
                        "azurerm_storage_account.global"
                    ],
                    "primary": {
                        "id": "linux-56-storage",
                        "attributes": {
                            "container_access_type": "private",
                            "id": "linux-56-storage",
                            "name": "linux-56-storage",
                            "properties.%": "4",
                            "properties.last_modified": "Tue, 30 May 2017 09:03:09 GMT",
                            "properties.lease_duration": "",
                            "properties.lease_state": "available",
                            "properties.lease_status": "unlocked",
                            "resource_group_name": "mike-pa",
                            "storage_account_name": "mikepa"
                        },
                        "meta": {},
                        "tainted": false
                    },
                    "deposed": [],
                    "provider": ""
                },
                "azurerm_storage_container.linux.56": {
                    "type": "azurerm_storage_container",
                    "depends_on": [
                        "azurerm_resource_group.global",
                        "azurerm_storage_account.global"
                    ],
                    "primary": {
                        "id": "linux-57-storage",
                        "attributes": {
                            "container_access_type": "private",
                            "id": "linux-57-storage",
                            "name": "linux-57-storage",
                            "properties.%": "4",
                            "properties.last_modified": "Tue, 30 May 2017 09:02:58 GMT",
                            "properties.lease_duration": "",
                            "properties.lease_state": "available",
                            "properties.lease_status": "unlocked",
                            "resource_group_name": "mike-pa",
                            "storage_account_name": "mikepa"
                        },
                        "meta": {},
                        "tainted": false
                    },
                    "deposed": [],
                    "provider": ""
                },
                "azurerm_storage_container.linux.57": {
                    "type": "azurerm_storage_container",
                    "depends_on": [
                        "azurerm_resource_group.global",
                        "azurerm_storage_account.global"
                    ],
                    "primary": {
                        "id": "linux-58-storage",
                        "attributes": {
                            "container_access_type": "private",
                            "id": "linux-58-storage",
                            "name": "linux-58-storage",
                            "properties.%": "4",
                            "properties.last_modified": "Tue, 30 May 2017 09:03:00 GMT",
                            "properties.lease_duration": "",
                            "properties.lease_state": "available",
                            "properties.lease_status": "unlocked",
                            "resource_group_name": "mike-pa",
                            "storage_account_name": "mikepa"
                        },
                        "meta": {},
                        "tainted": false
                    },
                    "deposed": [],
                    "provider": ""
                },
                "azurerm_storage_container.linux.58": {
                    "type": "azurerm_storage_container",
                    "depends_on": [
                        "azurerm_resource_group.global",
                        "azurerm_storage_account.global"
                    ],
                    "primary": {
                        "id": "linux-59-storage",
                        "attributes": {
                            "container_access_type": "private",
                            "id": "linux-59-storage",
                            "name": "linux-59-storage",
                            "properties.%": "4",
                            "properties.last_modified": "Tue, 30 May 2017 09:03:12 GMT",
                            "properties.lease_duration": "",
                            "properties.lease_state": "available",
                            "properties.lease_status": "unlocked",
                            "resource_group_name": "mike-pa",
                            "storage_account_name": "mikepa"
                        },
                        "meta": {},
                        "tainted": false
                    },
                    "deposed": [],
                    "provider": ""
                },
                "azurerm_storage_container.linux.59": {
                    "type": "azurerm_storage_container",
                    "depends_on": [
                        "azurerm_resource_group.global",
                        "azurerm_storage_account.global"
                    ],
                    "primary": {
                        "id": "linux-60-storage",
                        "attributes": {
                            "container_access_type": "private",
                            "id": "linux-60-storage",
                            "name": "linux-60-storage",
                            "properties.%": "4",
                            "properties.last_modified": "Tue, 30 May 2017 09:03:10 GMT",
                            "properties.lease_duration": "",
                            "properties.lease_state": "available",
                            "properties.lease_status": "unlocked",
                            "resource_group_name": "mike-pa",
                            "storage_account_name": "mikepa"
                        },
                        "meta": {},
                        "tainted": false
                    },
                    "deposed": [],
                    "provider": ""
                },
                "azurerm_storage_container.linux.6": {
                    "type": "azurerm_storage_container",
                    "depends_on": [
                        "azurerm_resource_group.global",
                        "azurerm_storage_account.global"
                    ],
                    "primary": {
                        "id": "linux-07-storage",
                        "attributes": {
                            "container_access_type": "private",
                            "id": "linux-07-storage",
                            "name": "linux-07-storage",
                            "properties.%": "4",
                            "properties.last_modified": "Tue, 30 May 2017 09:03:01 GMT",
                            "properties.lease_duration": "",
                            "properties.lease_state": "available",
                            "properties.lease_status": "unlocked",
                            "resource_group_name": "mike-pa",
                            "storage_account_name": "mikepa"
                        },
                        "meta": {},
                        "tainted": false
                    },
                    "deposed": [],
                    "provider": ""
                },
                "azurerm_storage_container.linux.60": {
                    "type": "azurerm_storage_container",
                    "depends_on": [
                        "azurerm_resource_group.global",
                        "azurerm_storage_account.global"
                    ],
                    "primary": {
                        "id": "linux-61-storage",
                        "attributes": {
                            "container_access_type": "private",
                            "id": "linux-61-storage",
                            "name": "linux-61-storage",
                            "properties.%": "4",
                            "properties.last_modified": "Tue, 30 May 2017 09:03:01 GMT",
                            "properties.lease_duration": "",
                            "properties.lease_state": "available",
                            "properties.lease_status": "unlocked",
                            "resource_group_name": "mike-pa",
                            "storage_account_name": "mikepa"
                        },
                        "meta": {},
                        "tainted": false
                    },
                    "deposed": [],
                    "provider": ""
                },
                "azurerm_storage_container.linux.61": {
                    "type": "azurerm_storage_container",
                    "depends_on": [
                        "azurerm_resource_group.global",
                        "azurerm_storage_account.global"
                    ],
                    "primary": {
                        "id": "linux-62-storage",
                        "attributes": {
                            "container_access_type": "private",
                            "id": "linux-62-storage",
                            "name": "linux-62-storage",
                            "properties.%": "4",
                            "properties.last_modified": "Tue, 30 May 2017 09:03:04 GMT",
                            "properties.lease_duration": "",
                            "properties.lease_state": "available",
                            "properties.lease_status": "unlocked",
                            "resource_group_name": "mike-pa",
                            "storage_account_name": "mikepa"
                        },
                        "meta": {},
                        "tainted": false
                    },
                    "deposed": [],
                    "provider": ""
                },
                "azurerm_storage_container.linux.62": {
                    "type": "azurerm_storage_container",
                    "depends_on": [
                        "azurerm_resource_group.global",
                        "azurerm_storage_account.global"
                    ],
                    "primary": {
                        "id": "linux-63-storage",
                        "attributes": {
                            "container_access_type": "private",
                            "id": "linux-63-storage",
                            "name": "linux-63-storage",
                            "properties.%": "4",
                            "properties.last_modified": "Tue, 30 May 2017 09:03:05 GMT",
                            "properties.lease_duration": "",
                            "properties.lease_state": "available",
                            "properties.lease_status": "unlocked",
                            "resource_group_name": "mike-pa",
                            "storage_account_name": "mikepa"
                        },
                        "meta": {},
                        "tainted": false
                    },
                    "deposed": [],
                    "provider": ""
                },
                "azurerm_storage_container.linux.63": {
                    "type": "azurerm_storage_container",
                    "depends_on": [
                        "azurerm_resource_group.global",
                        "azurerm_storage_account.global"
                    ],
                    "primary": {
                        "id": "linux-64-storage",
                        "attributes": {
                            "container_access_type": "private",
                            "id": "linux-64-storage",
                            "name": "linux-64-storage",
                            "properties.%": "4",
                            "properties.last_modified": "Tue, 30 May 2017 09:03:08 GMT",
                            "properties.lease_duration": "",
                            "properties.lease_state": "available",
                            "properties.lease_status": "unlocked",
                            "resource_group_name": "mike-pa",
                            "storage_account_name": "mikepa"
                        },
                        "meta": {},
                        "tainted": false
                    },
                    "deposed": [],
                    "provider": ""
                },
                "azurerm_storage_container.linux.64": {
                    "type": "azurerm_storage_container",
                    "depends_on": [
                        "azurerm_resource_group.global",
                        "azurerm_storage_account.global"
                    ],
                    "primary": {
                        "id": "linux-65-storage",
                        "attributes": {
                            "container_access_type": "private",
                            "id": "linux-65-storage",
                            "name": "linux-65-storage",
                            "properties.%": "4",
                            "properties.last_modified": "Tue, 30 May 2017 09:03:13 GMT",
                            "properties.lease_duration": "",
                            "properties.lease_state": "available",
                            "properties.lease_status": "unlocked",
                            "resource_group_name": "mike-pa",
                            "storage_account_name": "mikepa"
                        },
                        "meta": {},
                        "tainted": false
                    },
                    "deposed": [],
                    "provider": ""
                },
                "azurerm_storage_container.linux.65": {
                    "type": "azurerm_storage_container",
                    "depends_on": [
                        "azurerm_resource_group.global",
                        "azurerm_storage_account.global"
                    ],
                    "primary": {
                        "id": "linux-66-storage",
                        "attributes": {
                            "container_access_type": "private",
                            "id": "linux-66-storage",
                            "name": "linux-66-storage",
                            "properties.%": "4",
                            "properties.last_modified": "Tue, 30 May 2017 09:03:00 GMT",
                            "properties.lease_duration": "",
                            "properties.lease_state": "available",
                            "properties.lease_status": "unlocked",
                            "resource_group_name": "mike-pa",
                            "storage_account_name": "mikepa"
                        },
                        "meta": {},
                        "tainted": false
                    },
                    "deposed": [],
                    "provider": ""
                },
                "azurerm_storage_container.linux.66": {
                    "type": "azurerm_storage_container",
                    "depends_on": [
                        "azurerm_resource_group.global",
                        "azurerm_storage_account.global"
                    ],
                    "primary": {
                        "id": "linux-67-storage",
                        "attributes": {
                            "container_access_type": "private",
                            "id": "linux-67-storage",
                            "name": "linux-67-storage",
                            "properties.%": "4",
                            "properties.last_modified": "Tue, 30 May 2017 09:03:13 GMT",
                            "properties.lease_duration": "",
                            "properties.lease_state": "available",
                            "properties.lease_status": "unlocked",
                            "resource_group_name": "mike-pa",
                            "storage_account_name": "mikepa"
                        },
                        "meta": {},
                        "tainted": false
                    },
                    "deposed": [],
                    "provider": ""
                },
                "azurerm_storage_container.linux.67": {
                    "type": "azurerm_storage_container",
                    "depends_on": [
                        "azurerm_resource_group.global",
                        "azurerm_storage_account.global"
                    ],
                    "primary": {
                        "id": "linux-68-storage",
                        "attributes": {
                            "container_access_type": "private",
                            "id": "linux-68-storage",
                            "name": "linux-68-storage",
                            "properties.%": "4",
                            "properties.last_modified": "Tue, 30 May 2017 09:03:01 GMT",
                            "properties.lease_duration": "",
                            "properties.lease_state": "available",
                            "properties.lease_status": "unlocked",
                            "resource_group_name": "mike-pa",
                            "storage_account_name": "mikepa"
                        },
                        "meta": {},
                        "tainted": false
                    },
                    "deposed": [],
                    "provider": ""
                },
                "azurerm_storage_container.linux.68": {
                    "type": "azurerm_storage_container",
                    "depends_on": [
                        "azurerm_resource_group.global",
                        "azurerm_storage_account.global"
                    ],
                    "primary": {
                        "id": "linux-69-storage",
                        "attributes": {
                            "container_access_type": "private",
                            "id": "linux-69-storage",
                            "name": "linux-69-storage",
                            "properties.%": "4",
                            "properties.last_modified": "Tue, 30 May 2017 09:02:58 GMT",
                            "properties.lease_duration": "",
                            "properties.lease_state": "available",
                            "properties.lease_status": "unlocked",
                            "resource_group_name": "mike-pa",
                            "storage_account_name": "mikepa"
                        },
                        "meta": {},
                        "tainted": false
                    },
                    "deposed": [],
                    "provider": ""
                },
                "azurerm_storage_container.linux.69": {
                    "type": "azurerm_storage_container",
                    "depends_on": [
                        "azurerm_resource_group.global",
                        "azurerm_storage_account.global"
                    ],
                    "primary": {
                        "id": "linux-70-storage",
                        "attributes": {
                            "container_access_type": "private",
                            "id": "linux-70-storage",
                            "name": "linux-70-storage",
                            "properties.%": "4",
                            "properties.last_modified": "Tue, 30 May 2017 09:02:57 GMT",
                            "properties.lease_duration": "",
                            "properties.lease_state": "available",
                            "properties.lease_status": "unlocked",
                            "resource_group_name": "mike-pa",
                            "storage_account_name": "mikepa"
                        },
                        "meta": {},
                        "tainted": false
                    },
                    "deposed": [],
                    "provider": ""
                },
                "azurerm_storage_container.linux.7": {
                    "type": "azurerm_storage_container",
                    "depends_on": [
                        "azurerm_resource_group.global",
                        "azurerm_storage_account.global"
                    ],
                    "primary": {
                        "id": "linux-08-storage",
                        "attributes": {
                            "container_access_type": "private",
                            "id": "linux-08-storage",
                            "name": "linux-08-storage",
                            "properties.%": "4",
                            "properties.last_modified": "Tue, 30 May 2017 09:03:11 GMT",
                            "properties.lease_duration": "",
                            "properties.lease_state": "available",
                            "properties.lease_status": "unlocked",
                            "resource_group_name": "mike-pa",
                            "storage_account_name": "mikepa"
                        },
                        "meta": {},
                        "tainted": false
                    },
                    "deposed": [],
                    "provider": ""
                },
                "azurerm_storage_container.linux.70": {
                    "type": "azurerm_storage_container",
                    "depends_on": [
                        "azurerm_resource_group.global",
                        "azurerm_storage_account.global"
                    ],
                    "primary": {
                        "id": "linux-71-storage",
                        "attributes": {
                            "container_access_type": "private",
                            "id": "linux-71-storage",
                            "name": "linux-71-storage",
                            "properties.%": "4",
                            "properties.last_modified": "Tue, 30 May 2017 09:02:58 GMT",
                            "properties.lease_duration": "",
                            "properties.lease_state": "available",
                            "properties.lease_status": "unlocked",
                            "resource_group_name": "mike-pa",
                            "storage_account_name": "mikepa"
                        },
                        "meta": {},
                        "tainted": false
                    },
                    "deposed": [],
                    "provider": ""
                },
                "azurerm_storage_container.linux.71": {
                    "type": "azurerm_storage_container",
                    "depends_on": [
                        "azurerm_resource_group.global",
                        "azurerm_storage_account.global"
                    ],
                    "primary": {
                        "id": "linux-72-storage",
                        "attributes": {
                            "container_access_type": "private",
                            "id": "linux-72-storage",
                            "name": "linux-72-storage",
                            "properties.%": "4",
                            "properties.last_modified": "Tue, 30 May 2017 09:03:02 GMT",
                            "properties.lease_duration": "",
                            "properties.lease_state": "available",
                            "properties.lease_status": "unlocked",
                            "resource_group_name": "mike-pa",
                            "storage_account_name": "mikepa"
                        },
                        "meta": {},
                        "tainted": false
                    },
                    "deposed": [],
                    "provider": ""
                },
                "azurerm_storage_container.linux.72": {
                    "type": "azurerm_storage_container",
                    "depends_on": [
                        "azurerm_resource_group.global",
                        "azurerm_storage_account.global"
                    ],
                    "primary": {
                        "id": "linux-73-storage",
                        "attributes": {
                            "container_access_type": "private",
                            "id": "linux-73-storage",
                            "name": "linux-73-storage",
                            "properties.%": "4",
                            "properties.last_modified": "Tue, 30 May 2017 09:03:00 GMT",
                            "properties.lease_duration": "",
                            "properties.lease_state": "available",
                            "properties.lease_status": "unlocked",
                            "resource_group_name": "mike-pa",
                            "storage_account_name": "mikepa"
                        },
                        "meta": {},
                        "tainted": false
                    },
                    "deposed": [],
                    "provider": ""
                },
                "azurerm_storage_container.linux.73": {
                    "type": "azurerm_storage_container",
                    "depends_on": [
                        "azurerm_resource_group.global",
                        "azurerm_storage_account.global"
                    ],
                    "primary": {
                        "id": "linux-74-storage",
                        "attributes": {
                            "container_access_type": "private",
                            "id": "linux-74-storage",
                            "name": "linux-74-storage",
                            "properties.%": "4",
                            "properties.last_modified": "Tue, 30 May 2017 09:03:13 GMT",
                            "properties.lease_duration": "",
                            "properties.lease_state": "available",
                            "properties.lease_status": "unlocked",
                            "resource_group_name": "mike-pa",
                            "storage_account_name": "mikepa"
                        },
                        "meta": {},
                        "tainted": false
                    },
                    "deposed": [],
                    "provider": ""
                },
                "azurerm_storage_container.linux.74": {
                    "type": "azurerm_storage_container",
                    "depends_on": [
                        "azurerm_resource_group.global",
                        "azurerm_storage_account.global"
                    ],
                    "primary": {
                        "id": "linux-75-storage",
                        "attributes": {
                            "container_access_type": "private",
                            "id": "linux-75-storage",
                            "name": "linux-75-storage",
                            "properties.%": "4",
                            "properties.last_modified": "Tue, 30 May 2017 09:03:08 GMT",
                            "properties.lease_duration": "",
                            "properties.lease_state": "available",
                            "properties.lease_status": "unlocked",
                            "resource_group_name": "mike-pa",
                            "storage_account_name": "mikepa"
                        },
                        "meta": {},
                        "tainted": false
                    },
                    "deposed": [],
                    "provider": ""
                },
                "azurerm_storage_container.linux.75": {
                    "type": "azurerm_storage_container",
                    "depends_on": [
                        "azurerm_resource_group.global",
                        "azurerm_storage_account.global"
                    ],
                    "primary": {
                        "id": "linux-76-storage",
                        "attributes": {
                            "container_access_type": "private",
                            "id": "linux-76-storage",
                            "name": "linux-76-storage",
                            "properties.%": "4",
                            "properties.last_modified": "Tue, 30 May 2017 09:03:04 GMT",
                            "properties.lease_duration": "",
                            "properties.lease_state": "available",
                            "properties.lease_status": "unlocked",
                            "resource_group_name": "mike-pa",
                            "storage_account_name": "mikepa"
                        },
                        "meta": {},
                        "tainted": false
                    },
                    "deposed": [],
                    "provider": ""
                },
                "azurerm_storage_container.linux.76": {
                    "type": "azurerm_storage_container",
                    "depends_on": [
                        "azurerm_resource_group.global",
                        "azurerm_storage_account.global"
                    ],
                    "primary": {
                        "id": "linux-77-storage",
                        "attributes": {
                            "container_access_type": "private",
                            "id": "linux-77-storage",
                            "name": "linux-77-storage",
                            "properties.%": "4",
                            "properties.last_modified": "Tue, 30 May 2017 09:03:06 GMT",
                            "properties.lease_duration": "",
                            "properties.lease_state": "available",
                            "properties.lease_status": "unlocked",
                            "resource_group_name": "mike-pa",
                            "storage_account_name": "mikepa"
                        },
                        "meta": {},
                        "tainted": false
                    },
                    "deposed": [],
                    "provider": ""
                },
                "azurerm_storage_container.linux.77": {
                    "type": "azurerm_storage_container",
                    "depends_on": [
                        "azurerm_resource_group.global",
                        "azurerm_storage_account.global"
                    ],
                    "primary": {
                        "id": "linux-78-storage",
                        "attributes": {
                            "container_access_type": "private",
                            "id": "linux-78-storage",
                            "name": "linux-78-storage",
                            "properties.%": "4",
                            "properties.last_modified": "Tue, 30 May 2017 09:03:14 GMT",
                            "properties.lease_duration": "",
                            "properties.lease_state": "available",
                            "properties.lease_status": "unlocked",
                            "resource_group_name": "mike-pa",
                            "storage_account_name": "mikepa"
                        },
                        "meta": {},
                        "tainted": false
                    },
                    "deposed": [],
                    "provider": ""
                },
                "azurerm_storage_container.linux.78": {
                    "type": "azurerm_storage_container",
                    "depends_on": [
                        "azurerm_resource_group.global",
                        "azurerm_storage_account.global"
                    ],
                    "primary": {
                        "id": "linux-79-storage",
                        "attributes": {
                            "container_access_type": "private",
                            "id": "linux-79-storage",
                            "name": "linux-79-storage",
                            "properties.%": "4",
                            "properties.last_modified": "Tue, 30 May 2017 09:03:12 GMT",
                            "properties.lease_duration": "",
                            "properties.lease_state": "available",
                            "properties.lease_status": "unlocked",
                            "resource_group_name": "mike-pa",
                            "storage_account_name": "mikepa"
                        },
                        "meta": {},
                        "tainted": false
                    },
                    "deposed": [],
                    "provider": ""
                },
                "azurerm_storage_container.linux.79": {
                    "type": "azurerm_storage_container",
                    "depends_on": [
                        "azurerm_resource_group.global",
                        "azurerm_storage_account.global"
                    ],
                    "primary": {
                        "id": "linux-80-storage",
                        "attributes": {
                            "container_access_type": "private",
                            "id": "linux-80-storage",
                            "name": "linux-80-storage",
                            "properties.%": "4",
                            "properties.last_modified": "Tue, 30 May 2017 09:03:09 GMT",
                            "properties.lease_duration": "",
                            "properties.lease_state": "available",
                            "properties.lease_status": "unlocked",
                            "resource_group_name": "mike-pa",
                            "storage_account_name": "mikepa"
                        },
                        "meta": {},
                        "tainted": false
                    },
                    "deposed": [],
                    "provider": ""
                },
                "azurerm_storage_container.linux.8": {
                    "type": "azurerm_storage_container",
                    "depends_on": [
                        "azurerm_resource_group.global",
                        "azurerm_storage_account.global"
                    ],
                    "primary": {
                        "id": "linux-09-storage",
                        "attributes": {
                            "container_access_type": "private",
                            "id": "linux-09-storage",
                            "name": "linux-09-storage",
                            "properties.%": "4",
                            "properties.last_modified": "Tue, 30 May 2017 09:03:11 GMT",
                            "properties.lease_duration": "",
                            "properties.lease_state": "available",
                            "properties.lease_status": "unlocked",
                            "resource_group_name": "mike-pa",
                            "storage_account_name": "mikepa"
                        },
                        "meta": {},
                        "tainted": false
                    },
                    "deposed": [],
                    "provider": ""
                },
                "azurerm_storage_container.linux.80": {
                    "type": "azurerm_storage_container",
                    "depends_on": [
                        "azurerm_resource_group.global",
                        "azurerm_storage_account.global"
                    ],
                    "primary": {
                        "id": "linux-81-storage",
                        "attributes": {
                            "container_access_type": "private",
                            "id": "linux-81-storage",
                            "name": "linux-81-storage",
                            "properties.%": "4",
                            "properties.last_modified": "Tue, 30 May 2017 09:03:03 GMT",
                            "properties.lease_duration": "",
                            "properties.lease_state": "available",
                            "properties.lease_status": "unlocked",
                            "resource_group_name": "mike-pa",
                            "storage_account_name": "mikepa"
                        },
                        "meta": {},
                        "tainted": false
                    },
                    "deposed": [],
                    "provider": ""
                },
                "azurerm_storage_container.linux.81": {
                    "type": "azurerm_storage_container",
                    "depends_on": [
                        "azurerm_resource_group.global",
                        "azurerm_storage_account.global"
                    ],
                    "primary": {
                        "id": "linux-82-storage",
                        "attributes": {
                            "container_access_type": "private",
                            "id": "linux-82-storage",
                            "name": "linux-82-storage",
                            "properties.%": "4",
                            "properties.last_modified": "Tue, 30 May 2017 09:03:14 GMT",
                            "properties.lease_duration": "",
                            "properties.lease_state": "available",
                            "properties.lease_status": "unlocked",
                            "resource_group_name": "mike-pa",
                            "storage_account_name": "mikepa"
                        },
                        "meta": {},
                        "tainted": false
                    },
                    "deposed": [],
                    "provider": ""
                },
                "azurerm_storage_container.linux.82": {
                    "type": "azurerm_storage_container",
                    "depends_on": [
                        "azurerm_resource_group.global",
                        "azurerm_storage_account.global"
                    ],
                    "primary": {
                        "id": "linux-83-storage",
                        "attributes": {
                            "container_access_type": "private",
                            "id": "linux-83-storage",
                            "name": "linux-83-storage",
                            "properties.%": "4",
                            "properties.last_modified": "Tue, 30 May 2017 09:03:11 GMT",
                            "properties.lease_duration": "",
                            "properties.lease_state": "available",
                            "properties.lease_status": "unlocked",
                            "resource_group_name": "mike-pa",
                            "storage_account_name": "mikepa"
                        },
                        "meta": {},
                        "tainted": false
                    },
                    "deposed": [],
                    "provider": ""
                },
                "azurerm_storage_container.linux.83": {
                    "type": "azurerm_storage_container",
                    "depends_on": [
                        "azurerm_resource_group.global",
                        "azurerm_storage_account.global"
                    ],
                    "primary": {
                        "id": "linux-84-storage",
                        "attributes": {
                            "container_access_type": "private",
                            "id": "linux-84-storage",
                            "name": "linux-84-storage",
                            "properties.%": "4",
                            "properties.last_modified": "Tue, 30 May 2017 09:03:13 GMT",
                            "properties.lease_duration": "",
                            "properties.lease_state": "available",
                            "properties.lease_status": "unlocked",
                            "resource_group_name": "mike-pa",
                            "storage_account_name": "mikepa"
                        },
                        "meta": {},
                        "tainted": false
                    },
                    "deposed": [],
                    "provider": ""
                },
                "azurerm_storage_container.linux.84": {
                    "type": "azurerm_storage_container",
                    "depends_on": [
                        "azurerm_resource_group.global",
                        "azurerm_storage_account.global"
                    ],
                    "primary": {
                        "id": "linux-85-storage",
                        "attributes": {
                            "container_access_type": "private",
                            "id": "linux-85-storage",
                            "name": "linux-85-storage",
                            "properties.%": "4",
                            "properties.last_modified": "Tue, 30 May 2017 09:03:02 GMT",
                            "properties.lease_duration": "",
                            "properties.lease_state": "available",
                            "properties.lease_status": "unlocked",
                            "resource_group_name": "mike-pa",
                            "storage_account_name": "mikepa"
                        },
                        "meta": {},
                        "tainted": false
                    },
                    "deposed": [],
                    "provider": ""
                },
                "azurerm_storage_container.linux.85": {
                    "type": "azurerm_storage_container",
                    "depends_on": [
                        "azurerm_resource_group.global",
                        "azurerm_storage_account.global"
                    ],
                    "primary": {
                        "id": "linux-86-storage",
                        "attributes": {
                            "container_access_type": "private",
                            "id": "linux-86-storage",
                            "name": "linux-86-storage",
                            "properties.%": "4",
                            "properties.last_modified": "Tue, 30 May 2017 09:03:10 GMT",
                            "properties.lease_duration": "",
                            "properties.lease_state": "available",
                            "properties.lease_status": "unlocked",
                            "resource_group_name": "mike-pa",
                            "storage_account_name": "mikepa"
                        },
                        "meta": {},
                        "tainted": false
                    },
                    "deposed": [],
                    "provider": ""
                },
                "azurerm_storage_container.linux.86": {
                    "type": "azurerm_storage_container",
                    "depends_on": [
                        "azurerm_resource_group.global",
                        "azurerm_storage_account.global"
                    ],
                    "primary": {
                        "id": "linux-87-storage",
                        "attributes": {
                            "container_access_type": "private",
                            "id": "linux-87-storage",
                            "name": "linux-87-storage",
                            "properties.%": "4",
                            "properties.last_modified": "Tue, 30 May 2017 09:03:00 GMT",
                            "properties.lease_duration": "",
                            "properties.lease_state": "available",
                            "properties.lease_status": "unlocked",
                            "resource_group_name": "mike-pa",
                            "storage_account_name": "mikepa"
                        },
                        "meta": {},
                        "tainted": false
                    },
                    "deposed": [],
                    "provider": ""
                },
                "azurerm_storage_container.linux.87": {
                    "type": "azurerm_storage_container",
                    "depends_on": [
                        "azurerm_resource_group.global",
                        "azurerm_storage_account.global"
                    ],
                    "primary": {
                        "id": "linux-88-storage",
                        "attributes": {
                            "container_access_type": "private",
                            "id": "linux-88-storage",
                            "name": "linux-88-storage",
                            "properties.%": "4",
                            "properties.last_modified": "Tue, 30 May 2017 09:03:02 GMT",
                            "properties.lease_duration": "",
                            "properties.lease_state": "available",
                            "properties.lease_status": "unlocked",
                            "resource_group_name": "mike-pa",
                            "storage_account_name": "mikepa"
                        },
                        "meta": {},
                        "tainted": false
                    },
                    "deposed": [],
                    "provider": ""
                },
                "azurerm_storage_container.linux.88": {
                    "type": "azurerm_storage_container",
                    "depends_on": [
                        "azurerm_resource_group.global",
                        "azurerm_storage_account.global"
                    ],
                    "primary": {
                        "id": "linux-89-storage",
                        "attributes": {
                            "container_access_type": "private",
                            "id": "linux-89-storage",
                            "name": "linux-89-storage",
                            "properties.%": "4",
                            "properties.last_modified": "Tue, 30 May 2017 09:03:06 GMT",
                            "properties.lease_duration": "",
                            "properties.lease_state": "available",
                            "properties.lease_status": "unlocked",
                            "resource_group_name": "mike-pa",
                            "storage_account_name": "mikepa"
                        },
                        "meta": {},
                        "tainted": false
                    },
                    "deposed": [],
                    "provider": ""
                },
                "azurerm_storage_container.linux.89": {
                    "type": "azurerm_storage_container",
                    "depends_on": [
                        "azurerm_resource_group.global",
                        "azurerm_storage_account.global"
                    ],
                    "primary": {
                        "id": "linux-90-storage",
                        "attributes": {
                            "container_access_type": "private",
                            "id": "linux-90-storage",
                            "name": "linux-90-storage",
                            "properties.%": "4",
                            "properties.last_modified": "Tue, 30 May 2017 09:02:59 GMT",
                            "properties.lease_duration": "",
                            "properties.lease_state": "available",
                            "properties.lease_status": "unlocked",
                            "resource_group_name": "mike-pa",
                            "storage_account_name": "mikepa"
                        },
                        "meta": {},
                        "tainted": false
                    },
                    "deposed": [],
                    "provider": ""
                },
                "azurerm_storage_container.linux.9": {
                    "type": "azurerm_storage_container",
                    "depends_on": [
                        "azurerm_resource_group.global",
                        "azurerm_storage_account.global"
                    ],
                    "primary": {
                        "id": "linux-10-storage",
                        "attributes": {
                            "container_access_type": "private",
                            "id": "linux-10-storage",
                            "name": "linux-10-storage",
                            "properties.%": "4",
                            "properties.last_modified": "Tue, 30 May 2017 09:03:06 GMT",
                            "properties.lease_duration": "",
                            "properties.lease_state": "available",
                            "properties.lease_status": "unlocked",
                            "resource_group_name": "mike-pa",
                            "storage_account_name": "mikepa"
                        },
                        "meta": {},
                        "tainted": false
                    },
                    "deposed": [],
                    "provider": ""
                },
                "azurerm_storage_container.linux.90": {
                    "type": "azurerm_storage_container",
                    "depends_on": [
                        "azurerm_resource_group.global",
                        "azurerm_storage_account.global"
                    ],
                    "primary": {
                        "id": "linux-91-storage",
                        "attributes": {
                            "container_access_type": "private",
                            "id": "linux-91-storage",
                            "name": "linux-91-storage",
                            "properties.%": "4",
                            "properties.last_modified": "Tue, 30 May 2017 09:03:14 GMT",
                            "properties.lease_duration": "",
                            "properties.lease_state": "available",
                            "properties.lease_status": "unlocked",
                            "resource_group_name": "mike-pa",
                            "storage_account_name": "mikepa"
                        },
                        "meta": {},
                        "tainted": false
                    },
                    "deposed": [],
                    "provider": ""
                },
                "azurerm_storage_container.linux.91": {
                    "type": "azurerm_storage_container",
                    "depends_on": [
                        "azurerm_resource_group.global",
                        "azurerm_storage_account.global"
                    ],
                    "primary": {
                        "id": "linux-92-storage",
                        "attributes": {
                            "container_access_type": "private",
                            "id": "linux-92-storage",
                            "name": "linux-92-storage",
                            "properties.%": "4",
                            "properties.last_modified": "Tue, 30 May 2017 09:03:08 GMT",
                            "properties.lease_duration": "",
                            "properties.lease_state": "available",
                            "properties.lease_status": "unlocked",
                            "resource_group_name": "mike-pa",
                            "storage_account_name": "mikepa"
                        },
                        "meta": {},
                        "tainted": false
                    },
                    "deposed": [],
                    "provider": ""
                },
                "azurerm_storage_container.linux.92": {
                    "type": "azurerm_storage_container",
                    "depends_on": [
                        "azurerm_resource_group.global",
                        "azurerm_storage_account.global"
                    ],
                    "primary": {
                        "id": "linux-93-storage",
                        "attributes": {
                            "container_access_type": "private",
                            "id": "linux-93-storage",
                            "name": "linux-93-storage",
                            "properties.%": "4",
                            "properties.last_modified": "Tue, 30 May 2017 09:03:12 GMT",
                            "properties.lease_duration": "",
                            "properties.lease_state": "available",
                            "properties.lease_status": "unlocked",
                            "resource_group_name": "mike-pa",
                            "storage_account_name": "mikepa"
                        },
                        "meta": {},
                        "tainted": false
                    },
                    "deposed": [],
                    "provider": ""
                },
                "azurerm_storage_container.linux.93": {
                    "type": "azurerm_storage_container",
                    "depends_on": [
                        "azurerm_resource_group.global",
                        "azurerm_storage_account.global"
                    ],
                    "primary": {
                        "id": "linux-94-storage",
                        "attributes": {
                            "container_access_type": "private",
                            "id": "linux-94-storage",
                            "name": "linux-94-storage",
                            "properties.%": "4",
                            "properties.last_modified": "Tue, 30 May 2017 09:03:13 GMT",
                            "properties.lease_duration": "",
                            "properties.lease_state": "available",
                            "properties.lease_status": "unlocked",
                            "resource_group_name": "mike-pa",
                            "storage_account_name": "mikepa"
                        },
                        "meta": {},
                        "tainted": false
                    },
                    "deposed": [],
                    "provider": ""
                },
                "azurerm_storage_container.linux.94": {
                    "type": "azurerm_storage_container",
                    "depends_on": [
                        "azurerm_resource_group.global",
                        "azurerm_storage_account.global"
                    ],
                    "primary": {
                        "id": "linux-95-storage",
                        "attributes": {
                            "container_access_type": "private",
                            "id": "linux-95-storage",
                            "name": "linux-95-storage",
                            "properties.%": "4",
                            "properties.last_modified": "Tue, 30 May 2017 09:03:01 GMT",
                            "properties.lease_duration": "",
                            "properties.lease_state": "available",
                            "properties.lease_status": "unlocked",
                            "resource_group_name": "mike-pa",
                            "storage_account_name": "mikepa"
                        },
                        "meta": {},
                        "tainted": false
                    },
                    "deposed": [],
                    "provider": ""
                },
                "azurerm_storage_container.linux.95": {
                    "type": "azurerm_storage_container",
                    "depends_on": [
                        "azurerm_resource_group.global",
                        "azurerm_storage_account.global"
                    ],
                    "primary": {
                        "id": "linux-96-storage",
                        "attributes": {
                            "container_access_type": "private",
                            "id": "linux-96-storage",
                            "name": "linux-96-storage",
                            "properties.%": "4",
                            "properties.last_modified": "Tue, 30 May 2017 09:03:14 GMT",
                            "properties.lease_duration": "",
                            "properties.lease_state": "available",
                            "properties.lease_status": "unlocked",
                            "resource_group_name": "mike-pa",
                            "storage_account_name": "mikepa"
                        },
                        "meta": {},
                        "tainted": false
                    },
                    "deposed": [],
                    "provider": ""
                },
                "azurerm_storage_container.linux.96": {
                    "type": "azurerm_storage_container",
                    "depends_on": [
                        "azurerm_resource_group.global",
                        "azurerm_storage_account.global"
                    ],
                    "primary": {
                        "id": "linux-97-storage",
                        "attributes": {
                            "container_access_type": "private",
                            "id": "linux-97-storage",
                            "name": "linux-97-storage",
                            "properties.%": "4",
                            "properties.last_modified": "Tue, 30 May 2017 09:03:08 GMT",
                            "properties.lease_duration": "",
                            "properties.lease_state": "available",
                            "properties.lease_status": "unlocked",
                            "resource_group_name": "mike-pa",
                            "storage_account_name": "mikepa"
                        },
                        "meta": {},
                        "tainted": false
                    },
                    "deposed": [],
                    "provider": ""
                },
                "azurerm_storage_container.linux.97": {
                    "type": "azurerm_storage_container",
                    "depends_on": [
                        "azurerm_resource_group.global",
                        "azurerm_storage_account.global"
                    ],
                    "primary": {
                        "id": "linux-98-storage",
                        "attributes": {
                            "container_access_type": "private",
                            "id": "linux-98-storage",
                            "name": "linux-98-storage",
                            "properties.%": "4",
                            "properties.last_modified": "Tue, 30 May 2017 09:03:05 GMT",
                            "properties.lease_duration": "",
                            "properties.lease_state": "available",
                            "properties.lease_status": "unlocked",
                            "resource_group_name": "mike-pa",
                            "storage_account_name": "mikepa"
                        },
                        "meta": {},
                        "tainted": false
                    },
                    "deposed": [],
                    "provider": ""
                },
                "azurerm_storage_container.linux.98": {
                    "type": "azurerm_storage_container",
                    "depends_on": [
                        "azurerm_resource_group.global",
                        "azurerm_storage_account.global"
                    ],
                    "primary": {
                        "id": "linux-99-storage",
                        "attributes": {
                            "container_access_type": "private",
                            "id": "linux-99-storage",
                            "name": "linux-99-storage",
                            "properties.%": "4",
                            "properties.last_modified": "Tue, 30 May 2017 09:03:10 GMT",
                            "properties.lease_duration": "",
                            "properties.lease_state": "available",
                            "properties.lease_status": "unlocked",
                            "resource_group_name": "mike-pa",
                            "storage_account_name": "mikepa"
                        },
                        "meta": {},
                        "tainted": false
                    },
                    "deposed": [],
                    "provider": ""
                },
                "azurerm_storage_container.linux.99": {
                    "type": "azurerm_storage_container",
                    "depends_on": [
                        "azurerm_resource_group.global",
                        "azurerm_storage_account.global"
                    ],
                    "primary": {
                        "id": "linux-100-storage",
                        "attributes": {
                            "container_access_type": "private",
                            "id": "linux-100-storage",
                            "name": "linux-100-storage",
                            "properties.%": "4",
                            "properties.last_modified": "Tue, 30 May 2017 09:03:06 GMT",
                            "properties.lease_duration": "",
                            "properties.lease_state": "available",
                            "properties.lease_status": "unlocked",
                            "resource_group_name": "mike-pa",
                            "storage_account_name": "mikepa"
                        },
                        "meta": {},
                        "tainted": false
                    },
                    "deposed": [],
                    "provider": ""
                },
                "azurerm_storage_container.windows.0": {
                    "type": "azurerm_storage_container",
                    "depends_on": [
                        "azurerm_resource_group.global",
                        "azurerm_storage_account.global"
                    ],
                    "primary": {
                        "id": "windows-01-storage",
                        "attributes": {
                            "container_access_type": "private",
                            "id": "windows-01-storage",
                            "name": "windows-01-storage",
                            "properties.%": "4",
                            "properties.last_modified": "Tue, 30 May 2017 09:03:05 GMT",
                            "properties.lease_duration": "",
                            "properties.lease_state": "available",
                            "properties.lease_status": "unlocked",
                            "resource_group_name": "mike-pa",
                            "storage_account_name": "mikepa"
                        },
                        "meta": {},
                        "tainted": false
                    },
                    "deposed": [],
                    "provider": ""
                },
                "azurerm_storage_container.windows.1": {
                    "type": "azurerm_storage_container",
                    "depends_on": [
                        "azurerm_resource_group.global",
                        "azurerm_storage_account.global"
                    ],
                    "primary": {
                        "id": "windows-02-storage",
                        "attributes": {
                            "container_access_type": "private",
                            "id": "windows-02-storage",
                            "name": "windows-02-storage",
                            "properties.%": "4",
                            "properties.last_modified": "Tue, 30 May 2017 09:03:10 GMT",
                            "properties.lease_duration": "",
                            "properties.lease_state": "available",
                            "properties.lease_status": "unlocked",
                            "resource_group_name": "mike-pa",
                            "storage_account_name": "mikepa"
                        },
                        "meta": {},
                        "tainted": false
                    },
                    "deposed": [],
                    "provider": ""
                },
                "azurerm_storage_container.windows.10": {
                    "type": "azurerm_storage_container",
                    "depends_on": [
                        "azurerm_resource_group.global",
                        "azurerm_storage_account.global"
                    ],
                    "primary": {
                        "id": "windows-11-storage",
                        "attributes": {
                            "container_access_type": "private",
                            "id": "windows-11-storage",
                            "name": "windows-11-storage",
                            "properties.%": "4",
                            "properties.last_modified": "Tue, 30 May 2017 09:02:58 GMT",
                            "properties.lease_duration": "",
                            "properties.lease_state": "available",
                            "properties.lease_status": "unlocked",
                            "resource_group_name": "mike-pa",
                            "storage_account_name": "mikepa"
                        },
                        "meta": {},
                        "tainted": false
                    },
                    "deposed": [],
                    "provider": ""
                },
                "azurerm_storage_container.windows.11": {
                    "type": "azurerm_storage_container",
                    "depends_on": [
                        "azurerm_resource_group.global",
                        "azurerm_storage_account.global"
                    ],
                    "primary": {
                        "id": "windows-12-storage",
                        "attributes": {
                            "container_access_type": "private",
                            "id": "windows-12-storage",
                            "name": "windows-12-storage",
                            "properties.%": "4",
                            "properties.last_modified": "Tue, 30 May 2017 09:03:06 GMT",
                            "properties.lease_duration": "",
                            "properties.lease_state": "available",
                            "properties.lease_status": "unlocked",
                            "resource_group_name": "mike-pa",
                            "storage_account_name": "mikepa"
                        },
                        "meta": {},
                        "tainted": false
                    },
                    "deposed": [],
                    "provider": ""
                },
                "azurerm_storage_container.windows.12": {
                    "type": "azurerm_storage_container",
                    "depends_on": [
                        "azurerm_resource_group.global",
                        "azurerm_storage_account.global"
                    ],
                    "primary": {
                        "id": "windows-13-storage",
                        "attributes": {
                            "container_access_type": "private",
                            "id": "windows-13-storage",
                            "name": "windows-13-storage",
                            "properties.%": "4",
                            "properties.last_modified": "Tue, 30 May 2017 09:03:05 GMT",
                            "properties.lease_duration": "",
                            "properties.lease_state": "available",
                            "properties.lease_status": "unlocked",
                            "resource_group_name": "mike-pa",
                            "storage_account_name": "mikepa"
                        },
                        "meta": {},
                        "tainted": false
                    },
                    "deposed": [],
                    "provider": ""
                },
                "azurerm_storage_container.windows.13": {
                    "type": "azurerm_storage_container",
                    "depends_on": [
                        "azurerm_resource_group.global",
                        "azurerm_storage_account.global"
                    ],
                    "primary": {
                        "id": "windows-14-storage",
                        "attributes": {
                            "container_access_type": "private",
                            "id": "windows-14-storage",
                            "name": "windows-14-storage",
                            "properties.%": "4",
                            "properties.last_modified": "Tue, 30 May 2017 09:03:06 GMT",
                            "properties.lease_duration": "",
                            "properties.lease_state": "available",
                            "properties.lease_status": "unlocked",
                            "resource_group_name": "mike-pa",
                            "storage_account_name": "mikepa"
                        },
                        "meta": {},
                        "tainted": false
                    },
                    "deposed": [],
                    "provider": ""
                },
                "azurerm_storage_container.windows.14": {
                    "type": "azurerm_storage_container",
                    "depends_on": [
                        "azurerm_resource_group.global",
                        "azurerm_storage_account.global"
                    ],
                    "primary": {
                        "id": "windows-15-storage",
                        "attributes": {
                            "container_access_type": "private",
                            "id": "windows-15-storage",
                            "name": "windows-15-storage",
                            "properties.%": "4",
                            "properties.last_modified": "Tue, 30 May 2017 09:03:04 GMT",
                            "properties.lease_duration": "",
                            "properties.lease_state": "available",
                            "properties.lease_status": "unlocked",
                            "resource_group_name": "mike-pa",
                            "storage_account_name": "mikepa"
                        },
                        "meta": {},
                        "tainted": false
                    },
                    "deposed": [],
                    "provider": ""
                },
                "azurerm_storage_container.windows.15": {
                    "type": "azurerm_storage_container",
                    "depends_on": [
                        "azurerm_resource_group.global",
                        "azurerm_storage_account.global"
                    ],
                    "primary": {
                        "id": "windows-16-storage",
                        "attributes": {
                            "container_access_type": "private",
                            "id": "windows-16-storage",
                            "name": "windows-16-storage",
                            "properties.%": "4",
                            "properties.last_modified": "Tue, 30 May 2017 09:03:11 GMT",
                            "properties.lease_duration": "",
                            "properties.lease_state": "available",
                            "properties.lease_status": "unlocked",
                            "resource_group_name": "mike-pa",
                            "storage_account_name": "mikepa"
                        },
                        "meta": {},
                        "tainted": false
                    },
                    "deposed": [],
                    "provider": ""
                },
                "azurerm_storage_container.windows.16": {
                    "type": "azurerm_storage_container",
                    "depends_on": [
                        "azurerm_resource_group.global",
                        "azurerm_storage_account.global"
                    ],
                    "primary": {
                        "id": "windows-17-storage",
                        "attributes": {
                            "container_access_type": "private",
                            "id": "windows-17-storage",
                            "name": "windows-17-storage",
                            "properties.%": "4",
                            "properties.last_modified": "Tue, 30 May 2017 09:03:10 GMT",
                            "properties.lease_duration": "",
                            "properties.lease_state": "available",
                            "properties.lease_status": "unlocked",
                            "resource_group_name": "mike-pa",
                            "storage_account_name": "mikepa"
                        },
                        "meta": {},
                        "tainted": false
                    },
                    "deposed": [],
                    "provider": ""
                },
                "azurerm_storage_container.windows.17": {
                    "type": "azurerm_storage_container",
                    "depends_on": [
                        "azurerm_resource_group.global",
                        "azurerm_storage_account.global"
                    ],
                    "primary": {
                        "id": "windows-18-storage",
                        "attributes": {
                            "container_access_type": "private",
                            "id": "windows-18-storage",
                            "name": "windows-18-storage",
                            "properties.%": "4",
                            "properties.last_modified": "Tue, 30 May 2017 09:03:02 GMT",
                            "properties.lease_duration": "",
                            "properties.lease_state": "available",
                            "properties.lease_status": "unlocked",
                            "resource_group_name": "mike-pa",
                            "storage_account_name": "mikepa"
                        },
                        "meta": {},
                        "tainted": false
                    },
                    "deposed": [],
                    "provider": ""
                },
                "azurerm_storage_container.windows.18": {
                    "type": "azurerm_storage_container",
                    "depends_on": [
                        "azurerm_resource_group.global",
                        "azurerm_storage_account.global"
                    ],
                    "primary": {
                        "id": "windows-19-storage",
                        "attributes": {
                            "container_access_type": "private",
                            "id": "windows-19-storage",
                            "name": "windows-19-storage",
                            "properties.%": "4",
                            "properties.last_modified": "Tue, 30 May 2017 09:02:58 GMT",
                            "properties.lease_duration": "",
                            "properties.lease_state": "available",
                            "properties.lease_status": "unlocked",
                            "resource_group_name": "mike-pa",
                            "storage_account_name": "mikepa"
                        },
                        "meta": {},
                        "tainted": false
                    },
                    "deposed": [],
                    "provider": ""
                },
                "azurerm_storage_container.windows.19": {
                    "type": "azurerm_storage_container",
                    "depends_on": [
                        "azurerm_resource_group.global",
                        "azurerm_storage_account.global"
                    ],
                    "primary": {
                        "id": "windows-20-storage",
                        "attributes": {
                            "container_access_type": "private",
                            "id": "windows-20-storage",
                            "name": "windows-20-storage",
                            "properties.%": "4",
                            "properties.last_modified": "Tue, 30 May 2017 09:03:11 GMT",
                            "properties.lease_duration": "",
                            "properties.lease_state": "available",
                            "properties.lease_status": "unlocked",
                            "resource_group_name": "mike-pa",
                            "storage_account_name": "mikepa"
                        },
                        "meta": {},
                        "tainted": false
                    },
                    "deposed": [],
                    "provider": ""
                },
                "azurerm_storage_container.windows.2": {
                    "type": "azurerm_storage_container",
                    "depends_on": [
                        "azurerm_resource_group.global",
                        "azurerm_storage_account.global"
                    ],
                    "primary": {
                        "id": "windows-03-storage",
                        "attributes": {
                            "container_access_type": "private",
                            "id": "windows-03-storage",
                            "name": "windows-03-storage",
                            "properties.%": "4",
                            "properties.last_modified": "Tue, 30 May 2017 09:03:05 GMT",
                            "properties.lease_duration": "",
                            "properties.lease_state": "available",
                            "properties.lease_status": "unlocked",
                            "resource_group_name": "mike-pa",
                            "storage_account_name": "mikepa"
                        },
                        "meta": {},
                        "tainted": false
                    },
                    "deposed": [],
                    "provider": ""
                },
                "azurerm_storage_container.windows.20": {
                    "type": "azurerm_storage_container",
                    "depends_on": [
                        "azurerm_resource_group.global",
                        "azurerm_storage_account.global"
                    ],
                    "primary": {
                        "id": "windows-21-storage",
                        "attributes": {
                            "container_access_type": "private",
                            "id": "windows-21-storage",
                            "name": "windows-21-storage",
                            "properties.%": "4",
                            "properties.last_modified": "Tue, 30 May 2017 09:03:03 GMT",
                            "properties.lease_duration": "",
                            "properties.lease_state": "available",
                            "properties.lease_status": "unlocked",
                            "resource_group_name": "mike-pa",
                            "storage_account_name": "mikepa"
                        },
                        "meta": {},
                        "tainted": false
                    },
                    "deposed": [],
                    "provider": ""
                },
                "azurerm_storage_container.windows.21": {
                    "type": "azurerm_storage_container",
                    "depends_on": [
                        "azurerm_resource_group.global",
                        "azurerm_storage_account.global"
                    ],
                    "primary": {
                        "id": "windows-22-storage",
                        "attributes": {
                            "container_access_type": "private",
                            "id": "windows-22-storage",
                            "name": "windows-22-storage",
                            "properties.%": "4",
                            "properties.last_modified": "Tue, 30 May 2017 09:03:09 GMT",
                            "properties.lease_duration": "",
                            "properties.lease_state": "available",
                            "properties.lease_status": "unlocked",
                            "resource_group_name": "mike-pa",
                            "storage_account_name": "mikepa"
                        },
                        "meta": {},
                        "tainted": false
                    },
                    "deposed": [],
                    "provider": ""
                },
                "azurerm_storage_container.windows.22": {
                    "type": "azurerm_storage_container",
                    "depends_on": [
                        "azurerm_resource_group.global",
                        "azurerm_storage_account.global"
                    ],
                    "primary": {
                        "id": "windows-23-storage",
                        "attributes": {
                            "container_access_type": "private",
                            "id": "windows-23-storage",
                            "name": "windows-23-storage",
                            "properties.%": "4",
                            "properties.last_modified": "Tue, 30 May 2017 09:03:08 GMT",
                            "properties.lease_duration": "",
                            "properties.lease_state": "available",
                            "properties.lease_status": "unlocked",
                            "resource_group_name": "mike-pa",
                            "storage_account_name": "mikepa"
                        },
                        "meta": {},
                        "tainted": false
                    },
                    "deposed": [],
                    "provider": ""
                },
                "azurerm_storage_container.windows.23": {
                    "type": "azurerm_storage_container",
                    "depends_on": [
                        "azurerm_resource_group.global",
                        "azurerm_storage_account.global"
                    ],
                    "primary": {
                        "id": "windows-24-storage",
                        "attributes": {
                            "container_access_type": "private",
                            "id": "windows-24-storage",
                            "name": "windows-24-storage",
                            "properties.%": "4",
                            "properties.last_modified": "Tue, 30 May 2017 09:03:03 GMT",
                            "properties.lease_duration": "",
                            "properties.lease_state": "available",
                            "properties.lease_status": "unlocked",
                            "resource_group_name": "mike-pa",
                            "storage_account_name": "mikepa"
                        },
                        "meta": {},
                        "tainted": false
                    },
                    "deposed": [],
                    "provider": ""
                },
                "azurerm_storage_container.windows.24": {
                    "type": "azurerm_storage_container",
                    "depends_on": [
                        "azurerm_resource_group.global",
                        "azurerm_storage_account.global"
                    ],
                    "primary": {
                        "id": "windows-25-storage",
                        "attributes": {
                            "container_access_type": "private",
                            "id": "windows-25-storage",
                            "name": "windows-25-storage",
                            "properties.%": "4",
                            "properties.last_modified": "Tue, 30 May 2017 09:03:01 GMT",
                            "properties.lease_duration": "",
                            "properties.lease_state": "available",
                            "properties.lease_status": "unlocked",
                            "resource_group_name": "mike-pa",
                            "storage_account_name": "mikepa"
                        },
                        "meta": {},
                        "tainted": false
                    },
                    "deposed": [],
                    "provider": ""
                },
                "azurerm_storage_container.windows.25": {
                    "type": "azurerm_storage_container",
                    "depends_on": [
                        "azurerm_resource_group.global",
                        "azurerm_storage_account.global"
                    ],
                    "primary": {
                        "id": "windows-26-storage",
                        "attributes": {
                            "container_access_type": "private",
                            "id": "windows-26-storage",
                            "name": "windows-26-storage",
                            "properties.%": "4",
                            "properties.last_modified": "Tue, 30 May 2017 09:03:02 GMT",
                            "properties.lease_duration": "",
                            "properties.lease_state": "available",
                            "properties.lease_status": "unlocked",
                            "resource_group_name": "mike-pa",
                            "storage_account_name": "mikepa"
                        },
                        "meta": {},
                        "tainted": false
                    },
                    "deposed": [],
                    "provider": ""
                },
                "azurerm_storage_container.windows.26": {
                    "type": "azurerm_storage_container",
                    "depends_on": [
                        "azurerm_resource_group.global",
                        "azurerm_storage_account.global"
                    ],
                    "primary": {
                        "id": "windows-27-storage",
                        "attributes": {
                            "container_access_type": "private",
                            "id": "windows-27-storage",
                            "name": "windows-27-storage",
                            "properties.%": "4",
                            "properties.last_modified": "Tue, 30 May 2017 09:02:58 GMT",
                            "properties.lease_duration": "",
                            "properties.lease_state": "available",
                            "properties.lease_status": "unlocked",
                            "resource_group_name": "mike-pa",
                            "storage_account_name": "mikepa"
                        },
                        "meta": {},
                        "tainted": false
                    },
                    "deposed": [],
                    "provider": ""
                },
                "azurerm_storage_container.windows.27": {
                    "type": "azurerm_storage_container",
                    "depends_on": [
                        "azurerm_resource_group.global",
                        "azurerm_storage_account.global"
                    ],
                    "primary": {
                        "id": "windows-28-storage",
                        "attributes": {
                            "container_access_type": "private",
                            "id": "windows-28-storage",
                            "name": "windows-28-storage",
                            "properties.%": "4",
                            "properties.last_modified": "Tue, 30 May 2017 09:03:12 GMT",
                            "properties.lease_duration": "",
                            "properties.lease_state": "available",
                            "properties.lease_status": "unlocked",
                            "resource_group_name": "mike-pa",
                            "storage_account_name": "mikepa"
                        },
                        "meta": {},
                        "tainted": false
                    },
                    "deposed": [],
                    "provider": ""
                },
                "azurerm_storage_container.windows.28": {
                    "type": "azurerm_storage_container",
                    "depends_on": [
                        "azurerm_resource_group.global",
                        "azurerm_storage_account.global"
                    ],
                    "primary": {
                        "id": "windows-29-storage",
                        "attributes": {
                            "container_access_type": "private",
                            "id": "windows-29-storage",
                            "name": "windows-29-storage",
                            "properties.%": "4",
                            "properties.last_modified": "Tue, 30 May 2017 09:03:05 GMT",
                            "properties.lease_duration": "",
                            "properties.lease_state": "available",
                            "properties.lease_status": "unlocked",
                            "resource_group_name": "mike-pa",
                            "storage_account_name": "mikepa"
                        },
                        "meta": {},
                        "tainted": false
                    },
                    "deposed": [],
                    "provider": ""
                },
                "azurerm_storage_container.windows.29": {
                    "type": "azurerm_storage_container",
                    "depends_on": [
                        "azurerm_resource_group.global",
                        "azurerm_storage_account.global"
                    ],
                    "primary": {
                        "id": "windows-30-storage",
                        "attributes": {
                            "container_access_type": "private",
                            "id": "windows-30-storage",
                            "name": "windows-30-storage",
                            "properties.%": "4",
                            "properties.last_modified": "Tue, 30 May 2017 09:03:00 GMT",
                            "properties.lease_duration": "",
                            "properties.lease_state": "available",
                            "properties.lease_status": "unlocked",
                            "resource_group_name": "mike-pa",
                            "storage_account_name": "mikepa"
                        },
                        "meta": {},
                        "tainted": false
                    },
                    "deposed": [],
                    "provider": ""
                },
                "azurerm_storage_container.windows.3": {
                    "type": "azurerm_storage_container",
                    "depends_on": [
                        "azurerm_resource_group.global",
                        "azurerm_storage_account.global"
                    ],
                    "primary": {
                        "id": "windows-04-storage",
                        "attributes": {
                            "container_access_type": "private",
                            "id": "windows-04-storage",
                            "name": "windows-04-storage",
                            "properties.%": "4",
                            "properties.last_modified": "Tue, 30 May 2017 09:03:10 GMT",
                            "properties.lease_duration": "",
                            "properties.lease_state": "available",
                            "properties.lease_status": "unlocked",
                            "resource_group_name": "mike-pa",
                            "storage_account_name": "mikepa"
                        },
                        "meta": {},
                        "tainted": false
                    },
                    "deposed": [],
                    "provider": ""
                },
                "azurerm_storage_container.windows.30": {
                    "type": "azurerm_storage_container",
                    "depends_on": [
                        "azurerm_resource_group.global",
                        "azurerm_storage_account.global"
                    ],
                    "primary": {
                        "id": "windows-31-storage",
                        "attributes": {
                            "container_access_type": "private",
                            "id": "windows-31-storage",
                            "name": "windows-31-storage",
                            "properties.%": "4",
                            "properties.last_modified": "Tue, 30 May 2017 09:03:13 GMT",
                            "properties.lease_duration": "",
                            "properties.lease_state": "available",
                            "properties.lease_status": "unlocked",
                            "resource_group_name": "mike-pa",
                            "storage_account_name": "mikepa"
                        },
                        "meta": {},
                        "tainted": false
                    },
                    "deposed": [],
                    "provider": ""
                },
                "azurerm_storage_container.windows.31": {
                    "type": "azurerm_storage_container",
                    "depends_on": [
                        "azurerm_resource_group.global",
                        "azurerm_storage_account.global"
                    ],
                    "primary": {
                        "id": "windows-32-storage",
                        "attributes": {
                            "container_access_type": "private",
                            "id": "windows-32-storage",
                            "name": "windows-32-storage",
                            "properties.%": "4",
                            "properties.last_modified": "Tue, 30 May 2017 09:03:09 GMT",
                            "properties.lease_duration": "",
                            "properties.lease_state": "available",
                            "properties.lease_status": "unlocked",
                            "resource_group_name": "mike-pa",
                            "storage_account_name": "mikepa"
                        },
                        "meta": {},
                        "tainted": false
                    },
                    "deposed": [],
                    "provider": ""
                },
                "azurerm_storage_container.windows.32": {
                    "type": "azurerm_storage_container",
                    "depends_on": [
                        "azurerm_resource_group.global",
                        "azurerm_storage_account.global"
                    ],
                    "primary": {
                        "id": "windows-33-storage",
                        "attributes": {
                            "container_access_type": "private",
                            "id": "windows-33-storage",
                            "name": "windows-33-storage",
                            "properties.%": "4",
                            "properties.last_modified": "Tue, 30 May 2017 09:03:07 GMT",
                            "properties.lease_duration": "",
                            "properties.lease_state": "available",
                            "properties.lease_status": "unlocked",
                            "resource_group_name": "mike-pa",
                            "storage_account_name": "mikepa"
                        },
                        "meta": {},
                        "tainted": false
                    },
                    "deposed": [],
                    "provider": ""
                },
                "azurerm_storage_container.windows.33": {
                    "type": "azurerm_storage_container",
                    "depends_on": [
                        "azurerm_resource_group.global",
                        "azurerm_storage_account.global"
                    ],
                    "primary": {
                        "id": "windows-34-storage",
                        "attributes": {
                            "container_access_type": "private",
                            "id": "windows-34-storage",
                            "name": "windows-34-storage",
                            "properties.%": "4",
                            "properties.last_modified": "Tue, 30 May 2017 09:03:12 GMT",
                            "properties.lease_duration": "",
                            "properties.lease_state": "available",
                            "properties.lease_status": "unlocked",
                            "resource_group_name": "mike-pa",
                            "storage_account_name": "mikepa"
                        },
                        "meta": {},
                        "tainted": false
                    },
                    "deposed": [],
                    "provider": ""
                },
                "azurerm_storage_container.windows.34": {
                    "type": "azurerm_storage_container",
                    "depends_on": [
                        "azurerm_resource_group.global",
                        "azurerm_storage_account.global"
                    ],
                    "primary": {
                        "id": "windows-35-storage",
                        "attributes": {
                            "container_access_type": "private",
                            "id": "windows-35-storage",
                            "name": "windows-35-storage",
                            "properties.%": "4",
                            "properties.last_modified": "Tue, 30 May 2017 09:03:13 GMT",
                            "properties.lease_duration": "",
                            "properties.lease_state": "available",
                            "properties.lease_status": "unlocked",
                            "resource_group_name": "mike-pa",
                            "storage_account_name": "mikepa"
                        },
                        "meta": {},
                        "tainted": false
                    },
                    "deposed": [],
                    "provider": ""
                },
                "azurerm_storage_container.windows.35": {
                    "type": "azurerm_storage_container",
                    "depends_on": [
                        "azurerm_resource_group.global",
                        "azurerm_storage_account.global"
                    ],
                    "primary": {
                        "id": "windows-36-storage",
                        "attributes": {
                            "container_access_type": "private",
                            "id": "windows-36-storage",
                            "name": "windows-36-storage",
                            "properties.%": "4",
                            "properties.last_modified": "Tue, 30 May 2017 09:02:58 GMT",
                            "properties.lease_duration": "",
                            "properties.lease_state": "available",
                            "properties.lease_status": "unlocked",
                            "resource_group_name": "mike-pa",
                            "storage_account_name": "mikepa"
                        },
                        "meta": {},
                        "tainted": false
                    },
                    "deposed": [],
                    "provider": ""
                },
                "azurerm_storage_container.windows.36": {
                    "type": "azurerm_storage_container",
                    "depends_on": [
                        "azurerm_resource_group.global",
                        "azurerm_storage_account.global"
                    ],
                    "primary": {
                        "id": "windows-37-storage",
                        "attributes": {
                            "container_access_type": "private",
                            "id": "windows-37-storage",
                            "name": "windows-37-storage",
                            "properties.%": "4",
                            "properties.last_modified": "Tue, 30 May 2017 09:02:57 GMT",
                            "properties.lease_duration": "",
                            "properties.lease_state": "available",
                            "properties.lease_status": "unlocked",
                            "resource_group_name": "mike-pa",
                            "storage_account_name": "mikepa"
                        },
                        "meta": {},
                        "tainted": false
                    },
                    "deposed": [],
                    "provider": ""
                },
                "azurerm_storage_container.windows.37": {
                    "type": "azurerm_storage_container",
                    "depends_on": [
                        "azurerm_resource_group.global",
                        "azurerm_storage_account.global"
                    ],
                    "primary": {
                        "id": "windows-38-storage",
                        "attributes": {
                            "container_access_type": "private",
                            "id": "windows-38-storage",
                            "name": "windows-38-storage",
                            "properties.%": "4",
                            "properties.last_modified": "Tue, 30 May 2017 09:03:12 GMT",
                            "properties.lease_duration": "",
                            "properties.lease_state": "available",
                            "properties.lease_status": "unlocked",
                            "resource_group_name": "mike-pa",
                            "storage_account_name": "mikepa"
                        },
                        "meta": {},
                        "tainted": false
                    },
                    "deposed": [],
                    "provider": ""
                },
                "azurerm_storage_container.windows.38": {
                    "type": "azurerm_storage_container",
                    "depends_on": [
                        "azurerm_resource_group.global",
                        "azurerm_storage_account.global"
                    ],
                    "primary": {
                        "id": "windows-39-storage",
                        "attributes": {
                            "container_access_type": "private",
                            "id": "windows-39-storage",
                            "name": "windows-39-storage",
                            "properties.%": "4",
                            "properties.last_modified": "Tue, 30 May 2017 09:03:06 GMT",
                            "properties.lease_duration": "",
                            "properties.lease_state": "available",
                            "properties.lease_status": "unlocked",
                            "resource_group_name": "mike-pa",
                            "storage_account_name": "mikepa"
                        },
                        "meta": {},
                        "tainted": false
                    },
                    "deposed": [],
                    "provider": ""
                },
                "azurerm_storage_container.windows.39": {
                    "type": "azurerm_storage_container",
                    "depends_on": [
                        "azurerm_resource_group.global",
                        "azurerm_storage_account.global"
                    ],
                    "primary": {
                        "id": "windows-40-storage",
                        "attributes": {
                            "container_access_type": "private",
                            "id": "windows-40-storage",
                            "name": "windows-40-storage",
                            "properties.%": "4",
                            "properties.last_modified": "Tue, 30 May 2017 09:02:58 GMT",
                            "properties.lease_duration": "",
                            "properties.lease_state": "available",
                            "properties.lease_status": "unlocked",
                            "resource_group_name": "mike-pa",
                            "storage_account_name": "mikepa"
                        },
                        "meta": {},
                        "tainted": false
                    },
                    "deposed": [],
                    "provider": ""
                },
                "azurerm_storage_container.windows.4": {
                    "type": "azurerm_storage_container",
                    "depends_on": [
                        "azurerm_resource_group.global",
                        "azurerm_storage_account.global"
                    ],
                    "primary": {
                        "id": "windows-05-storage",
                        "attributes": {
                            "container_access_type": "private",
                            "id": "windows-05-storage",
                            "name": "windows-05-storage",
                            "properties.%": "4",
                            "properties.last_modified": "Tue, 30 May 2017 09:03:00 GMT",
                            "properties.lease_duration": "",
                            "properties.lease_state": "available",
                            "properties.lease_status": "unlocked",
                            "resource_group_name": "mike-pa",
                            "storage_account_name": "mikepa"
                        },
                        "meta": {},
                        "tainted": false
                    },
                    "deposed": [],
                    "provider": ""
                },
                "azurerm_storage_container.windows.40": {
                    "type": "azurerm_storage_container",
                    "depends_on": [
                        "azurerm_resource_group.global",
                        "azurerm_storage_account.global"
                    ],
                    "primary": {
                        "id": "windows-41-storage",
                        "attributes": {
                            "container_access_type": "private",
                            "id": "windows-41-storage",
                            "name": "windows-41-storage",
                            "properties.%": "4",
                            "properties.last_modified": "Tue, 30 May 2017 09:02:59 GMT",
                            "properties.lease_duration": "",
                            "properties.lease_state": "available",
                            "properties.lease_status": "unlocked",
                            "resource_group_name": "mike-pa",
                            "storage_account_name": "mikepa"
                        },
                        "meta": {},
                        "tainted": false
                    },
                    "deposed": [],
                    "provider": ""
                },
                "azurerm_storage_container.windows.41": {
                    "type": "azurerm_storage_container",
                    "depends_on": [
                        "azurerm_resource_group.global",
                        "azurerm_storage_account.global"
                    ],
                    "primary": {
                        "id": "windows-42-storage",
                        "attributes": {
                            "container_access_type": "private",
                            "id": "windows-42-storage",
                            "name": "windows-42-storage",
                            "properties.%": "4",
                            "properties.last_modified": "Tue, 30 May 2017 09:03:09 GMT",
                            "properties.lease_duration": "",
                            "properties.lease_state": "available",
                            "properties.lease_status": "unlocked",
                            "resource_group_name": "mike-pa",
                            "storage_account_name": "mikepa"
                        },
                        "meta": {},
                        "tainted": false
                    },
                    "deposed": [],
                    "provider": ""
                },
                "azurerm_storage_container.windows.42": {
                    "type": "azurerm_storage_container",
                    "depends_on": [
                        "azurerm_resource_group.global",
                        "azurerm_storage_account.global"
                    ],
                    "primary": {
                        "id": "windows-43-storage",
                        "attributes": {
                            "container_access_type": "private",
                            "id": "windows-43-storage",
                            "name": "windows-43-storage",
                            "properties.%": "4",
                            "properties.last_modified": "Tue, 30 May 2017 09:03:06 GMT",
                            "properties.lease_duration": "",
                            "properties.lease_state": "available",
                            "properties.lease_status": "unlocked",
                            "resource_group_name": "mike-pa",
                            "storage_account_name": "mikepa"
                        },
                        "meta": {},
                        "tainted": false
                    },
                    "deposed": [],
                    "provider": ""
                },
                "azurerm_storage_container.windows.43": {
                    "type": "azurerm_storage_container",
                    "depends_on": [
                        "azurerm_resource_group.global",
                        "azurerm_storage_account.global"
                    ],
                    "primary": {
                        "id": "windows-44-storage",
                        "attributes": {
                            "container_access_type": "private",
                            "id": "windows-44-storage",
                            "name": "windows-44-storage",
                            "properties.%": "4",
                            "properties.last_modified": "Tue, 30 May 2017 09:03:00 GMT",
                            "properties.lease_duration": "",
                            "properties.lease_state": "available",
                            "properties.lease_status": "unlocked",
                            "resource_group_name": "mike-pa",
                            "storage_account_name": "mikepa"
                        },
                        "meta": {},
                        "tainted": false
                    },
                    "deposed": [],
                    "provider": ""
                },
                "azurerm_storage_container.windows.44": {
                    "type": "azurerm_storage_container",
                    "depends_on": [
                        "azurerm_resource_group.global",
                        "azurerm_storage_account.global"
                    ],
                    "primary": {
                        "id": "windows-45-storage",
                        "attributes": {
                            "container_access_type": "private",
                            "id": "windows-45-storage",
                            "name": "windows-45-storage",
                            "properties.%": "4",
                            "properties.last_modified": "Tue, 30 May 2017 09:03:10 GMT",
                            "properties.lease_duration": "",
                            "properties.lease_state": "available",
                            "properties.lease_status": "unlocked",
                            "resource_group_name": "mike-pa",
                            "storage_account_name": "mikepa"
                        },
                        "meta": {},
                        "tainted": false
                    },
                    "deposed": [],
                    "provider": ""
                },
                "azurerm_storage_container.windows.45": {
                    "type": "azurerm_storage_container",
                    "depends_on": [
                        "azurerm_resource_group.global",
                        "azurerm_storage_account.global"
                    ],
                    "primary": {
                        "id": "windows-46-storage",
                        "attributes": {
                            "container_access_type": "private",
                            "id": "windows-46-storage",
                            "name": "windows-46-storage",
                            "properties.%": "4",
                            "properties.last_modified": "Tue, 30 May 2017 09:03:02 GMT",
                            "properties.lease_duration": "",
                            "properties.lease_state": "available",
                            "properties.lease_status": "unlocked",
                            "resource_group_name": "mike-pa",
                            "storage_account_name": "mikepa"
                        },
                        "meta": {},
                        "tainted": false
                    },
                    "deposed": [],
                    "provider": ""
                },
                "azurerm_storage_container.windows.46": {
                    "type": "azurerm_storage_container",
                    "depends_on": [
                        "azurerm_resource_group.global",
                        "azurerm_storage_account.global"
                    ],
                    "primary": {
                        "id": "windows-47-storage",
                        "attributes": {
                            "container_access_type": "private",
                            "id": "windows-47-storage",
                            "name": "windows-47-storage",
                            "properties.%": "4",
                            "properties.last_modified": "Tue, 30 May 2017 09:02:57 GMT",
                            "properties.lease_duration": "",
                            "properties.lease_state": "available",
                            "properties.lease_status": "unlocked",
                            "resource_group_name": "mike-pa",
                            "storage_account_name": "mikepa"
                        },
                        "meta": {},
                        "tainted": false
                    },
                    "deposed": [],
                    "provider": ""
                },
                "azurerm_storage_container.windows.47": {
                    "type": "azurerm_storage_container",
                    "depends_on": [
                        "azurerm_resource_group.global",
                        "azurerm_storage_account.global"
                    ],
                    "primary": {
                        "id": "windows-48-storage",
                        "attributes": {
                            "container_access_type": "private",
                            "id": "windows-48-storage",
                            "name": "windows-48-storage",
                            "properties.%": "4",
                            "properties.last_modified": "Tue, 30 May 2017 09:03:14 GMT",
                            "properties.lease_duration": "",
                            "properties.lease_state": "available",
                            "properties.lease_status": "unlocked",
                            "resource_group_name": "mike-pa",
                            "storage_account_name": "mikepa"
                        },
                        "meta": {},
                        "tainted": false
                    },
                    "deposed": [],
                    "provider": ""
                },
                "azurerm_storage_container.windows.48": {
                    "type": "azurerm_storage_container",
                    "depends_on": [
                        "azurerm_resource_group.global",
                        "azurerm_storage_account.global"
                    ],
                    "primary": {
                        "id": "windows-49-storage",
                        "attributes": {
                            "container_access_type": "private",
                            "id": "windows-49-storage",
                            "name": "windows-49-storage",
                            "properties.%": "4",
                            "properties.last_modified": "Tue, 30 May 2017 09:03:13 GMT",
                            "properties.lease_duration": "",
                            "properties.lease_state": "available",
                            "properties.lease_status": "unlocked",
                            "resource_group_name": "mike-pa",
                            "storage_account_name": "mikepa"
                        },
                        "meta": {},
                        "tainted": false
                    },
                    "deposed": [],
                    "provider": ""
                },
                "azurerm_storage_container.windows.49": {
                    "type": "azurerm_storage_container",
                    "depends_on": [
                        "azurerm_resource_group.global",
                        "azurerm_storage_account.global"
                    ],
                    "primary": {
                        "id": "windows-50-storage",
                        "attributes": {
                            "container_access_type": "private",
                            "id": "windows-50-storage",
                            "name": "windows-50-storage",
                            "properties.%": "4",
                            "properties.last_modified": "Tue, 30 May 2017 09:03:11 GMT",
                            "properties.lease_duration": "",
                            "properties.lease_state": "available",
                            "properties.lease_status": "unlocked",
                            "resource_group_name": "mike-pa",
                            "storage_account_name": "mikepa"
                        },
                        "meta": {},
                        "tainted": false
                    },
                    "deposed": [],
                    "provider": ""
                },
                "azurerm_storage_container.windows.5": {
                    "type": "azurerm_storage_container",
                    "depends_on": [
                        "azurerm_resource_group.global",
                        "azurerm_storage_account.global"
                    ],
                    "primary": {
                        "id": "windows-06-storage",
                        "attributes": {
                            "container_access_type": "private",
                            "id": "windows-06-storage",
                            "name": "windows-06-storage",
                            "properties.%": "4",
                            "properties.last_modified": "Tue, 30 May 2017 09:03:13 GMT",
                            "properties.lease_duration": "",
                            "properties.lease_state": "available",
                            "properties.lease_status": "unlocked",
                            "resource_group_name": "mike-pa",
                            "storage_account_name": "mikepa"
                        },
                        "meta": {},
                        "tainted": false
                    },
                    "deposed": [],
                    "provider": ""
                },
                "azurerm_storage_container.windows.50": {
                    "type": "azurerm_storage_container",
                    "depends_on": [
                        "azurerm_resource_group.global",
                        "azurerm_storage_account.global"
                    ],
                    "primary": {
                        "id": "windows-51-storage",
                        "attributes": {
                            "container_access_type": "private",
                            "id": "windows-51-storage",
                            "name": "windows-51-storage",
                            "properties.%": "4",
                            "properties.last_modified": "Tue, 30 May 2017 09:03:07 GMT",
                            "properties.lease_duration": "",
                            "properties.lease_state": "available",
                            "properties.lease_status": "unlocked",
                            "resource_group_name": "mike-pa",
                            "storage_account_name": "mikepa"
                        },
                        "meta": {},
                        "tainted": false
                    },
                    "deposed": [],
                    "provider": ""
                },
                "azurerm_storage_container.windows.51": {
                    "type": "azurerm_storage_container",
                    "depends_on": [
                        "azurerm_resource_group.global",
                        "azurerm_storage_account.global"
                    ],
                    "primary": {
                        "id": "windows-52-storage",
                        "attributes": {
                            "container_access_type": "private",
                            "id": "windows-52-storage",
                            "name": "windows-52-storage",
                            "properties.%": "4",
                            "properties.last_modified": "Tue, 30 May 2017 09:03:07 GMT",
                            "properties.lease_duration": "",
                            "properties.lease_state": "available",
                            "properties.lease_status": "unlocked",
                            "resource_group_name": "mike-pa",
                            "storage_account_name": "mikepa"
                        },
                        "meta": {},
                        "tainted": false
                    },
                    "deposed": [],
                    "provider": ""
                },
                "azurerm_storage_container.windows.52": {
                    "type": "azurerm_storage_container",
                    "depends_on": [
                        "azurerm_resource_group.global",
                        "azurerm_storage_account.global"
                    ],
                    "primary": {
                        "id": "windows-53-storage",
                        "attributes": {
                            "container_access_type": "private",
                            "id": "windows-53-storage",
                            "name": "windows-53-storage",
                            "properties.%": "4",
                            "properties.last_modified": "Tue, 30 May 2017 09:03:02 GMT",
                            "properties.lease_duration": "",
                            "properties.lease_state": "available",
                            "properties.lease_status": "unlocked",
                            "resource_group_name": "mike-pa",
                            "storage_account_name": "mikepa"
                        },
                        "meta": {},
                        "tainted": false
                    },
                    "deposed": [],
                    "provider": ""
                },
                "azurerm_storage_container.windows.53": {
                    "type": "azurerm_storage_container",
                    "depends_on": [
                        "azurerm_resource_group.global",
                        "azurerm_storage_account.global"
                    ],
                    "primary": {
                        "id": "windows-54-storage",
                        "attributes": {
                            "container_access_type": "private",
                            "id": "windows-54-storage",
                            "name": "windows-54-storage",
                            "properties.%": "4",
                            "properties.last_modified": "Tue, 30 May 2017 09:03:08 GMT",
                            "properties.lease_duration": "",
                            "properties.lease_state": "available",
                            "properties.lease_status": "unlocked",
                            "resource_group_name": "mike-pa",
                            "storage_account_name": "mikepa"
                        },
                        "meta": {},
                        "tainted": false
                    },
                    "deposed": [],
                    "provider": ""
                },
                "azurerm_storage_container.windows.54": {
                    "type": "azurerm_storage_container",
                    "depends_on": [
                        "azurerm_resource_group.global",
                        "azurerm_storage_account.global"
                    ],
                    "primary": {
                        "id": "windows-55-storage",
                        "attributes": {
                            "container_access_type": "private",
                            "id": "windows-55-storage",
                            "name": "windows-55-storage",
                            "properties.%": "4",
                            "properties.last_modified": "Tue, 30 May 2017 09:03:14 GMT",
                            "properties.lease_duration": "",
                            "properties.lease_state": "available",
                            "properties.lease_status": "unlocked",
                            "resource_group_name": "mike-pa",
                            "storage_account_name": "mikepa"
                        },
                        "meta": {},
                        "tainted": false
                    },
                    "deposed": [],
                    "provider": ""
                },
                "azurerm_storage_container.windows.55": {
                    "type": "azurerm_storage_container",
                    "depends_on": [
                        "azurerm_resource_group.global",
                        "azurerm_storage_account.global"
                    ],
                    "primary": {
                        "id": "windows-56-storage",
                        "attributes": {
                            "container_access_type": "private",
                            "id": "windows-56-storage",
                            "name": "windows-56-storage",
                            "properties.%": "4",
                            "properties.last_modified": "Tue, 30 May 2017 09:03:08 GMT",
                            "properties.lease_duration": "",
                            "properties.lease_state": "available",
                            "properties.lease_status": "unlocked",
                            "resource_group_name": "mike-pa",
                            "storage_account_name": "mikepa"
                        },
                        "meta": {},
                        "tainted": false
                    },
                    "deposed": [],
                    "provider": ""
                },
                "azurerm_storage_container.windows.56": {
                    "type": "azurerm_storage_container",
                    "depends_on": [
                        "azurerm_resource_group.global",
                        "azurerm_storage_account.global"
                    ],
                    "primary": {
                        "id": "windows-57-storage",
                        "attributes": {
                            "container_access_type": "private",
                            "id": "windows-57-storage",
                            "name": "windows-57-storage",
                            "properties.%": "4",
                            "properties.last_modified": "Tue, 30 May 2017 09:03:04 GMT",
                            "properties.lease_duration": "",
                            "properties.lease_state": "available",
                            "properties.lease_status": "unlocked",
                            "resource_group_name": "mike-pa",
                            "storage_account_name": "mikepa"
                        },
                        "meta": {},
                        "tainted": false
                    },
                    "deposed": [],
                    "provider": ""
                },
                "azurerm_storage_container.windows.57": {
                    "type": "azurerm_storage_container",
                    "depends_on": [
                        "azurerm_resource_group.global",
                        "azurerm_storage_account.global"
                    ],
                    "primary": {
                        "id": "windows-58-storage",
                        "attributes": {
                            "container_access_type": "private",
                            "id": "windows-58-storage",
                            "name": "windows-58-storage",
                            "properties.%": "4",
                            "properties.last_modified": "Tue, 30 May 2017 09:03:06 GMT",
                            "properties.lease_duration": "",
                            "properties.lease_state": "available",
                            "properties.lease_status": "unlocked",
                            "resource_group_name": "mike-pa",
                            "storage_account_name": "mikepa"
                        },
                        "meta": {},
                        "tainted": false
                    },
                    "deposed": [],
                    "provider": ""
                },
                "azurerm_storage_container.windows.58": {
                    "type": "azurerm_storage_container",
                    "depends_on": [
                        "azurerm_resource_group.global",
                        "azurerm_storage_account.global"
                    ],
                    "primary": {
                        "id": "windows-59-storage",
                        "attributes": {
                            "container_access_type": "private",
                            "id": "windows-59-storage",
                            "name": "windows-59-storage",
                            "properties.%": "4",
                            "properties.last_modified": "Tue, 30 May 2017 09:03:08 GMT",
                            "properties.lease_duration": "",
                            "properties.lease_state": "available",
                            "properties.lease_status": "unlocked",
                            "resource_group_name": "mike-pa",
                            "storage_account_name": "mikepa"
                        },
                        "meta": {},
                        "tainted": false
                    },
                    "deposed": [],
                    "provider": ""
                },
                "azurerm_storage_container.windows.59": {
                    "type": "azurerm_storage_container",
                    "depends_on": [
                        "azurerm_resource_group.global",
                        "azurerm_storage_account.global"
                    ],
                    "primary": {
                        "id": "windows-60-storage",
                        "attributes": {
                            "container_access_type": "private",
                            "id": "windows-60-storage",
                            "name": "windows-60-storage",
                            "properties.%": "4",
                            "properties.last_modified": "Tue, 30 May 2017 09:03:02 GMT",
                            "properties.lease_duration": "",
                            "properties.lease_state": "available",
                            "properties.lease_status": "unlocked",
                            "resource_group_name": "mike-pa",
                            "storage_account_name": "mikepa"
                        },
                        "meta": {},
                        "tainted": false
                    },
                    "deposed": [],
                    "provider": ""
                },
                "azurerm_storage_container.windows.6": {
                    "type": "azurerm_storage_container",
                    "depends_on": [
                        "azurerm_resource_group.global",
                        "azurerm_storage_account.global"
                    ],
                    "primary": {
                        "id": "windows-07-storage",
                        "attributes": {
                            "container_access_type": "private",
                            "id": "windows-07-storage",
                            "name": "windows-07-storage",
                            "properties.%": "4",
                            "properties.last_modified": "Tue, 30 May 2017 09:03:11 GMT",
                            "properties.lease_duration": "",
                            "properties.lease_state": "available",
                            "properties.lease_status": "unlocked",
                            "resource_group_name": "mike-pa",
                            "storage_account_name": "mikepa"
                        },
                        "meta": {},
                        "tainted": false
                    },
                    "deposed": [],
                    "provider": ""
                },
                "azurerm_storage_container.windows.60": {
                    "type": "azurerm_storage_container",
                    "depends_on": [
                        "azurerm_resource_group.global",
                        "azurerm_storage_account.global"
                    ],
                    "primary": {
                        "id": "windows-61-storage",
                        "attributes": {
                            "container_access_type": "private",
                            "id": "windows-61-storage",
                            "name": "windows-61-storage",
                            "properties.%": "4",
                            "properties.last_modified": "Tue, 30 May 2017 09:03:11 GMT",
                            "properties.lease_duration": "",
                            "properties.lease_state": "available",
                            "properties.lease_status": "unlocked",
                            "resource_group_name": "mike-pa",
                            "storage_account_name": "mikepa"
                        },
                        "meta": {},
                        "tainted": false
                    },
                    "deposed": [],
                    "provider": ""
                },
                "azurerm_storage_container.windows.61": {
                    "type": "azurerm_storage_container",
                    "depends_on": [
                        "azurerm_resource_group.global",
                        "azurerm_storage_account.global"
                    ],
                    "primary": {
                        "id": "windows-62-storage",
                        "attributes": {
                            "container_access_type": "private",
                            "id": "windows-62-storage",
                            "name": "windows-62-storage",
                            "properties.%": "4",
                            "properties.last_modified": "Tue, 30 May 2017 09:03:09 GMT",
                            "properties.lease_duration": "",
                            "properties.lease_state": "available",
                            "properties.lease_status": "unlocked",
                            "resource_group_name": "mike-pa",
                            "storage_account_name": "mikepa"
                        },
                        "meta": {},
                        "tainted": false
                    },
                    "deposed": [],
                    "provider": ""
                },
                "azurerm_storage_container.windows.62": {
                    "type": "azurerm_storage_container",
                    "depends_on": [
                        "azurerm_resource_group.global",
                        "azurerm_storage_account.global"
                    ],
                    "primary": {
                        "id": "windows-63-storage",
                        "attributes": {
                            "container_access_type": "private",
                            "id": "windows-63-storage",
                            "name": "windows-63-storage",
                            "properties.%": "4",
                            "properties.last_modified": "Tue, 30 May 2017 09:03:12 GMT",
                            "properties.lease_duration": "",
                            "properties.lease_state": "available",
                            "properties.lease_status": "unlocked",
                            "resource_group_name": "mike-pa",
                            "storage_account_name": "mikepa"
                        },
                        "meta": {},
                        "tainted": false
                    },
                    "deposed": [],
                    "provider": ""
                },
                "azurerm_storage_container.windows.63": {
                    "type": "azurerm_storage_container",
                    "depends_on": [
                        "azurerm_resource_group.global",
                        "azurerm_storage_account.global"
                    ],
                    "primary": {
                        "id": "windows-64-storage",
                        "attributes": {
                            "container_access_type": "private",
                            "id": "windows-64-storage",
                            "name": "windows-64-storage",
                            "properties.%": "4",
                            "properties.last_modified": "Tue, 30 May 2017 09:02:57 GMT",
                            "properties.lease_duration": "",
                            "properties.lease_state": "available",
                            "properties.lease_status": "unlocked",
                            "resource_group_name": "mike-pa",
                            "storage_account_name": "mikepa"
                        },
                        "meta": {},
                        "tainted": false
                    },
                    "deposed": [],
                    "provider": ""
                },
                "azurerm_storage_container.windows.64": {
                    "type": "azurerm_storage_container",
                    "depends_on": [
                        "azurerm_resource_group.global",
                        "azurerm_storage_account.global"
                    ],
                    "primary": {
                        "id": "windows-65-storage",
                        "attributes": {
                            "container_access_type": "private",
                            "id": "windows-65-storage",
                            "name": "windows-65-storage",
                            "properties.%": "4",
                            "properties.last_modified": "Tue, 30 May 2017 09:03:02 GMT",
                            "properties.lease_duration": "",
                            "properties.lease_state": "available",
                            "properties.lease_status": "unlocked",
                            "resource_group_name": "mike-pa",
                            "storage_account_name": "mikepa"
                        },
                        "meta": {},
                        "tainted": false
                    },
                    "deposed": [],
                    "provider": ""
                },
                "azurerm_storage_container.windows.65": {
                    "type": "azurerm_storage_container",
                    "depends_on": [
                        "azurerm_resource_group.global",
                        "azurerm_storage_account.global"
                    ],
                    "primary": {
                        "id": "windows-66-storage",
                        "attributes": {
                            "container_access_type": "private",
                            "id": "windows-66-storage",
                            "name": "windows-66-storage",
                            "properties.%": "4",
                            "properties.last_modified": "Tue, 30 May 2017 09:03:11 GMT",
                            "properties.lease_duration": "",
                            "properties.lease_state": "available",
                            "properties.lease_status": "unlocked",
                            "resource_group_name": "mike-pa",
                            "storage_account_name": "mikepa"
                        },
                        "meta": {},
                        "tainted": false
                    },
                    "deposed": [],
                    "provider": ""
                },
                "azurerm_storage_container.windows.66": {
                    "type": "azurerm_storage_container",
                    "depends_on": [
                        "azurerm_resource_group.global",
                        "azurerm_storage_account.global"
                    ],
                    "primary": {
                        "id": "windows-67-storage",
                        "attributes": {
                            "container_access_type": "private",
                            "id": "windows-67-storage",
                            "name": "windows-67-storage",
                            "properties.%": "4",
                            "properties.last_modified": "Tue, 30 May 2017 09:03:01 GMT",
                            "properties.lease_duration": "",
                            "properties.lease_state": "available",
                            "properties.lease_status": "unlocked",
                            "resource_group_name": "mike-pa",
                            "storage_account_name": "mikepa"
                        },
                        "meta": {},
                        "tainted": false
                    },
                    "deposed": [],
                    "provider": ""
                },
                "azurerm_storage_container.windows.67": {
                    "type": "azurerm_storage_container",
                    "depends_on": [
                        "azurerm_resource_group.global",
                        "azurerm_storage_account.global"
                    ],
                    "primary": {
                        "id": "windows-68-storage",
                        "attributes": {
                            "container_access_type": "private",
                            "id": "windows-68-storage",
                            "name": "windows-68-storage",
                            "properties.%": "4",
                            "properties.last_modified": "Tue, 30 May 2017 09:03:14 GMT",
                            "properties.lease_duration": "",
                            "properties.lease_state": "available",
                            "properties.lease_status": "unlocked",
                            "resource_group_name": "mike-pa",
                            "storage_account_name": "mikepa"
                        },
                        "meta": {},
                        "tainted": false
                    },
                    "deposed": [],
                    "provider": ""
                },
                "azurerm_storage_container.windows.68": {
                    "type": "azurerm_storage_container",
                    "depends_on": [
                        "azurerm_resource_group.global",
                        "azurerm_storage_account.global"
                    ],
                    "primary": {
                        "id": "windows-69-storage",
                        "attributes": {
                            "container_access_type": "private",
                            "id": "windows-69-storage",
                            "name": "windows-69-storage",
                            "properties.%": "4",
                            "properties.last_modified": "Tue, 30 May 2017 09:02:59 GMT",
                            "properties.lease_duration": "",
                            "properties.lease_state": "available",
                            "properties.lease_status": "unlocked",
                            "resource_group_name": "mike-pa",
                            "storage_account_name": "mikepa"
                        },
                        "meta": {},
                        "tainted": false
                    },
                    "deposed": [],
                    "provider": ""
                },
                "azurerm_storage_container.windows.69": {
                    "type": "azurerm_storage_container",
                    "depends_on": [
                        "azurerm_resource_group.global",
                        "azurerm_storage_account.global"
                    ],
                    "primary": {
                        "id": "windows-70-storage",
                        "attributes": {
                            "container_access_type": "private",
                            "id": "windows-70-storage",
                            "name": "windows-70-storage",
                            "properties.%": "4",
                            "properties.last_modified": "Tue, 30 May 2017 09:03:10 GMT",
                            "properties.lease_duration": "",
                            "properties.lease_state": "available",
                            "properties.lease_status": "unlocked",
                            "resource_group_name": "mike-pa",
                            "storage_account_name": "mikepa"
                        },
                        "meta": {},
                        "tainted": false
                    },
                    "deposed": [],
                    "provider": ""
                },
                "azurerm_storage_container.windows.7": {
                    "type": "azurerm_storage_container",
                    "depends_on": [
                        "azurerm_resource_group.global",
                        "azurerm_storage_account.global"
                    ],
                    "primary": {
                        "id": "windows-08-storage",
                        "attributes": {
                            "container_access_type": "private",
                            "id": "windows-08-storage",
                            "name": "windows-08-storage",
                            "properties.%": "4",
                            "properties.last_modified": "Tue, 30 May 2017 09:03:08 GMT",
                            "properties.lease_duration": "",
                            "properties.lease_state": "available",
                            "properties.lease_status": "unlocked",
                            "resource_group_name": "mike-pa",
                            "storage_account_name": "mikepa"
                        },
                        "meta": {},
                        "tainted": false
                    },
                    "deposed": [],
                    "provider": ""
                },
                "azurerm_storage_container.windows.70": {
                    "type": "azurerm_storage_container",
                    "depends_on": [
                        "azurerm_resource_group.global",
                        "azurerm_storage_account.global"
                    ],
                    "primary": {
                        "id": "windows-71-storage",
                        "attributes": {
                            "container_access_type": "private",
                            "id": "windows-71-storage",
                            "name": "windows-71-storage",
                            "properties.%": "4",
                            "properties.last_modified": "Tue, 30 May 2017 09:02:59 GMT",
                            "properties.lease_duration": "",
                            "properties.lease_state": "available",
                            "properties.lease_status": "unlocked",
                            "resource_group_name": "mike-pa",
                            "storage_account_name": "mikepa"
                        },
                        "meta": {},
                        "tainted": false
                    },
                    "deposed": [],
                    "provider": ""
                },
                "azurerm_storage_container.windows.71": {
                    "type": "azurerm_storage_container",
                    "depends_on": [
                        "azurerm_resource_group.global",
                        "azurerm_storage_account.global"
                    ],
                    "primary": {
                        "id": "windows-72-storage",
                        "attributes": {
                            "container_access_type": "private",
                            "id": "windows-72-storage",
                            "name": "windows-72-storage",
                            "properties.%": "4",
                            "properties.last_modified": "Tue, 30 May 2017 09:03:09 GMT",
                            "properties.lease_duration": "",
                            "properties.lease_state": "available",
                            "properties.lease_status": "unlocked",
                            "resource_group_name": "mike-pa",
                            "storage_account_name": "mikepa"
                        },
                        "meta": {},
                        "tainted": false
                    },
                    "deposed": [],
                    "provider": ""
                },
                "azurerm_storage_container.windows.72": {
                    "type": "azurerm_storage_container",
                    "depends_on": [
                        "azurerm_resource_group.global",
                        "azurerm_storage_account.global"
                    ],
                    "primary": {
                        "id": "windows-73-storage",
                        "attributes": {
                            "container_access_type": "private",
                            "id": "windows-73-storage",
                            "name": "windows-73-storage",
                            "properties.%": "4",
                            "properties.last_modified": "Tue, 30 May 2017 09:02:59 GMT",
                            "properties.lease_duration": "",
                            "properties.lease_state": "available",
                            "properties.lease_status": "unlocked",
                            "resource_group_name": "mike-pa",
                            "storage_account_name": "mikepa"
                        },
                        "meta": {},
                        "tainted": false
                    },
                    "deposed": [],
                    "provider": ""
                },
                "azurerm_storage_container.windows.73": {
                    "type": "azurerm_storage_container",
                    "depends_on": [
                        "azurerm_resource_group.global",
                        "azurerm_storage_account.global"
                    ],
                    "primary": {
                        "id": "windows-74-storage",
                        "attributes": {
                            "container_access_type": "private",
                            "id": "windows-74-storage",
                            "name": "windows-74-storage",
                            "properties.%": "4",
                            "properties.last_modified": "Tue, 30 May 2017 09:03:03 GMT",
                            "properties.lease_duration": "",
                            "properties.lease_state": "available",
                            "properties.lease_status": "unlocked",
                            "resource_group_name": "mike-pa",
                            "storage_account_name": "mikepa"
                        },
                        "meta": {},
                        "tainted": false
                    },
                    "deposed": [],
                    "provider": ""
                },
                "azurerm_storage_container.windows.74": {
                    "type": "azurerm_storage_container",
                    "depends_on": [
                        "azurerm_resource_group.global",
                        "azurerm_storage_account.global"
                    ],
                    "primary": {
                        "id": "windows-75-storage",
                        "attributes": {
                            "container_access_type": "private",
                            "id": "windows-75-storage",
                            "name": "windows-75-storage",
                            "properties.%": "4",
                            "properties.last_modified": "Tue, 30 May 2017 09:03:13 GMT",
                            "properties.lease_duration": "",
                            "properties.lease_state": "available",
                            "properties.lease_status": "unlocked",
                            "resource_group_name": "mike-pa",
                            "storage_account_name": "mikepa"
                        },
                        "meta": {},
                        "tainted": false
                    },
                    "deposed": [],
                    "provider": ""
                },
                "azurerm_storage_container.windows.75": {
                    "type": "azurerm_storage_container",
                    "depends_on": [
                        "azurerm_resource_group.global",
                        "azurerm_storage_account.global"
                    ],
                    "primary": {
                        "id": "windows-76-storage",
                        "attributes": {
                            "container_access_type": "private",
                            "id": "windows-76-storage",
                            "name": "windows-76-storage",
                            "properties.%": "4",
                            "properties.last_modified": "Tue, 30 May 2017 09:03:04 GMT",
                            "properties.lease_duration": "",
                            "properties.lease_state": "available",
                            "properties.lease_status": "unlocked",
                            "resource_group_name": "mike-pa",
                            "storage_account_name": "mikepa"
                        },
                        "meta": {},
                        "tainted": false
                    },
                    "deposed": [],
                    "provider": ""
                },
                "azurerm_storage_container.windows.76": {
                    "type": "azurerm_storage_container",
                    "depends_on": [
                        "azurerm_resource_group.global",
                        "azurerm_storage_account.global"
                    ],
                    "primary": {
                        "id": "windows-77-storage",
                        "attributes": {
                            "container_access_type": "private",
                            "id": "windows-77-storage",
                            "name": "windows-77-storage",
                            "properties.%": "4",
                            "properties.last_modified": "Tue, 30 May 2017 09:03:09 GMT",
                            "properties.lease_duration": "",
                            "properties.lease_state": "available",
                            "properties.lease_status": "unlocked",
                            "resource_group_name": "mike-pa",
                            "storage_account_name": "mikepa"
                        },
                        "meta": {},
                        "tainted": false
                    },
                    "deposed": [],
                    "provider": ""
                },
                "azurerm_storage_container.windows.77": {
                    "type": "azurerm_storage_container",
                    "depends_on": [
                        "azurerm_resource_group.global",
                        "azurerm_storage_account.global"
                    ],
                    "primary": {
                        "id": "windows-78-storage",
                        "attributes": {
                            "container_access_type": "private",
                            "id": "windows-78-storage",
                            "name": "windows-78-storage",
                            "properties.%": "4",
                            "properties.last_modified": "Tue, 30 May 2017 09:03:00 GMT",
                            "properties.lease_duration": "",
                            "properties.lease_state": "available",
                            "properties.lease_status": "unlocked",
                            "resource_group_name": "mike-pa",
                            "storage_account_name": "mikepa"
                        },
                        "meta": {},
                        "tainted": false
                    },
                    "deposed": [],
                    "provider": ""
                },
                "azurerm_storage_container.windows.78": {
                    "type": "azurerm_storage_container",
                    "depends_on": [
                        "azurerm_resource_group.global",
                        "azurerm_storage_account.global"
                    ],
                    "primary": {
                        "id": "windows-79-storage",
                        "attributes": {
                            "container_access_type": "private",
                            "id": "windows-79-storage",
                            "name": "windows-79-storage",
                            "properties.%": "4",
                            "properties.last_modified": "Tue, 30 May 2017 09:03:09 GMT",
                            "properties.lease_duration": "",
                            "properties.lease_state": "available",
                            "properties.lease_status": "unlocked",
                            "resource_group_name": "mike-pa",
                            "storage_account_name": "mikepa"
                        },
                        "meta": {},
                        "tainted": false
                    },
                    "deposed": [],
                    "provider": ""
                },
                "azurerm_storage_container.windows.79": {
                    "type": "azurerm_storage_container",
                    "depends_on": [
                        "azurerm_resource_group.global",
                        "azurerm_storage_account.global"
                    ],
                    "primary": {
                        "id": "windows-80-storage",
                        "attributes": {
                            "container_access_type": "private",
                            "id": "windows-80-storage",
                            "name": "windows-80-storage",
                            "properties.%": "4",
                            "properties.last_modified": "Tue, 30 May 2017 09:03:08 GMT",
                            "properties.lease_duration": "",
                            "properties.lease_state": "available",
                            "properties.lease_status": "unlocked",
                            "resource_group_name": "mike-pa",
                            "storage_account_name": "mikepa"
                        },
                        "meta": {},
                        "tainted": false
                    },
                    "deposed": [],
                    "provider": ""
                },
                "azurerm_storage_container.windows.8": {
                    "type": "azurerm_storage_container",
                    "depends_on": [
                        "azurerm_resource_group.global",
                        "azurerm_storage_account.global"
                    ],
                    "primary": {
                        "id": "windows-09-storage",
                        "attributes": {
                            "container_access_type": "private",
                            "id": "windows-09-storage",
                            "name": "windows-09-storage",
                            "properties.%": "4",
                            "properties.last_modified": "Tue, 30 May 2017 09:03:04 GMT",
                            "properties.lease_duration": "",
                            "properties.lease_state": "available",
                            "properties.lease_status": "unlocked",
                            "resource_group_name": "mike-pa",
                            "storage_account_name": "mikepa"
                        },
                        "meta": {},
                        "tainted": false
                    },
                    "deposed": [],
                    "provider": ""
                },
                "azurerm_storage_container.windows.80": {
                    "type": "azurerm_storage_container",
                    "depends_on": [
                        "azurerm_resource_group.global",
                        "azurerm_storage_account.global"
                    ],
                    "primary": {
                        "id": "windows-81-storage",
                        "attributes": {
                            "container_access_type": "private",
                            "id": "windows-81-storage",
                            "name": "windows-81-storage",
                            "properties.%": "4",
                            "properties.last_modified": "Tue, 30 May 2017 09:03:03 GMT",
                            "properties.lease_duration": "",
                            "properties.lease_state": "available",
                            "properties.lease_status": "unlocked",
                            "resource_group_name": "mike-pa",
                            "storage_account_name": "mikepa"
                        },
                        "meta": {},
                        "tainted": false
                    },
                    "deposed": [],
                    "provider": ""
                },
                "azurerm_storage_container.windows.81": {
                    "type": "azurerm_storage_container",
                    "depends_on": [
                        "azurerm_resource_group.global",
                        "azurerm_storage_account.global"
                    ],
                    "primary": {
                        "id": "windows-82-storage",
                        "attributes": {
                            "container_access_type": "private",
                            "id": "windows-82-storage",
                            "name": "windows-82-storage",
                            "properties.%": "4",
                            "properties.last_modified": "Tue, 30 May 2017 09:03:08 GMT",
                            "properties.lease_duration": "",
                            "properties.lease_state": "available",
                            "properties.lease_status": "unlocked",
                            "resource_group_name": "mike-pa",
                            "storage_account_name": "mikepa"
                        },
                        "meta": {},
                        "tainted": false
                    },
                    "deposed": [],
                    "provider": ""
                },
                "azurerm_storage_container.windows.82": {
                    "type": "azurerm_storage_container",
                    "depends_on": [
                        "azurerm_resource_group.global",
                        "azurerm_storage_account.global"
                    ],
                    "primary": {
                        "id": "windows-83-storage",
                        "attributes": {
                            "container_access_type": "private",
                            "id": "windows-83-storage",
                            "name": "windows-83-storage",
                            "properties.%": "4",
                            "properties.last_modified": "Tue, 30 May 2017 09:03:01 GMT",
                            "properties.lease_duration": "",
                            "properties.lease_state": "available",
                            "properties.lease_status": "unlocked",
                            "resource_group_name": "mike-pa",
                            "storage_account_name": "mikepa"
                        },
                        "meta": {},
                        "tainted": false
                    },
                    "deposed": [],
                    "provider": ""
                },
                "azurerm_storage_container.windows.83": {
                    "type": "azurerm_storage_container",
                    "depends_on": [
                        "azurerm_resource_group.global",
                        "azurerm_storage_account.global"
                    ],
                    "primary": {
                        "id": "windows-84-storage",
                        "attributes": {
                            "container_access_type": "private",
                            "id": "windows-84-storage",
                            "name": "windows-84-storage",
                            "properties.%": "4",
                            "properties.last_modified": "Tue, 30 May 2017 09:03:07 GMT",
                            "properties.lease_duration": "",
                            "properties.lease_state": "available",
                            "properties.lease_status": "unlocked",
                            "resource_group_name": "mike-pa",
                            "storage_account_name": "mikepa"
                        },
                        "meta": {},
                        "tainted": false
                    },
                    "deposed": [],
                    "provider": ""
                },
                "azurerm_storage_container.windows.84": {
                    "type": "azurerm_storage_container",
                    "depends_on": [
                        "azurerm_resource_group.global",
                        "azurerm_storage_account.global"
                    ],
                    "primary": {
                        "id": "windows-85-storage",
                        "attributes": {
                            "container_access_type": "private",
                            "id": "windows-85-storage",
                            "name": "windows-85-storage",
                            "properties.%": "4",
                            "properties.last_modified": "Tue, 30 May 2017 09:03:06 GMT",
                            "properties.lease_duration": "",
                            "properties.lease_state": "available",
                            "properties.lease_status": "unlocked",
                            "resource_group_name": "mike-pa",
                            "storage_account_name": "mikepa"
                        },
                        "meta": {},
                        "tainted": false
                    },
                    "deposed": [],
                    "provider": ""
                },
                "azurerm_storage_container.windows.85": {
                    "type": "azurerm_storage_container",
                    "depends_on": [
                        "azurerm_resource_group.global",
                        "azurerm_storage_account.global"
                    ],
                    "primary": {
                        "id": "windows-86-storage",
                        "attributes": {
                            "container_access_type": "private",
                            "id": "windows-86-storage",
                            "name": "windows-86-storage",
                            "properties.%": "4",
                            "properties.last_modified": "Tue, 30 May 2017 09:02:59 GMT",
                            "properties.lease_duration": "",
                            "properties.lease_state": "available",
                            "properties.lease_status": "unlocked",
                            "resource_group_name": "mike-pa",
                            "storage_account_name": "mikepa"
                        },
                        "meta": {},
                        "tainted": false
                    },
                    "deposed": [],
                    "provider": ""
                },
                "azurerm_storage_container.windows.86": {
                    "type": "azurerm_storage_container",
                    "depends_on": [
                        "azurerm_resource_group.global",
                        "azurerm_storage_account.global"
                    ],
                    "primary": {
                        "id": "windows-87-storage",
                        "attributes": {
                            "container_access_type": "private",
                            "id": "windows-87-storage",
                            "name": "windows-87-storage",
                            "properties.%": "4",
                            "properties.last_modified": "Tue, 30 May 2017 09:03:06 GMT",
                            "properties.lease_duration": "",
                            "properties.lease_state": "available",
                            "properties.lease_status": "unlocked",
                            "resource_group_name": "mike-pa",
                            "storage_account_name": "mikepa"
                        },
                        "meta": {},
                        "tainted": false
                    },
                    "deposed": [],
                    "provider": ""
                },
                "azurerm_storage_container.windows.87": {
                    "type": "azurerm_storage_container",
                    "depends_on": [
                        "azurerm_resource_group.global",
                        "azurerm_storage_account.global"
                    ],
                    "primary": {
                        "id": "windows-88-storage",
                        "attributes": {
                            "container_access_type": "private",
                            "id": "windows-88-storage",
                            "name": "windows-88-storage",
                            "properties.%": "4",
                            "properties.last_modified": "Tue, 30 May 2017 09:03:02 GMT",
                            "properties.lease_duration": "",
                            "properties.lease_state": "available",
                            "properties.lease_status": "unlocked",
                            "resource_group_name": "mike-pa",
                            "storage_account_name": "mikepa"
                        },
                        "meta": {},
                        "tainted": false
                    },
                    "deposed": [],
                    "provider": ""
                },
                "azurerm_storage_container.windows.88": {
                    "type": "azurerm_storage_container",
                    "depends_on": [
                        "azurerm_resource_group.global",
                        "azurerm_storage_account.global"
                    ],
                    "primary": {
                        "id": "windows-89-storage",
                        "attributes": {
                            "container_access_type": "private",
                            "id": "windows-89-storage",
                            "name": "windows-89-storage",
                            "properties.%": "4",
                            "properties.last_modified": "Tue, 30 May 2017 09:03:11 GMT",
                            "properties.lease_duration": "",
                            "properties.lease_state": "available",
                            "properties.lease_status": "unlocked",
                            "resource_group_name": "mike-pa",
                            "storage_account_name": "mikepa"
                        },
                        "meta": {},
                        "tainted": false
                    },
                    "deposed": [],
                    "provider": ""
                },
                "azurerm_storage_container.windows.89": {
                    "type": "azurerm_storage_container",
                    "depends_on": [
                        "azurerm_resource_group.global",
                        "azurerm_storage_account.global"
                    ],
                    "primary": {
                        "id": "windows-90-storage",
                        "attributes": {
                            "container_access_type": "private",
                            "id": "windows-90-storage",
                            "name": "windows-90-storage",
                            "properties.%": "4",
                            "properties.last_modified": "Tue, 30 May 2017 09:03:08 GMT",
                            "properties.lease_duration": "",
                            "properties.lease_state": "available",
                            "properties.lease_status": "unlocked",
                            "resource_group_name": "mike-pa",
                            "storage_account_name": "mikepa"
                        },
                        "meta": {},
                        "tainted": false
                    },
                    "deposed": [],
                    "provider": ""
                },
                "azurerm_storage_container.windows.9": {
                    "type": "azurerm_storage_container",
                    "depends_on": [
                        "azurerm_resource_group.global",
                        "azurerm_storage_account.global"
                    ],
                    "primary": {
                        "id": "windows-10-storage",
                        "attributes": {
                            "container_access_type": "private",
                            "id": "windows-10-storage",
                            "name": "windows-10-storage",
                            "properties.%": "4",
                            "properties.last_modified": "Tue, 30 May 2017 09:03:09 GMT",
                            "properties.lease_duration": "",
                            "properties.lease_state": "available",
                            "properties.lease_status": "unlocked",
                            "resource_group_name": "mike-pa",
                            "storage_account_name": "mikepa"
                        },
                        "meta": {},
                        "tainted": false
                    },
                    "deposed": [],
                    "provider": ""
                },
                "azurerm_storage_container.windows.90": {
                    "type": "azurerm_storage_container",
                    "depends_on": [
                        "azurerm_resource_group.global",
                        "azurerm_storage_account.global"
                    ],
                    "primary": {
                        "id": "windows-91-storage",
                        "attributes": {
                            "container_access_type": "private",
                            "id": "windows-91-storage",
                            "name": "windows-91-storage",
                            "properties.%": "4",
                            "properties.last_modified": "Tue, 30 May 2017 09:03:12 GMT",
                            "properties.lease_duration": "",
                            "properties.lease_state": "available",
                            "properties.lease_status": "unlocked",
                            "resource_group_name": "mike-pa",
                            "storage_account_name": "mikepa"
                        },
                        "meta": {},
                        "tainted": false
                    },
                    "deposed": [],
                    "provider": ""
                },
                "azurerm_storage_container.windows.91": {
                    "type": "azurerm_storage_container",
                    "depends_on": [
                        "azurerm_resource_group.global",
                        "azurerm_storage_account.global"
                    ],
                    "primary": {
                        "id": "windows-92-storage",
                        "attributes": {
                            "container_access_type": "private",
                            "id": "windows-92-storage",
                            "name": "windows-92-storage",
                            "properties.%": "4",
                            "properties.last_modified": "Tue, 30 May 2017 09:03:05 GMT",
                            "properties.lease_duration": "",
                            "properties.lease_state": "available",
                            "properties.lease_status": "unlocked",
                            "resource_group_name": "mike-pa",
                            "storage_account_name": "mikepa"
                        },
                        "meta": {},
                        "tainted": false
                    },
                    "deposed": [],
                    "provider": ""
                },
                "azurerm_storage_container.windows.92": {
                    "type": "azurerm_storage_container",
                    "depends_on": [
                        "azurerm_resource_group.global",
                        "azurerm_storage_account.global"
                    ],
                    "primary": {
                        "id": "windows-93-storage",
                        "attributes": {
                            "container_access_type": "private",
                            "id": "windows-93-storage",
                            "name": "windows-93-storage",
                            "properties.%": "4",
                            "properties.last_modified": "Tue, 30 May 2017 09:02:58 GMT",
                            "properties.lease_duration": "",
                            "properties.lease_state": "available",
                            "properties.lease_status": "unlocked",
                            "resource_group_name": "mike-pa",
                            "storage_account_name": "mikepa"
                        },
                        "meta": {},
                        "tainted": false
                    },
                    "deposed": [],
                    "provider": ""
                },
                "azurerm_storage_container.windows.93": {
                    "type": "azurerm_storage_container",
                    "depends_on": [
                        "azurerm_resource_group.global",
                        "azurerm_storage_account.global"
                    ],
                    "primary": {
                        "id": "windows-94-storage",
                        "attributes": {
                            "container_access_type": "private",
                            "id": "windows-94-storage",
                            "name": "windows-94-storage",
                            "properties.%": "4",
                            "properties.last_modified": "Tue, 30 May 2017 09:03:06 GMT",
                            "properties.lease_duration": "",
                            "properties.lease_state": "available",
                            "properties.lease_status": "unlocked",
                            "resource_group_name": "mike-pa",
                            "storage_account_name": "mikepa"
                        },
                        "meta": {},
                        "tainted": false
                    },
                    "deposed": [],
                    "provider": ""
                },
                "azurerm_storage_container.windows.94": {
                    "type": "azurerm_storage_container",
                    "depends_on": [
                        "azurerm_resource_group.global",
                        "azurerm_storage_account.global"
                    ],
                    "primary": {
                        "id": "windows-95-storage",
                        "attributes": {
                            "container_access_type": "private",
                            "id": "windows-95-storage",
                            "name": "windows-95-storage",
                            "properties.%": "4",
                            "properties.last_modified": "Tue, 30 May 2017 09:03:13 GMT",
                            "properties.lease_duration": "",
                            "properties.lease_state": "available",
                            "properties.lease_status": "unlocked",
                            "resource_group_name": "mike-pa",
                            "storage_account_name": "mikepa"
                        },
                        "meta": {},
                        "tainted": false
                    },
                    "deposed": [],
                    "provider": ""
                },
                "azurerm_storage_container.windows.95": {
                    "type": "azurerm_storage_container",
                    "depends_on": [
                        "azurerm_resource_group.global",
                        "azurerm_storage_account.global"
                    ],
                    "primary": {
                        "id": "windows-96-storage",
                        "attributes": {
                            "container_access_type": "private",
                            "id": "windows-96-storage",
                            "name": "windows-96-storage",
                            "properties.%": "4",
                            "properties.last_modified": "Tue, 30 May 2017 09:02:58 GMT",
                            "properties.lease_duration": "",
                            "properties.lease_state": "available",
                            "properties.lease_status": "unlocked",
                            "resource_group_name": "mike-pa",
                            "storage_account_name": "mikepa"
                        },
                        "meta": {},
                        "tainted": false
                    },
                    "deposed": [],
                    "provider": ""
                },
                "azurerm_storage_container.windows.96": {
                    "type": "azurerm_storage_container",
                    "depends_on": [
                        "azurerm_resource_group.global",
                        "azurerm_storage_account.global"
                    ],
                    "primary": {
                        "id": "windows-97-storage",
                        "attributes": {
                            "container_access_type": "private",
                            "id": "windows-97-storage",
                            "name": "windows-97-storage",
                            "properties.%": "4",
                            "properties.last_modified": "Tue, 30 May 2017 09:03:03 GMT",
                            "properties.lease_duration": "",
                            "properties.lease_state": "available",
                            "properties.lease_status": "unlocked",
                            "resource_group_name": "mike-pa",
                            "storage_account_name": "mikepa"
                        },
                        "meta": {},
                        "tainted": false
                    },
                    "deposed": [],
                    "provider": ""
                },
                "azurerm_storage_container.windows.97": {
                    "type": "azurerm_storage_container",
                    "depends_on": [
                        "azurerm_resource_group.global",
                        "azurerm_storage_account.global"
                    ],
                    "primary": {
                        "id": "windows-98-storage",
                        "attributes": {
                            "container_access_type": "private",
                            "id": "windows-98-storage",
                            "name": "windows-98-storage",
                            "properties.%": "4",
                            "properties.last_modified": "Tue, 30 May 2017 09:02:58 GMT",
                            "properties.lease_duration": "",
                            "properties.lease_state": "available",
                            "properties.lease_status": "unlocked",
                            "resource_group_name": "mike-pa",
                            "storage_account_name": "mikepa"
                        },
                        "meta": {},
                        "tainted": false
                    },
                    "deposed": [],
                    "provider": ""
                },
                "azurerm_storage_container.windows.98": {
                    "type": "azurerm_storage_container",
                    "depends_on": [
                        "azurerm_resource_group.global",
                        "azurerm_storage_account.global"
                    ],
                    "primary": {
                        "id": "windows-99-storage",
                        "attributes": {
                            "container_access_type": "private",
                            "id": "windows-99-storage",
                            "name": "windows-99-storage",
                            "properties.%": "4",
                            "properties.last_modified": "Tue, 30 May 2017 09:03:01 GMT",
                            "properties.lease_duration": "",
                            "properties.lease_state": "available",
                            "properties.lease_status": "unlocked",
                            "resource_group_name": "mike-pa",
                            "storage_account_name": "mikepa"
                        },
                        "meta": {},
                        "tainted": false
                    },
                    "deposed": [],
                    "provider": ""
                },
                "azurerm_storage_container.windows.99": {
                    "type": "azurerm_storage_container",
                    "depends_on": [
                        "azurerm_resource_group.global",
                        "azurerm_storage_account.global"
                    ],
                    "primary": {
                        "id": "windows-100-storage",
                        "attributes": {
                            "container_access_type": "private",
                            "id": "windows-100-storage",
                            "name": "windows-100-storage",
                            "properties.%": "4",
                            "properties.last_modified": "Tue, 30 May 2017 09:03:12 GMT",
                            "properties.lease_duration": "",
                            "properties.lease_state": "available",
                            "properties.lease_status": "unlocked",
                            "resource_group_name": "mike-pa",
                            "storage_account_name": "mikepa"
                        },
                        "meta": {},
                        "tainted": false
                    },
                    "deposed": [],
                    "provider": ""
                },
                "azurerm_subnet.workshop": {
                    "type": "azurerm_subnet",
                    "depends_on": [
                        "azurerm_resource_group.global",
                        "azurerm_virtual_network.workshop"
                    ],
                    "primary": {
                        "id": "/subscriptions/d5d89bd9-4ef0-4187-a4ed-5de123bd9520/resourceGroups/mike-pa/providers/Microsoft.Network/virtualNetworks/workshop-virtnet/subnets/workshop-01-sn",
                        "attributes": {
                            "address_prefix": "10.0.2.0/24",
                            "id": "/subscriptions/d5d89bd9-4ef0-4187-a4ed-5de123bd9520/resourceGroups/mike-pa/providers/Microsoft.Network/virtualNetworks/workshop-virtnet/subnets/workshop-01-sn",
                            "ip_configurations.#": "0",
                            "name": "workshop-01-sn",
                            "resource_group_name": "mike-pa",
                            "virtual_network_name": "workshop-virtnet"
                        },
                        "meta": {},
                        "tainted": false
                    },
                    "deposed": [],
                    "provider": ""
                },
                "azurerm_virtual_network.workshop": {
                    "type": "azurerm_virtual_network",
                    "depends_on": [
                        "azurerm_resource_group.global"
                    ],
                    "primary": {
                        "id": "/subscriptions/d5d89bd9-4ef0-4187-a4ed-5de123bd9520/resourceGroups/mike-pa/providers/Microsoft.Network/virtualNetworks/workshop-virtnet",
                        "attributes": {
                            "address_space.#": "1",
                            "address_space.0": "10.0.0.0/16",
                            "dns_servers.#": "0",
                            "id": "/subscriptions/d5d89bd9-4ef0-4187-a4ed-5de123bd9520/resourceGroups/mike-pa/providers/Microsoft.Network/virtualNetworks/workshop-virtnet",
                            "location": "westus2",
                            "name": "workshop-virtnet",
                            "resource_group_name": "mike-pa",
                            "subnet.#": "0",
                            "tags.%": "0"
                        },
                        "meta": {},
                        "tainted": false
                    },
                    "deposed": [],
                    "provider": ""
                }
            },
            "depends_on": []
        }
    ]
}
